
Microsoft Visual Studio Solution File, Format Version 12.00
# Visual Studio Version 16
VisualStudioVersion = 16.0.29009.5
MinimumVisualStudioVersion = 10.0.40219.1
Project("{2150E333-8FDC-42A3-9474-1A3956D46DE8}") = "Fundamentals", "Fundamentals", "{BE84823A-BB36-49FB-91B2-9459FC999CD6}"
EndProject
Project("{2150E333-8FDC-42A3-9474-1A3956D46DE8}") = "Web", "Web", "{2C9AB064-1056-42E5-B27B-2DA0A8A806E4}"
EndProject
Project("{2150E333-8FDC-42A3-9474-1A3956D46DE8}") = "MVC", "MVC", "{3EECDD2F-B190-4F62-8674-7D3D3668C8CC}"
EndProject
Project("{2150E333-8FDC-42A3-9474-1A3956D46DE8}") = "RazorPages", "RazorPages", "{02197F0A-B4A8-4ACE-B169-03BA1AC90D27}"
EndProject
Project("{2150E333-8FDC-42A3-9474-1A3956D46DE8}") = "WebAPI", "WebAPI", "{C2580679-29FF-45CE-9E71-DCD638DBD11B}"
EndProject
Project("{2150E333-8FDC-42A3-9474-1A3956D46DE8}") = "Blazor", "Blazor", "{C1722159-C48D-4AC4-88D5-BB3D827A6C19}"
EndProject
Project("{2150E333-8FDC-42A3-9474-1A3956D46DE8}") = "Configuration ( 配置 )", "Configuration ( 配置 )", "{466AF1CA-8437-4F9B-914A-CB1A5B2F267A}"
EndProject
Project("{9A19103F-16F7-4668-BE54-9A1E7A4F7556}") = "Docs.Configuration.Sample", "Docs.Configuration.Sample\Docs.Configuration.Sample.csproj", "{606DEB19-4771-4CD0-9FB1-4D677919DF55}"
EndProject
Project("{2150E333-8FDC-42A3-9474-1A3956D46DE8}") = "Options（选项）", "Options（选项）", "{F01FFD9D-B0AD-446D-A46C-0A25DB3D9181}"
EndProject
Project("{9A19103F-16F7-4668-BE54-9A1E7A4F7556}") = "Docs.Options.Sample", "Docs.Options.Sample\Docs.Options.Sample.csproj", "{D2A23127-7F02-475B-94A4-9CAC1AD18941}"
EndProject
Project("{2150E333-8FDC-42A3-9474-1A3956D46DE8}") = "Dependency Injection ( 依赖注入 )", "Dependency Injection ( 依赖注入 )", "{EBF21C94-6807-4A6B-A34A-F92312AA336B}"
EndProject
Project("{9A19103F-16F7-4668-BE54-9A1E7A4F7556}") = "Docs.DependencyInjection.Sample", "Docs.DependencyInjection.Sample\Docs.DependencyInjection.Sample.csproj", "{1BD01275-7232-47FA-9850-FF70CBCA5FBD}"
EndProject
Project("{2150E333-8FDC-42A3-9474-1A3956D46DE8}") = "Host ( 主机 )", "Host ( 主机 )", "{DBFFCC19-8025-424D-B6A7-297C444D06A0}"
EndProject
Project("{2150E333-8FDC-42A3-9474-1A3956D46DE8}") = "Startup ( 应用启动 )", "Startup ( 应用启动 )", "{2DD04CD9-9829-4C51-8A99-93A4E7706E9C}"
EndProject
Global
	GlobalSection(SolutionConfigurationPlatforms) = preSolution
		Debug|Any CPU = Debug|Any CPU
		Release|Any CPU = Release|Any CPU
	EndGlobalSection
	GlobalSection(ProjectConfigurationPlatforms) = postSolution
		{606DEB19-4771-4CD0-9FB1-4D677919DF55}.Debug|Any CPU.ActiveCfg = Debug|Any CPU
		{606DEB19-4771-4CD0-9FB1-4D677919DF55}.Debug|Any CPU.Build.0 = Debug|Any CPU
		{606DEB19-4771-4CD0-9FB1-4D677919DF55}.Release|Any CPU.ActiveCfg = Release|Any CPU
		{606DEB19-4771-4CD0-9FB1-4D677919DF55}.Release|Any CPU.Build.0 = Release|Any CPU
		{D2A23127-7F02-475B-94A4-9CAC1AD18941}.Debug|Any CPU.ActiveCfg = Debug|Any CPU
		{D2A23127-7F02-475B-94A4-9CAC1AD18941}.Debug|Any CPU.Build.0 = Debug|Any CPU
		{D2A23127-7F02-475B-94A4-9CAC1AD18941}.Release|Any CPU.ActiveCfg = Release|Any CPU
		{D2A23127-7F02-475B-94A4-9CAC1AD18941}.Release|Any CPU.Build.0 = Release|Any CPU
		{1BD01275-7232-47FA-9850-FF70CBCA5FBD}.Debug|Any CPU.ActiveCfg = Debug|Any CPU
		{1BD01275-7232-47FA-9850-FF70CBCA5FBD}.Debug|Any CPU.Build.0 = Debug|Any CPU
		{1BD01275-7232-47FA-9850-FF70CBCA5FBD}.Release|Any CPU.ActiveCfg = Release|Any CPU
		{1BD01275-7232-47FA-9850-FF70CBCA5FBD}.Release|Any CPU.Build.0 = Release|Any CPU
	EndGlobalSection
	GlobalSection(SolutionProperties) = preSolution
		HideSolutionNode = FALSE
	EndGlobalSection
	GlobalSection(NestedProjects) = preSolution
		{3EECDD2F-B190-4F62-8674-7D3D3668C8CC} = {2C9AB064-1056-42E5-B27B-2DA0A8A806E4}
		{02197F0A-B4A8-4ACE-B169-03BA1AC90D27} = {2C9AB064-1056-42E5-B27B-2DA0A8A806E4}
		{C2580679-29FF-45CE-9E71-DCD638DBD11B} = {2C9AB064-1056-42E5-B27B-2DA0A8A806E4}
		{C1722159-C48D-4AC4-88D5-BB3D827A6C19} = {2C9AB064-1056-42E5-B27B-2DA0A8A806E4}
		{466AF1CA-8437-4F9B-914A-CB1A5B2F267A} = {BE84823A-BB36-49FB-91B2-9459FC999CD6}
		{606DEB19-4771-4CD0-9FB1-4D677919DF55} = {466AF1CA-8437-4F9B-914A-CB1A5B2F267A}
		{F01FFD9D-B0AD-446D-A46C-0A25DB3D9181} = {BE84823A-BB36-49FB-91B2-9459FC999CD6}
		{D2A23127-7F02-475B-94A4-9CAC1AD18941} = {F01FFD9D-B0AD-446D-A46C-0A25DB3D9181}
		{EBF21C94-6807-4A6B-A34A-F92312AA336B} = {BE84823A-BB36-49FB-91B2-9459FC999CD6}
		{1BD01275-7232-47FA-9850-FF70CBCA5FBD} = {EBF21C94-6807-4A6B-A34A-F92312AA336B}
		{DBFFCC19-8025-424D-B6A7-297C444D06A0} = {BE84823A-BB36-49FB-91B2-9459FC999CD6}
		{2DD04CD9-9829-4C51-8A99-93A4E7706E9C} = {BE84823A-BB36-49FB-91B2-9459FC999CD6}
	EndGlobalSection
	GlobalSection(ExtensibilityGlobals) = postSolution
		SolutionGuid = {FBA7A2B6-D298-4C96-AD6E-5BF11B5B20E4}
	EndGlobalSection
EndGlobal
