
Microsoft Visual Studio Solution File, Format Version 12.00
# Visual Studio Version 17
VisualStudioVersion = 17.14.36310.24
MinimumVisualStudioVersion = 10.0.40219.1
Project("{2150E333-8FDC-42A3-9474-1A3956D46DE8}") = "PLC", "PLC", "{02EA681E-C7D8-13C7-8484-4AC65E1B71E8}"
EndProject
Project("{FAE04EC0-301F-11D3-BF4B-00C04F79EFBC}") = "PLC.Siemens.WpfApp", "PLC\PLC.Siemens.WpfApp\PLC.Siemens.WpfApp.csproj", "{0A97820D-0847-4A0B-B85A-5F82BAD1C295}"
EndProject
Project("{2150E333-8FDC-42A3-9474-1A3956D46DE8}") = "Modbus", "Modbus", "{22F4EA09-41FF-4B92-9C61-67D5AC959827}"
EndProject
Project("{FAE04EC0-301F-11D3-BF4B-00C04F79EFBC}") = "Modbus.RTU.App", "Modbus\Modbus.RTU.App\Modbus.RTU.App.csproj", "{B3822B21-E163-409B-8138-53E0CC60F453}"
EndProject
Project("{FAE04EC0-301F-11D3-BF4B-00C04F79EFBC}") = "Forms.Shared", "Forms.Shared\Forms.Shared.csproj", "{6BC616B6-16A3-4D3D-B196-BC847A067FB8}"
EndProject
Project("{2150E333-8FDC-42A3-9474-1A3956D46DE8}") = "Layout", "Layout", "{12CBDAD3-DB04-481D-BDDA-C09C015336F7}"
EndProject
Project("{FAE04EC0-301F-11D3-BF4B-00C04F79EFBC}") = "Layout.App", "Layout\Layout.App\Layout.App.csproj", "{EE4CE828-C6D0-4315-8FF8-7B27B67B2DF1}"
EndProject
Project("{2150E333-8FDC-42A3-9474-1A3956D46DE8}") = "xbd.ModbusPro", "xbd.ModbusPro", "{5AC7C100-D651-4A0E-A14D-8A0BB6D15325}"
EndProject
Project("{FAE04EC0-301F-11D3-BF4B-00C04F79EFBC}") = "xbd.ModbusPro", "Modbus\xbd.ModbusPro\xbd.ModbusPro\xbd.ModbusPro.csproj", "{6D83E914-EE8B-4975-81CA-325B272A0348}"
EndProject
Project("{FAE04EC0-301F-11D3-BF4B-00C04F79EFBC}") = "xbd.ModbusLib", "Modbus\xbd.ModbusPro\xbd.ModbusLib\xbd.ModbusLib.csproj", "{5AA4633F-B933-4BA5-97C6-68A854C73ACE}"
EndProject
Project("{FAE04EC0-301F-11D3-BF4B-00C04F79EFBC}") = "xbd.DataConvertLib", "Modbus\xbd.ModbusPro\xbd.DataConvertLib\xbd.DataConvertLib.csproj", "{867237AD-51F4-4CA5-AD32-D68844CC9101}"
EndProject
Global
	GlobalSection(SolutionConfigurationPlatforms) = preSolution
		Debug|Any CPU = Debug|Any CPU
		Release|Any CPU = Release|Any CPU
	EndGlobalSection
	GlobalSection(ProjectConfigurationPlatforms) = postSolution
		{0A97820D-0847-4A0B-B85A-5F82BAD1C295}.Debug|Any CPU.ActiveCfg = Debug|Any CPU
		{0A97820D-0847-4A0B-B85A-5F82BAD1C295}.Debug|Any CPU.Build.0 = Debug|Any CPU
		{0A97820D-0847-4A0B-B85A-5F82BAD1C295}.Release|Any CPU.ActiveCfg = Release|Any CPU
		{0A97820D-0847-4A0B-B85A-5F82BAD1C295}.Release|Any CPU.Build.0 = Release|Any CPU
		{B3822B21-E163-409B-8138-53E0CC60F453}.Debug|Any CPU.ActiveCfg = Debug|Any CPU
		{B3822B21-E163-409B-8138-53E0CC60F453}.Debug|Any CPU.Build.0 = Debug|Any CPU
		{B3822B21-E163-409B-8138-53E0CC60F453}.Release|Any CPU.ActiveCfg = Release|Any CPU
		{B3822B21-E163-409B-8138-53E0CC60F453}.Release|Any CPU.Build.0 = Release|Any CPU
		{6BC616B6-16A3-4D3D-B196-BC847A067FB8}.Debug|Any CPU.ActiveCfg = Debug|Any CPU
		{6BC616B6-16A3-4D3D-B196-BC847A067FB8}.Debug|Any CPU.Build.0 = Debug|Any CPU
		{6BC616B6-16A3-4D3D-B196-BC847A067FB8}.Release|Any CPU.ActiveCfg = Release|Any CPU
		{6BC616B6-16A3-4D3D-B196-BC847A067FB8}.Release|Any CPU.Build.0 = Release|Any CPU
		{EE4CE828-C6D0-4315-8FF8-7B27B67B2DF1}.Debug|Any CPU.ActiveCfg = Debug|Any CPU
		{EE4CE828-C6D0-4315-8FF8-7B27B67B2DF1}.Debug|Any CPU.Build.0 = Debug|Any CPU
		{EE4CE828-C6D0-4315-8FF8-7B27B67B2DF1}.Release|Any CPU.ActiveCfg = Release|Any CPU
		{EE4CE828-C6D0-4315-8FF8-7B27B67B2DF1}.Release|Any CPU.Build.0 = Release|Any CPU
		{6D83E914-EE8B-4975-81CA-325B272A0348}.Debug|Any CPU.ActiveCfg = Debug|Any CPU
		{6D83E914-EE8B-4975-81CA-325B272A0348}.Debug|Any CPU.Build.0 = Debug|Any CPU
		{6D83E914-EE8B-4975-81CA-325B272A0348}.Release|Any CPU.ActiveCfg = Release|Any CPU
		{6D83E914-EE8B-4975-81CA-325B272A0348}.Release|Any CPU.Build.0 = Release|Any CPU
		{5AA4633F-B933-4BA5-97C6-68A854C73ACE}.Debug|Any CPU.ActiveCfg = Debug|Any CPU
		{5AA4633F-B933-4BA5-97C6-68A854C73ACE}.Debug|Any CPU.Build.0 = Debug|Any CPU
		{5AA4633F-B933-4BA5-97C6-68A854C73ACE}.Release|Any CPU.ActiveCfg = Release|Any CPU
		{5AA4633F-B933-4BA5-97C6-68A854C73ACE}.Release|Any CPU.Build.0 = Release|Any CPU
		{867237AD-51F4-4CA5-AD32-D68844CC9101}.Debug|Any CPU.ActiveCfg = Debug|Any CPU
		{867237AD-51F4-4CA5-AD32-D68844CC9101}.Debug|Any CPU.Build.0 = Debug|Any CPU
		{867237AD-51F4-4CA5-AD32-D68844CC9101}.Release|Any CPU.ActiveCfg = Release|Any CPU
		{867237AD-51F4-4CA5-AD32-D68844CC9101}.Release|Any CPU.Build.0 = Release|Any CPU
	EndGlobalSection
	GlobalSection(SolutionProperties) = preSolution
		HideSolutionNode = FALSE
	EndGlobalSection
	GlobalSection(NestedProjects) = preSolution
		{0A97820D-0847-4A0B-B85A-5F82BAD1C295} = {02EA681E-C7D8-13C7-8484-4AC65E1B71E8}
		{B3822B21-E163-409B-8138-53E0CC60F453} = {22F4EA09-41FF-4B92-9C61-67D5AC959827}
		{EE4CE828-C6D0-4315-8FF8-7B27B67B2DF1} = {12CBDAD3-DB04-481D-BDDA-C09C015336F7}
		{5AC7C100-D651-4A0E-A14D-8A0BB6D15325} = {22F4EA09-41FF-4B92-9C61-67D5AC959827}
		{6D83E914-EE8B-4975-81CA-325B272A0348} = {5AC7C100-D651-4A0E-A14D-8A0BB6D15325}
		{5AA4633F-B933-4BA5-97C6-68A854C73ACE} = {5AC7C100-D651-4A0E-A14D-8A0BB6D15325}
		{867237AD-51F4-4CA5-AD32-D68844CC9101} = {5AC7C100-D651-4A0E-A14D-8A0BB6D15325}
	EndGlobalSection
	GlobalSection(ExtensibilityGlobals) = postSolution
		SolutionGuid = {CBEEAB30-2CDA-4999-8F01-B02842B256C4}
	EndGlobalSection
EndGlobal
