
Microsoft Visual Studio Solution File, Format Version 12.00
# Visual Studio Version 16
VisualStudioVersion = 16.0.29009.5
MinimumVisualStudioVersion = 10.0.40219.1
Project("{2150E333-8FDC-42A3-9474-1A3956D46DE8}") = "EFCore必要条件", "EFCore必要条件", "{44AA931C-1771-4D8C-87D1-9111C1A6A9D0}"
EndProject
Project("{FAE04EC0-301F-11D3-BF4B-00C04F79EFBC}") = "Ay.EFCore.Frame.Sample", "Ay.EFCore.Frame.Sample\Ay.EFCore.Frame.Sample.csproj", "{C9AA9715-8AF6-4FA2-A817-480E2DAF6284}"
EndProject
Global
	GlobalSection(SolutionConfigurationPlatforms) = preSolution
		Debug|Any CPU = Debug|Any CPU
		Release|Any CPU = Release|Any CPU
	EndGlobalSection
	GlobalSection(ProjectConfigurationPlatforms) = postSolution
		{C9AA9715-8AF6-4FA2-A817-480E2DAF6284}.Debug|Any CPU.ActiveCfg = Debug|Any CPU
		{C9AA9715-8AF6-4FA2-A817-480E2DAF6284}.Debug|Any CPU.Build.0 = Debug|Any CPU
		{C9AA9715-8AF6-4FA2-A817-480E2DAF6284}.Release|Any CPU.ActiveCfg = Release|Any CPU
		{C9AA9715-8AF6-4FA2-A817-480E2DAF6284}.Release|Any CPU.Build.0 = Release|Any CPU
	EndGlobalSection
	GlobalSection(SolutionProperties) = preSolution
		HideSolutionNode = FALSE
	EndGlobalSection
	GlobalSection(NestedProjects) = preSolution
		{C9AA9715-8AF6-4FA2-A817-480E2DAF6284} = {44AA931C-1771-4D8C-87D1-9111C1A6A9D0}
	EndGlobalSection
	GlobalSection(ExtensibilityGlobals) = postSolution
		SolutionGuid = {2FFAA182-B8C4-4E17-B24B-0370BB3E12B5}
	EndGlobalSection
EndGlobal
