
Microsoft Visual Studio Solution File, Format Version 12.00
# Visual Studio Version 17
VisualStudioVersion = 17.7.34302.85
MinimumVisualStudioVersion = 10.0.40219.1
Project("{9A19103F-16F7-4668-BE54-9A1E7A4F7556}") = "DearlerPlatform.Web", "DearlerPlatform.Web\DearlerPlatform.Web.csproj", "{3436B2E8-39F3-4A5D-A1BF-261345AA4AFE}"
EndProject
Project("{9A19103F-16F7-4668-BE54-9A1E7A4F7556}") = "DearlerPlatform.Core", "DearlerPlatform.Core\DearlerPlatform.Core.csproj", "{4BE2C2F3-4F82-4DBC-9F95-2D7D11D2941B}"
EndProject
Project("{9A19103F-16F7-4668-BE54-9A1E7A4F7556}") = "DearlerPlatform.Domain", "DearlerPlatform.Domain\DearlerPlatform.Domain.csproj", "{AC088711-E5AA-46FA-9978-3E81492342D7}"
EndProject
Project("{9A19103F-16F7-4668-BE54-9A1E7A4F7556}") = "DearlerPlatform.Service", "DearlerPlatform.Service\DearlerPlatform.Service.csproj", "{B5610AAB-2695-451C-BD67-22D9C995570A}"
EndProject
Project("{9A19103F-16F7-4668-BE54-9A1E7A4F7556}") = "DearlerPlatform.Common", "DearlerPlatform.Common\DearlerPlatform.Common.csproj", "{F6042448-D95F-4519-AB11-5CB23B1192CF}"
EndProject
Project("{9A19103F-16F7-4668-BE54-9A1E7A4F7556}") = "DearlerPlatform.Extensions", "DearlerPlatform.Extensions\DearlerPlatform.Extensions.csproj", "{B6576C82-3467-4A4F-986E-425C63FA9DE2}"
EndProject
Project("{FAE04EC0-301F-11D3-BF4B-00C04F79EFBC}") = "DearlerPlatform.Api", "DearlerPlatform.Api\DearlerPlatform.Api.csproj", "{B9E5E261-149F-4E78-8FFA-62D38D5C129E}"
EndProject
Global
	GlobalSection(SolutionConfigurationPlatforms) = preSolution
		Debug|Any CPU = Debug|Any CPU
		Release|Any CPU = Release|Any CPU
	EndGlobalSection
	GlobalSection(ProjectConfigurationPlatforms) = postSolution
		{3436B2E8-39F3-4A5D-A1BF-261345AA4AFE}.Debug|Any CPU.ActiveCfg = Debug|Any CPU
		{3436B2E8-39F3-4A5D-A1BF-261345AA4AFE}.Debug|Any CPU.Build.0 = Debug|Any CPU
		{3436B2E8-39F3-4A5D-A1BF-261345AA4AFE}.Release|Any CPU.ActiveCfg = Release|Any CPU
		{3436B2E8-39F3-4A5D-A1BF-261345AA4AFE}.Release|Any CPU.Build.0 = Release|Any CPU
		{4BE2C2F3-4F82-4DBC-9F95-2D7D11D2941B}.Debug|Any CPU.ActiveCfg = Debug|Any CPU
		{4BE2C2F3-4F82-4DBC-9F95-2D7D11D2941B}.Debug|Any CPU.Build.0 = Debug|Any CPU
		{4BE2C2F3-4F82-4DBC-9F95-2D7D11D2941B}.Release|Any CPU.ActiveCfg = Release|Any CPU
		{4BE2C2F3-4F82-4DBC-9F95-2D7D11D2941B}.Release|Any CPU.Build.0 = Release|Any CPU
		{AC088711-E5AA-46FA-9978-3E81492342D7}.Debug|Any CPU.ActiveCfg = Debug|Any CPU
		{AC088711-E5AA-46FA-9978-3E81492342D7}.Debug|Any CPU.Build.0 = Debug|Any CPU
		{AC088711-E5AA-46FA-9978-3E81492342D7}.Release|Any CPU.ActiveCfg = Release|Any CPU
		{AC088711-E5AA-46FA-9978-3E81492342D7}.Release|Any CPU.Build.0 = Release|Any CPU
		{B5610AAB-2695-451C-BD67-22D9C995570A}.Debug|Any CPU.ActiveCfg = Debug|Any CPU
		{B5610AAB-2695-451C-BD67-22D9C995570A}.Debug|Any CPU.Build.0 = Debug|Any CPU
		{B5610AAB-2695-451C-BD67-22D9C995570A}.Release|Any CPU.ActiveCfg = Release|Any CPU
		{B5610AAB-2695-451C-BD67-22D9C995570A}.Release|Any CPU.Build.0 = Release|Any CPU
		{F6042448-D95F-4519-AB11-5CB23B1192CF}.Debug|Any CPU.ActiveCfg = Debug|Any CPU
		{F6042448-D95F-4519-AB11-5CB23B1192CF}.Debug|Any CPU.Build.0 = Debug|Any CPU
		{F6042448-D95F-4519-AB11-5CB23B1192CF}.Release|Any CPU.ActiveCfg = Release|Any CPU
		{F6042448-D95F-4519-AB11-5CB23B1192CF}.Release|Any CPU.Build.0 = Release|Any CPU
		{B6576C82-3467-4A4F-986E-425C63FA9DE2}.Debug|Any CPU.ActiveCfg = Debug|Any CPU
		{B6576C82-3467-4A4F-986E-425C63FA9DE2}.Debug|Any CPU.Build.0 = Debug|Any CPU
		{B6576C82-3467-4A4F-986E-425C63FA9DE2}.Release|Any CPU.ActiveCfg = Release|Any CPU
		{B6576C82-3467-4A4F-986E-425C63FA9DE2}.Release|Any CPU.Build.0 = Release|Any CPU
		{B9E5E261-149F-4E78-8FFA-62D38D5C129E}.Debug|Any CPU.ActiveCfg = Debug|Any CPU
		{B9E5E261-149F-4E78-8FFA-62D38D5C129E}.Debug|Any CPU.Build.0 = Debug|Any CPU
		{B9E5E261-149F-4E78-8FFA-62D38D5C129E}.Release|Any CPU.ActiveCfg = Release|Any CPU
		{B9E5E261-149F-4E78-8FFA-62D38D5C129E}.Release|Any CPU.Build.0 = Release|Any CPU
	EndGlobalSection
	GlobalSection(SolutionProperties) = preSolution
		HideSolutionNode = FALSE
	EndGlobalSection
	GlobalSection(ExtensibilityGlobals) = postSolution
		SolutionGuid = {032CB1FF-2F6F-46DC-9EF5-79D1E9052A47}
	EndGlobalSection
EndGlobal
