
Microsoft Visual Studio Solution File, Format Version 12.00
# Visual Studio Version 17
VisualStudioVersion = 17.7.34031.279
MinimumVisualStudioVersion = 10.0.40219.1
Project("{9A19103F-16F7-4668-BE54-9A1E7A4F7556}") = "EShop.Domain.Abstractions", "src\AppDomain\EShop.Domain.Abstractions\EShop.Domain.Abstractions.csproj", "{BCCBA8EF-62DC-4C19-B3C8-E71B1AF7E9E1}"
EndProject
Project("{9A19103F-16F7-4668-BE54-9A1E7A4F7556}") = "EShop.Domain.Repository.EntityFrameworkCore", "src\AppDomain\EShop.Domain.Repository.EntityFrameworkCore\EShop.Domain.Repository.EntityFrameworkCore.csproj", "{720CBCFB-1221-4C9C-9564-BBD7EECCC263}"
EndProject
Project("{2150E333-8FDC-42A3-9474-1A3956D46DE8}") = "src", "src", "{D00FA98C-86B8-4B9C-A8CA-D57730676136}"
EndProject
Project("{2150E333-8FDC-42A3-9474-1A3956D46DE8}") = "AppDomain", "AppDomain", "{3750DCED-E40B-427E-BD3B-3F585AADBF6D}"
EndProject
Global
	GlobalSection(SolutionConfigurationPlatforms) = preSolution
		Debug|Any CPU = Debug|Any CPU
		Release|Any CPU = Release|Any CPU
	EndGlobalSection
	GlobalSection(ProjectConfigurationPlatforms) = postSolution
		{BCCBA8EF-62DC-4C19-B3C8-E71B1AF7E9E1}.Debug|Any CPU.ActiveCfg = Debug|Any CPU
		{BCCBA8EF-62DC-4C19-B3C8-E71B1AF7E9E1}.Debug|Any CPU.Build.0 = Debug|Any CPU
		{BCCBA8EF-62DC-4C19-B3C8-E71B1AF7E9E1}.Release|Any CPU.ActiveCfg = Release|Any CPU
		{BCCBA8EF-62DC-4C19-B3C8-E71B1AF7E9E1}.Release|Any CPU.Build.0 = Release|Any CPU
		{720CBCFB-1221-4C9C-9564-BBD7EECCC263}.Debug|Any CPU.ActiveCfg = Debug|Any CPU
		{720CBCFB-1221-4C9C-9564-BBD7EECCC263}.Debug|Any CPU.Build.0 = Debug|Any CPU
		{720CBCFB-1221-4C9C-9564-BBD7EECCC263}.Release|Any CPU.ActiveCfg = Release|Any CPU
		{720CBCFB-1221-4C9C-9564-BBD7EECCC263}.Release|Any CPU.Build.0 = Release|Any CPU
	EndGlobalSection
	GlobalSection(SolutionProperties) = preSolution
		HideSolutionNode = FALSE
	EndGlobalSection
	GlobalSection(NestedProjects) = preSolution
		{BCCBA8EF-62DC-4C19-B3C8-E71B1AF7E9E1} = {3750DCED-E40B-427E-BD3B-3F585AADBF6D}
		{720CBCFB-1221-4C9C-9564-BBD7EECCC263} = {3750DCED-E40B-427E-BD3B-3F585AADBF6D}
		{3750DCED-E40B-427E-BD3B-3F585AADBF6D} = {D00FA98C-86B8-4B9C-A8CA-D57730676136}
	EndGlobalSection
	GlobalSection(ExtensibilityGlobals) = postSolution
		SolutionGuid = {38011116-894A-494D-B2D5-34103CAA1F88}
	EndGlobalSection
EndGlobal
