
Microsoft Visual Studio Solution File, Format Version 12.00
# Visual Studio Version 16
VisualStudioVersion = 16.0.29009.5
MinimumVisualStudioVersion = 10.0.40219.1
Project("{2150E333-8FDC-42A3-9474-1A3956D46DE8}") = "Docs.EFCore.Sample", "Docs.EFCore.Sample", "{86F317FF-E716-4944-9A39-5CA9B3FBFFA7}"
EndProject
Project("{9A19103F-16F7-4668-BE54-9A1E7A4F7556}") = "ContosoUniversity", "ContosoUniversity\ContosoUniversity.csproj", "{4395AAD0-DB3A-456D-B691-8CBCD4DEDD34}"
EndProject
Global
	GlobalSection(SolutionConfigurationPlatforms) = preSolution
		Debug|Any CPU = Debug|Any CPU
		Release|Any CPU = Release|Any CPU
	EndGlobalSection
	GlobalSection(ProjectConfigurationPlatforms) = postSolution
		{4395AAD0-DB3A-456D-B691-8CBCD4DEDD34}.Debug|Any CPU.ActiveCfg = Debug|Any CPU
		{4395AAD0-DB3A-456D-B691-8CBCD4DEDD34}.Debug|Any CPU.Build.0 = Debug|Any CPU
		{4395AAD0-DB3A-456D-B691-8CBCD4DEDD34}.Release|Any CPU.ActiveCfg = Release|Any CPU
		{4395AAD0-DB3A-456D-B691-8CBCD4DEDD34}.Release|Any CPU.Build.0 = Release|Any CPU
	EndGlobalSection
	GlobalSection(SolutionProperties) = preSolution
		HideSolutionNode = FALSE
	EndGlobalSection
	GlobalSection(NestedProjects) = preSolution
		{4395AAD0-DB3A-456D-B691-8CBCD4DEDD34} = {86F317FF-E716-4944-9A39-5CA9B3FBFFA7}
	EndGlobalSection
	GlobalSection(ExtensibilityGlobals) = postSolution
		SolutionGuid = {498C73A5-E7B1-461A-A021-B713A9EFA502}
	EndGlobalSection
EndGlobal
