
Microsoft Visual Studio Solution File, Format Version 12.00
# Visual Studio Version 17
VisualStudioVersion = 17.8.34601.278
MinimumVisualStudioVersion = 10.0.40219.1
Project("{9A19103F-16F7-4668-BE54-9A1E7A4F7556}") = "Thread.Sample", "Threads\Thread.Sample\Thread.Sample.csproj", "{45A5CDB2-F758-4C82-AC8E-B415DD01AC39}"
EndProject
Project("{2150E333-8FDC-42A3-9474-1A3956D46DE8}") = "1. Thread", "1. Thread", "{1769837F-BDA9-4822-8A47-90E43E1CB877}"
EndProject
Project("{2150E333-8FDC-42A3-9474-1A3956D46DE8}") = "1.1 线程", "1.1 线程", "{569E8ABB-C70B-49FD-A77B-E1BCA244E61F}"
EndProject
Project("{2150E333-8FDC-42A3-9474-1A3956D46DE8}") = "1.2 线程池", "1.2 线程池", "{A19E95BE-09A7-4EE4-B445-87F3C322A0D5}"
EndProject
Project("{9A19103F-16F7-4668-BE54-9A1E7A4F7556}") = "ThreadPool.Sample", "Threads\ThreadPool.Sample\ThreadPool.Sample.csproj", "{D81E5D34-1379-41B4-8F8B-154FED9CAA3B}"
EndProject
Project("{2150E333-8FDC-42A3-9474-1A3956D46DE8}") = "1.3 线程同步", "1.3 线程同步", "{C24766AA-54AE-49A0-BC62-39DCB476451A}"
EndProject
Project("{FAE04EC0-301F-11D3-BF4B-00C04F79EFBC}") = "Volatile.Sample", "Threads\Volatile.Sample\Volatile.Sample.csproj", "{4F6E516F-1FDB-4DE3-9913-F6F3DB2E0B4A}"
EndProject
Project("{2150E333-8FDC-42A3-9474-1A3956D46DE8}") = "信号量", "信号量", "{E83564DA-2D09-436A-9652-818BF22683CA}"
EndProject
Project("{2150E333-8FDC-42A3-9474-1A3956D46DE8}") = "读写锁", "读写锁", "{FF333557-14D2-4073-99E5-736597646C39}"
EndProject
Project("{2150E333-8FDC-42A3-9474-1A3956D46DE8}") = "自旋与自旋锁", "自旋与自旋锁", "{21F57DD2-B34D-4D6F-92FD-5A5F33197A57}"
EndProject
Project("{2150E333-8FDC-42A3-9474-1A3956D46DE8}") = "事件等待句柄", "事件等待句柄", "{18A27032-9213-492C-B034-1542938D7274}"
EndProject
Project("{9A19103F-16F7-4668-BE54-9A1E7A4F7556}") = "ReaderWriterLock.Sample", "Threads\ReaderWriterLock.Sample\ReaderWriterLock.Sample.csproj", "{8BDEA199-AD78-48DF-9165-E581C886F43A}"
EndProject
Project("{9A19103F-16F7-4668-BE54-9A1E7A4F7556}") = "Semaphore.Sample", "Threads\Semaphore.Sample\Semaphore.Sample.csproj", "{4999DBC7-77E5-4101-B4A5-6B6D99AF8E3D}"
EndProject
Project("{9A19103F-16F7-4668-BE54-9A1E7A4F7556}") = "Spin.Sample", "Threads\Spin.Sample\Spin.Sample.csproj", "{6A4D0E17-C9C7-40D7-B516-38E68262661A}"
EndProject
Project("{FAE04EC0-301F-11D3-BF4B-00C04F79EFBC}") = "AutoResetEvent.Sample", "Threads\AutoResetEvent.Sample\AutoResetEvent.Sample.csproj", "{1B93CFEC-81D1-4551-891B-1E22FE49B70A}"
EndProject
Project("{FAE04EC0-301F-11D3-BF4B-00C04F79EFBC}") = "CountdownEvent.Sample", "Threads\CountdownEvent.Sample\CountdownEvent.Sample.csproj", "{D92A66F4-8505-4546-A605-2B59A25F4573}"
EndProject
Project("{FAE04EC0-301F-11D3-BF4B-00C04F79EFBC}") = "Barrier.Sample", "Threads\Barrier.Sample\Barrier.Sample.csproj", "{F159ACAA-AD3B-4E4D-95CC-608E7ABFC75A}"
EndProject
Global
	GlobalSection(SolutionConfigurationPlatforms) = preSolution
		Debug|Any CPU = Debug|Any CPU
		Release|Any CPU = Release|Any CPU
	EndGlobalSection
	GlobalSection(ProjectConfigurationPlatforms) = postSolution
		{45A5CDB2-F758-4C82-AC8E-B415DD01AC39}.Debug|Any CPU.ActiveCfg = Debug|Any CPU
		{45A5CDB2-F758-4C82-AC8E-B415DD01AC39}.Debug|Any CPU.Build.0 = Debug|Any CPU
		{45A5CDB2-F758-4C82-AC8E-B415DD01AC39}.Release|Any CPU.ActiveCfg = Release|Any CPU
		{45A5CDB2-F758-4C82-AC8E-B415DD01AC39}.Release|Any CPU.Build.0 = Release|Any CPU
		{D81E5D34-1379-41B4-8F8B-154FED9CAA3B}.Debug|Any CPU.ActiveCfg = Debug|Any CPU
		{D81E5D34-1379-41B4-8F8B-154FED9CAA3B}.Debug|Any CPU.Build.0 = Debug|Any CPU
		{D81E5D34-1379-41B4-8F8B-154FED9CAA3B}.Release|Any CPU.ActiveCfg = Release|Any CPU
		{D81E5D34-1379-41B4-8F8B-154FED9CAA3B}.Release|Any CPU.Build.0 = Release|Any CPU
		{4F6E516F-1FDB-4DE3-9913-F6F3DB2E0B4A}.Debug|Any CPU.ActiveCfg = Debug|Any CPU
		{4F6E516F-1FDB-4DE3-9913-F6F3DB2E0B4A}.Debug|Any CPU.Build.0 = Debug|Any CPU
		{4F6E516F-1FDB-4DE3-9913-F6F3DB2E0B4A}.Release|Any CPU.ActiveCfg = Release|Any CPU
		{4F6E516F-1FDB-4DE3-9913-F6F3DB2E0B4A}.Release|Any CPU.Build.0 = Release|Any CPU
		{8BDEA199-AD78-48DF-9165-E581C886F43A}.Debug|Any CPU.ActiveCfg = Debug|Any CPU
		{8BDEA199-AD78-48DF-9165-E581C886F43A}.Debug|Any CPU.Build.0 = Debug|Any CPU
		{8BDEA199-AD78-48DF-9165-E581C886F43A}.Release|Any CPU.ActiveCfg = Release|Any CPU
		{8BDEA199-AD78-48DF-9165-E581C886F43A}.Release|Any CPU.Build.0 = Release|Any CPU
		{4999DBC7-77E5-4101-B4A5-6B6D99AF8E3D}.Debug|Any CPU.ActiveCfg = Debug|Any CPU
		{4999DBC7-77E5-4101-B4A5-6B6D99AF8E3D}.Debug|Any CPU.Build.0 = Debug|Any CPU
		{4999DBC7-77E5-4101-B4A5-6B6D99AF8E3D}.Release|Any CPU.ActiveCfg = Release|Any CPU
		{4999DBC7-77E5-4101-B4A5-6B6D99AF8E3D}.Release|Any CPU.Build.0 = Release|Any CPU
		{6A4D0E17-C9C7-40D7-B516-38E68262661A}.Debug|Any CPU.ActiveCfg = Debug|Any CPU
		{6A4D0E17-C9C7-40D7-B516-38E68262661A}.Debug|Any CPU.Build.0 = Debug|Any CPU
		{6A4D0E17-C9C7-40D7-B516-38E68262661A}.Release|Any CPU.ActiveCfg = Release|Any CPU
		{6A4D0E17-C9C7-40D7-B516-38E68262661A}.Release|Any CPU.Build.0 = Release|Any CPU
		{1B93CFEC-81D1-4551-891B-1E22FE49B70A}.Debug|Any CPU.ActiveCfg = Debug|Any CPU
		{1B93CFEC-81D1-4551-891B-1E22FE49B70A}.Debug|Any CPU.Build.0 = Debug|Any CPU
		{1B93CFEC-81D1-4551-891B-1E22FE49B70A}.Release|Any CPU.ActiveCfg = Release|Any CPU
		{1B93CFEC-81D1-4551-891B-1E22FE49B70A}.Release|Any CPU.Build.0 = Release|Any CPU
		{D92A66F4-8505-4546-A605-2B59A25F4573}.Debug|Any CPU.ActiveCfg = Debug|Any CPU
		{D92A66F4-8505-4546-A605-2B59A25F4573}.Debug|Any CPU.Build.0 = Debug|Any CPU
		{D92A66F4-8505-4546-A605-2B59A25F4573}.Release|Any CPU.ActiveCfg = Release|Any CPU
		{D92A66F4-8505-4546-A605-2B59A25F4573}.Release|Any CPU.Build.0 = Release|Any CPU
		{F159ACAA-AD3B-4E4D-95CC-608E7ABFC75A}.Debug|Any CPU.ActiveCfg = Debug|Any CPU
		{F159ACAA-AD3B-4E4D-95CC-608E7ABFC75A}.Debug|Any CPU.Build.0 = Debug|Any CPU
		{F159ACAA-AD3B-4E4D-95CC-608E7ABFC75A}.Release|Any CPU.ActiveCfg = Release|Any CPU
		{F159ACAA-AD3B-4E4D-95CC-608E7ABFC75A}.Release|Any CPU.Build.0 = Release|Any CPU
	EndGlobalSection
	GlobalSection(SolutionProperties) = preSolution
		HideSolutionNode = FALSE
	EndGlobalSection
	GlobalSection(NestedProjects) = preSolution
		{45A5CDB2-F758-4C82-AC8E-B415DD01AC39} = {569E8ABB-C70B-49FD-A77B-E1BCA244E61F}
		{569E8ABB-C70B-49FD-A77B-E1BCA244E61F} = {1769837F-BDA9-4822-8A47-90E43E1CB877}
		{A19E95BE-09A7-4EE4-B445-87F3C322A0D5} = {1769837F-BDA9-4822-8A47-90E43E1CB877}
		{D81E5D34-1379-41B4-8F8B-154FED9CAA3B} = {A19E95BE-09A7-4EE4-B445-87F3C322A0D5}
		{C24766AA-54AE-49A0-BC62-39DCB476451A} = {1769837F-BDA9-4822-8A47-90E43E1CB877}
		{4F6E516F-1FDB-4DE3-9913-F6F3DB2E0B4A} = {C24766AA-54AE-49A0-BC62-39DCB476451A}
		{E83564DA-2D09-436A-9652-818BF22683CA} = {C24766AA-54AE-49A0-BC62-39DCB476451A}
		{FF333557-14D2-4073-99E5-736597646C39} = {C24766AA-54AE-49A0-BC62-39DCB476451A}
		{21F57DD2-B34D-4D6F-92FD-5A5F33197A57} = {C24766AA-54AE-49A0-BC62-39DCB476451A}
		{18A27032-9213-492C-B034-1542938D7274} = {C24766AA-54AE-49A0-BC62-39DCB476451A}
		{8BDEA199-AD78-48DF-9165-E581C886F43A} = {FF333557-14D2-4073-99E5-736597646C39}
		{4999DBC7-77E5-4101-B4A5-6B6D99AF8E3D} = {E83564DA-2D09-436A-9652-818BF22683CA}
		{6A4D0E17-C9C7-40D7-B516-38E68262661A} = {21F57DD2-B34D-4D6F-92FD-5A5F33197A57}
		{1B93CFEC-81D1-4551-891B-1E22FE49B70A} = {18A27032-9213-492C-B034-1542938D7274}
		{D92A66F4-8505-4546-A605-2B59A25F4573} = {18A27032-9213-492C-B034-1542938D7274}
		{F159ACAA-AD3B-4E4D-95CC-608E7ABFC75A} = {18A27032-9213-492C-B034-1542938D7274}
	EndGlobalSection
	GlobalSection(ExtensibilityGlobals) = postSolution
		SolutionGuid = {3C58566D-5E96-45CB-B740-977D68EC8D85}
	EndGlobalSection
EndGlobal
