
Microsoft Visual Studio Solution File, Format Version 12.00
# Visual Studio Version 16
VisualStudioVersion = 16.0.29009.5
MinimumVisualStudioVersion = 10.0.40219.1
Project("{2150E333-8FDC-42A3-9474-1A3956D46DE8}") = "Chapter1 介绍与引入", "Chapter1 介绍与引入", "{5EA1ED3B-AF0A-4870-883E-B3AD70DAA6C9}"
EndProject
Project("{2150E333-8FDC-42A3-9474-1A3956D46DE8}") = "Chapter2 配置管理", "Chapter2 配置管理", "{7C84D523-30D3-49FD-8645-7C3AEF2B9EA8}"
EndProject
Project("{2150E333-8FDC-42A3-9474-1A3956D46DE8}") = "Chapter3 依赖注入", "Chapter3 依赖注入", "{05EEEA29-CC2C-494F-AB46-E47628ADE7C0}"
EndProject
Project("{2150E333-8FDC-42A3-9474-1A3956D46DE8}") = "Chapter4 ASP.NET Core HTTP介绍", "Chapter4 ASP.NET Core HTTP介绍", "{2E674231-1FF7-41A7-8B8B-C74222B78433}"
EndProject
Project("{2150E333-8FDC-42A3-9474-1A3956D46DE8}") = "Chapter5 认证与授权", "Chapter5 认证与授权", "{11F3F8E7-4FCE-4011-9776-F13CC6B8F841}"
EndProject
Project("{2150E333-8FDC-42A3-9474-1A3956D46DE8}") = "Chapter6 ASP.NET Core MVC", "Chapter6 ASP.NET Core MVC", "{FC5EBD66-3A1D-4048-B0A4-27A1EF9BC398}"
EndProject
Project("{9A19103F-16F7-4668-BE54-9A1E7A4F7556}") = "CommandLineSample", "CommandLineSample\CommandLineSample.csproj", "{A641607C-2AA2-4251-94C2-7C882B05A1B3}"
EndProject
Project("{9A19103F-16F7-4668-BE54-9A1E7A4F7556}") = "JsonConfigSample", "JsonConfigSample\JsonConfigSample.csproj", "{4BBCF7B4-ECE4-49BE-BDC5-5804C51C765E}"
EndProject
Project("{9A19103F-16F7-4668-BE54-9A1E7A4F7556}") = "OptionsBindSample", "OptionsBindSample\OptionsBindSample.csproj", "{68B3B4F9-3C58-4FF5-B4C2-EDEE7E7E92CD}"
EndProject
Project("{9A19103F-16F7-4668-BE54-9A1E7A4F7556}") = "HelloCore", "HelloCore\HelloCore.csproj", "{1E24D880-AB65-4749-9FE3-023B79CD72AF}"
EndProject
Project("{9A19103F-16F7-4668-BE54-9A1E7A4F7556}") = "MyPipeline", "MyPipeline\MyPipeline.csproj", "{08C41653-F74C-4EBC-8C73-96665B222D30}"
EndProject
Project("{9A19103F-16F7-4668-BE54-9A1E7A4F7556}") = "MvcCookieAuthSample", "MvcCookieAuthSample\MvcCookieAuthSample.csproj", "{599B6E27-38E2-4761-B1EF-EA947ECC3FFC}"
EndProject
Project("{9A19103F-16F7-4668-BE54-9A1E7A4F7556}") = "JwtAuthSample", "JwtAuthSample\JwtAuthSample.csproj", "{1954ADE9-2CA3-423E-9672-2629099C1953}"
EndProject
Project("{9A19103F-16F7-4668-BE54-9A1E7A4F7556}") = "CusJwtAuthSample", "CusJwtAuthSample\CusJwtAuthSample.csproj", "{A0F9DFBE-87FE-47A8-AD3E-2806254EAEEE}"
EndProject
Project("{2150E333-8FDC-42A3-9474-1A3956D46DE8}") = "38-39 JWT设计解析及定制 和 Role以及Claims授权", "38-39 JWT设计解析及定制 和 Role以及Claims授权", "{F805EB06-314C-4868-8960-C77D1080A52F}"
EndProject
Project("{2150E333-8FDC-42A3-9474-1A3956D46DE8}") = "35-37 应用Jwtbearer Authentication 和 生成JWT Token", "35-37 应用Jwtbearer Authentication 和 生成JWT Token", "{9595D2AF-B5E2-4040-A77B-EEC1A4184EF1}"
EndProject
Project("{2150E333-8FDC-42A3-9474-1A3956D46DE8}") = "34 Cookie-based认证实现", "34 Cookie-based认证实现", "{705A6CCD-8EF5-4968-A803-F508ABD90FA8}"
EndProject
Project("{FAE04EC0-301F-11D3-BF4B-00C04F79EFBC}") = "IdentitySample", "IdentitySample\IdentitySample.csproj", "{049F827B-86B5-4971-9AF5-4F68F7D95B0C}"
EndProject
Project("{FAE04EC0-301F-11D3-BF4B-00C04F79EFBC}") = "MvcCookieAuthSample2", "MvcCookieAuthSample2\MvcCookieAuthSample2.csproj", "{9028AA26-5571-4DD6-BBC1-B4FB186DFD4D}"
EndProject
Global
	GlobalSection(SolutionConfigurationPlatforms) = preSolution
		Debug|Any CPU = Debug|Any CPU
		Release|Any CPU = Release|Any CPU
	EndGlobalSection
	GlobalSection(ProjectConfigurationPlatforms) = postSolution
		{A641607C-2AA2-4251-94C2-7C882B05A1B3}.Debug|Any CPU.ActiveCfg = Debug|Any CPU
		{A641607C-2AA2-4251-94C2-7C882B05A1B3}.Debug|Any CPU.Build.0 = Debug|Any CPU
		{A641607C-2AA2-4251-94C2-7C882B05A1B3}.Release|Any CPU.ActiveCfg = Release|Any CPU
		{A641607C-2AA2-4251-94C2-7C882B05A1B3}.Release|Any CPU.Build.0 = Release|Any CPU
		{4BBCF7B4-ECE4-49BE-BDC5-5804C51C765E}.Debug|Any CPU.ActiveCfg = Debug|Any CPU
		{4BBCF7B4-ECE4-49BE-BDC5-5804C51C765E}.Debug|Any CPU.Build.0 = Debug|Any CPU
		{4BBCF7B4-ECE4-49BE-BDC5-5804C51C765E}.Release|Any CPU.ActiveCfg = Release|Any CPU
		{4BBCF7B4-ECE4-49BE-BDC5-5804C51C765E}.Release|Any CPU.Build.0 = Release|Any CPU
		{68B3B4F9-3C58-4FF5-B4C2-EDEE7E7E92CD}.Debug|Any CPU.ActiveCfg = Debug|Any CPU
		{68B3B4F9-3C58-4FF5-B4C2-EDEE7E7E92CD}.Debug|Any CPU.Build.0 = Debug|Any CPU
		{68B3B4F9-3C58-4FF5-B4C2-EDEE7E7E92CD}.Release|Any CPU.ActiveCfg = Release|Any CPU
		{68B3B4F9-3C58-4FF5-B4C2-EDEE7E7E92CD}.Release|Any CPU.Build.0 = Release|Any CPU
		{1E24D880-AB65-4749-9FE3-023B79CD72AF}.Debug|Any CPU.ActiveCfg = Debug|Any CPU
		{1E24D880-AB65-4749-9FE3-023B79CD72AF}.Debug|Any CPU.Build.0 = Debug|Any CPU
		{1E24D880-AB65-4749-9FE3-023B79CD72AF}.Release|Any CPU.ActiveCfg = Release|Any CPU
		{1E24D880-AB65-4749-9FE3-023B79CD72AF}.Release|Any CPU.Build.0 = Release|Any CPU
		{08C41653-F74C-4EBC-8C73-96665B222D30}.Debug|Any CPU.ActiveCfg = Debug|Any CPU
		{08C41653-F74C-4EBC-8C73-96665B222D30}.Debug|Any CPU.Build.0 = Debug|Any CPU
		{08C41653-F74C-4EBC-8C73-96665B222D30}.Release|Any CPU.ActiveCfg = Release|Any CPU
		{08C41653-F74C-4EBC-8C73-96665B222D30}.Release|Any CPU.Build.0 = Release|Any CPU
		{599B6E27-38E2-4761-B1EF-EA947ECC3FFC}.Debug|Any CPU.ActiveCfg = Debug|Any CPU
		{599B6E27-38E2-4761-B1EF-EA947ECC3FFC}.Debug|Any CPU.Build.0 = Debug|Any CPU
		{599B6E27-38E2-4761-B1EF-EA947ECC3FFC}.Release|Any CPU.ActiveCfg = Release|Any CPU
		{599B6E27-38E2-4761-B1EF-EA947ECC3FFC}.Release|Any CPU.Build.0 = Release|Any CPU
		{1954ADE9-2CA3-423E-9672-2629099C1953}.Debug|Any CPU.ActiveCfg = Debug|Any CPU
		{1954ADE9-2CA3-423E-9672-2629099C1953}.Debug|Any CPU.Build.0 = Debug|Any CPU
		{1954ADE9-2CA3-423E-9672-2629099C1953}.Release|Any CPU.ActiveCfg = Release|Any CPU
		{1954ADE9-2CA3-423E-9672-2629099C1953}.Release|Any CPU.Build.0 = Release|Any CPU
		{A0F9DFBE-87FE-47A8-AD3E-2806254EAEEE}.Debug|Any CPU.ActiveCfg = Debug|Any CPU
		{A0F9DFBE-87FE-47A8-AD3E-2806254EAEEE}.Debug|Any CPU.Build.0 = Debug|Any CPU
		{A0F9DFBE-87FE-47A8-AD3E-2806254EAEEE}.Release|Any CPU.ActiveCfg = Release|Any CPU
		{A0F9DFBE-87FE-47A8-AD3E-2806254EAEEE}.Release|Any CPU.Build.0 = Release|Any CPU
		{049F827B-86B5-4971-9AF5-4F68F7D95B0C}.Debug|Any CPU.ActiveCfg = Debug|Any CPU
		{049F827B-86B5-4971-9AF5-4F68F7D95B0C}.Debug|Any CPU.Build.0 = Debug|Any CPU
		{049F827B-86B5-4971-9AF5-4F68F7D95B0C}.Release|Any CPU.ActiveCfg = Release|Any CPU
		{049F827B-86B5-4971-9AF5-4F68F7D95B0C}.Release|Any CPU.Build.0 = Release|Any CPU
		{9028AA26-5571-4DD6-BBC1-B4FB186DFD4D}.Debug|Any CPU.ActiveCfg = Debug|Any CPU
		{9028AA26-5571-4DD6-BBC1-B4FB186DFD4D}.Debug|Any CPU.Build.0 = Debug|Any CPU
		{9028AA26-5571-4DD6-BBC1-B4FB186DFD4D}.Release|Any CPU.ActiveCfg = Release|Any CPU
		{9028AA26-5571-4DD6-BBC1-B4FB186DFD4D}.Release|Any CPU.Build.0 = Release|Any CPU
	EndGlobalSection
	GlobalSection(SolutionProperties) = preSolution
		HideSolutionNode = FALSE
	EndGlobalSection
	GlobalSection(NestedProjects) = preSolution
		{A641607C-2AA2-4251-94C2-7C882B05A1B3} = {7C84D523-30D3-49FD-8645-7C3AEF2B9EA8}
		{4BBCF7B4-ECE4-49BE-BDC5-5804C51C765E} = {7C84D523-30D3-49FD-8645-7C3AEF2B9EA8}
		{68B3B4F9-3C58-4FF5-B4C2-EDEE7E7E92CD} = {7C84D523-30D3-49FD-8645-7C3AEF2B9EA8}
		{1E24D880-AB65-4749-9FE3-023B79CD72AF} = {2E674231-1FF7-41A7-8B8B-C74222B78433}
		{08C41653-F74C-4EBC-8C73-96665B222D30} = {2E674231-1FF7-41A7-8B8B-C74222B78433}
		{599B6E27-38E2-4761-B1EF-EA947ECC3FFC} = {705A6CCD-8EF5-4968-A803-F508ABD90FA8}
		{1954ADE9-2CA3-423E-9672-2629099C1953} = {9595D2AF-B5E2-4040-A77B-EEC1A4184EF1}
		{A0F9DFBE-87FE-47A8-AD3E-2806254EAEEE} = {F805EB06-314C-4868-8960-C77D1080A52F}
		{F805EB06-314C-4868-8960-C77D1080A52F} = {11F3F8E7-4FCE-4011-9776-F13CC6B8F841}
		{9595D2AF-B5E2-4040-A77B-EEC1A4184EF1} = {11F3F8E7-4FCE-4011-9776-F13CC6B8F841}
		{705A6CCD-8EF5-4968-A803-F508ABD90FA8} = {11F3F8E7-4FCE-4011-9776-F13CC6B8F841}
		{049F827B-86B5-4971-9AF5-4F68F7D95B0C} = {FC5EBD66-3A1D-4048-B0A4-27A1EF9BC398}
		{9028AA26-5571-4DD6-BBC1-B4FB186DFD4D} = {FC5EBD66-3A1D-4048-B0A4-27A1EF9BC398}
	EndGlobalSection
	GlobalSection(ExtensibilityGlobals) = postSolution
		SolutionGuid = {D75730F2-F6D0-4B83-A555-EB9E73A13224}
	EndGlobalSection
EndGlobal
