
Microsoft Visual Studio Solution File, Format Version 12.00
# Visual Studio Version 17
VisualStudioVersion = 17.13.35913.81 d17.13
MinimumVisualStudioVersion = 10.0.40219.1
Project("{2150E333-8FDC-42A3-9474-1A3956D46DE8}") = "触发器", "触发器", "{02EA681E-C7D8-13C7-8484-4AC65E1B71E8}"
EndProject
Project("{FAE04EC0-301F-11D3-BF4B-00C04F79EFBC}") = "StyleTrigger.WpfApp", "StyleTrigger\StyleTrigger.WpfApp\StyleTrigger.WpfApp.csproj", "{37723276-5FE6-4629-9DF1-49B39BD99F80}"
EndProject
Global
	GlobalSection(SolutionConfigurationPlatforms) = preSolution
		Debug|Any CPU = Debug|Any CPU
		Release|Any CPU = Release|Any CPU
	EndGlobalSection
	GlobalSection(ProjectConfigurationPlatforms) = postSolution
		{37723276-5FE6-4629-9DF1-49B39BD99F80}.Debug|Any CPU.ActiveCfg = Debug|Any CPU
		{37723276-5FE6-4629-9DF1-49B39BD99F80}.Debug|Any CPU.Build.0 = Debug|Any CPU
		{37723276-5FE6-4629-9DF1-49B39BD99F80}.Release|Any CPU.ActiveCfg = Release|Any CPU
		{37723276-5FE6-4629-9DF1-49B39BD99F80}.Release|Any CPU.Build.0 = Release|Any CPU
	EndGlobalSection
	GlobalSection(SolutionProperties) = preSolution
		HideSolutionNode = FALSE
	EndGlobalSection
	GlobalSection(NestedProjects) = preSolution
		{37723276-5FE6-4629-9DF1-49B39BD99F80} = {02EA681E-C7D8-13C7-8484-4AC65E1B71E8}
	EndGlobalSection
	GlobalSection(ExtensibilityGlobals) = postSolution
		SolutionGuid = {8F1F069A-4292-446A-8EB0-3148A31E2714}
	EndGlobalSection
EndGlobal
