
Microsoft Visual Studio Solution File, Format Version 12.00
# Visual Studio Version 17
VisualStudioVersion = 17.14.36327.8 d17.14
MinimumVisualStudioVersion = 10.0.40219.1
Project("{FAE04EC0-301F-11D3-BF4B-00C04F79EFBC}") = "WpfApp1", "WpfApp1\WpfApp1.csproj", "{18FFF917-F1A0-4775-AADB-EB6B91AB5F76}"
EndProject
Global
	GlobalSection(SolutionConfigurationPlatforms) = preSolution
		Debug|Any CPU = Debug|Any CPU
		Release|Any CPU = Release|Any CPU
	EndGlobalSection
	GlobalSection(ProjectConfigurationPlatforms) = postSolution
		{18FFF917-F1A0-4775-AADB-EB6B91AB5F76}.Debug|Any CPU.ActiveCfg = Debug|Any CPU
		{18FFF917-F1A0-4775-AADB-EB6B91AB5F76}.Debug|Any CPU.Build.0 = Debug|Any CPU
		{18FFF917-F1A0-4775-AADB-EB6B91AB5F76}.Release|Any CPU.ActiveCfg = Release|Any CPU
		{18FFF917-F1A0-4775-AADB-EB6B91AB5F76}.Release|Any CPU.Build.0 = Release|Any CPU
	EndGlobalSection
	GlobalSection(SolutionProperties) = preSolution
		HideSolutionNode = FALSE
	EndGlobalSection
	GlobalSection(ExtensibilityGlobals) = postSolution
		SolutionGuid = {0A25A573-C29E-4EF4-81FD-69A6E594C09E}
	EndGlobalSection
EndGlobal
