
Microsoft Visual Studio Solution File, Format Version 12.00
# Visual Studio Version 16
VisualStudioVersion = 16.0.32228.343
MinimumVisualStudioVersion = 10.0.40219.1
Project("{9A19103F-16F7-4668-BE54-9A1E7A4F7556}") = "Reflection.Sample", "Reflection.Sample\Reflection.Sample.csproj", "{AB8EB22C-7AD1-45D4-9643-E48A867D294F}"
EndProject
Project("{9A19103F-16F7-4668-BE54-9A1E7A4F7556}") = "ExceptionHandling.Sample", "ExceptionHandling.Sample\ExceptionHandling.Sample.csproj", "{D2BD6E6D-A99C-49D3-82DD-6D550882828D}"
EndProject
Global
	GlobalSection(SolutionConfigurationPlatforms) = preSolution
		Debug|Any CPU = Debug|Any CPU
		Release|Any CPU = Release|Any CPU
	EndGlobalSection
	GlobalSection(ProjectConfigurationPlatforms) = postSolution
		{AB8EB22C-7AD1-45D4-9643-E48A867D294F}.Debug|Any CPU.ActiveCfg = Debug|Any CPU
		{AB8EB22C-7AD1-45D4-9643-E48A867D294F}.Debug|Any CPU.Build.0 = Debug|Any CPU
		{AB8EB22C-7AD1-45D4-9643-E48A867D294F}.Release|Any CPU.ActiveCfg = Release|Any CPU
		{AB8EB22C-7AD1-45D4-9643-E48A867D294F}.Release|Any CPU.Build.0 = Release|Any CPU
		{D2BD6E6D-A99C-49D3-82DD-6D550882828D}.Debug|Any CPU.ActiveCfg = Debug|Any CPU
		{D2BD6E6D-A99C-49D3-82DD-6D550882828D}.Debug|Any CPU.Build.0 = Debug|Any CPU
		{D2BD6E6D-A99C-49D3-82DD-6D550882828D}.Release|Any CPU.ActiveCfg = Release|Any CPU
		{D2BD6E6D-A99C-49D3-82DD-6D550882828D}.Release|Any CPU.Build.0 = Release|Any CPU
	EndGlobalSection
	GlobalSection(SolutionProperties) = preSolution
		HideSolutionNode = FALSE
	EndGlobalSection
	GlobalSection(ExtensibilityGlobals) = postSolution
		SolutionGuid = {7F1D8C84-7EA6-4329-902E-DA62D826856B}
	EndGlobalSection
EndGlobal
