
Microsoft Visual Studio Solution File, Format Version 12.00
# Visual Studio Version 17
VisualStudioVersion = 17.14.36202.13 d17.14
MinimumVisualStudioVersion = 10.0.40219.1
Project("{FAE04EC0-301F-11D3-BF4B-00C04F79EFBC}") = "MyToDo", "MyToDo\MyToDo.csproj", "{5329743B-3E7F-4908-8971-24BF327E9882}"
EndProject
Global
	GlobalSection(SolutionConfigurationPlatforms) = preSolution
		Debug|Any CPU = Debug|Any CPU
		Release|Any CPU = Release|Any CPU
	EndGlobalSection
	GlobalSection(ProjectConfigurationPlatforms) = postSolution
		{5329743B-3E7F-4908-8971-24BF327E9882}.Debug|Any CPU.ActiveCfg = Debug|Any CPU
		{5329743B-3E7F-4908-8971-24BF327E9882}.Debug|Any CPU.Build.0 = Debug|Any CPU
		{5329743B-3E7F-4908-8971-24BF327E9882}.Release|Any CPU.ActiveCfg = Release|Any CPU
		{5329743B-3E7F-4908-8971-24BF327E9882}.Release|Any CPU.Build.0 = Release|Any CPU
	EndGlobalSection
	GlobalSection(SolutionProperties) = preSolution
		HideSolutionNode = FALSE
	EndGlobalSection
	GlobalSection(ExtensibilityGlobals) = postSolution
		SolutionGuid = {6E0B59D7-485F-4C8E-A66B-89FDBF2999D3}
	EndGlobalSection
EndGlobal
