
Microsoft Visual Studio Solution File, Format Version 12.00
# Visual Studio Version 16
VisualStudioVersion = 16.0.32126.315
MinimumVisualStudioVersion = 10.0.40219.1
Project("{9A19103F-16F7-4668-BE54-9A1E7A4F7556}") = "GrpcServiceDemo", "GrpcServiceDemo\GrpcServiceDemo.csproj", "{80ABE8FF-354B-4230-80A1-1D8A105419C4}"
EndProject
Project("{9A19103F-16F7-4668-BE54-9A1E7A4F7556}") = "ClientWebApp", "ClientWebApp\ClientWebApp.csproj", "{C332C209-C7B9-4DE2-BB0C-7B54298E53B8}"
EndProject
Global
	GlobalSection(SolutionConfigurationPlatforms) = preSolution
		Debug|Any CPU = Debug|Any CPU
		Release|Any CPU = Release|Any CPU
	EndGlobalSection
	GlobalSection(ProjectConfigurationPlatforms) = postSolution
		{80ABE8FF-354B-4230-80A1-1D8A105419C4}.Debug|Any CPU.ActiveCfg = Debug|Any CPU
		{80ABE8FF-354B-4230-80A1-1D8A105419C4}.Debug|Any CPU.Build.0 = Debug|Any CPU
		{80ABE8FF-354B-4230-80A1-1D8A105419C4}.Release|Any CPU.ActiveCfg = Release|Any CPU
		{80ABE8FF-354B-4230-80A1-1D8A105419C4}.Release|Any CPU.Build.0 = Release|Any CPU
		{C332C209-C7B9-4DE2-BB0C-7B54298E53B8}.Debug|Any CPU.ActiveCfg = Debug|Any CPU
		{C332C209-C7B9-4DE2-BB0C-7B54298E53B8}.Debug|Any CPU.Build.0 = Debug|Any CPU
		{C332C209-C7B9-4DE2-BB0C-7B54298E53B8}.Release|Any CPU.ActiveCfg = Release|Any CPU
		{C332C209-C7B9-4DE2-BB0C-7B54298E53B8}.Release|Any CPU.Build.0 = Release|Any CPU
	EndGlobalSection
	GlobalSection(SolutionProperties) = preSolution
		HideSolutionNode = FALSE
	EndGlobalSection
	GlobalSection(ExtensibilityGlobals) = postSolution
		SolutionGuid = {D23B3393-8077-450E-92DE-AB714F5B4C82}
	EndGlobalSection
EndGlobal
