
Microsoft Visual Studio Solution File, Format Version 12.00
# Visual Studio Version 16
VisualStudioVersion = 16.0.30523.141
MinimumVisualStudioVersion = 10.0.40219.1
Project("{2150E333-8FDC-42A3-9474-1A3956D46DE8}") = "Solution Items", "Solution Items", "{9A1477C1-6D32-4288-B46A-DBB59FE4906C}"
	ProjectSection(SolutionItems) = preProject
		项目说明.txt = 项目说明.txt
	EndProjectSection
EndProject
Project("{2150E333-8FDC-42A3-9474-1A3956D46DE8}") = "S6：配置文件", "S6：配置文件", "{53F4A494-85F7-4D2D-904F-0884C034EEDE}"
EndProject
Project("{9A19103F-16F7-4668-BE54-9A1E7A4F7556}") = "S6WebApplication", "S6WebApplication\S6WebApplication.csproj", "{D2CB4B31-88A9-4CFF-87CE-B223F016AF80}"
EndProject
Project("{2150E333-8FDC-42A3-9474-1A3956D46DE8}") = "S7：中间件", "S7：中间件", "{2E19B9F9-7B9C-4D49-91D5-E4F21B8E7051}"
EndProject
Project("{9A19103F-16F7-4668-BE54-9A1E7A4F7556}") = "S7_WebApplication", "S7_WebApplication\S7_WebApplication.csproj", "{6E47D43D-A89B-42F8-994A-D7D2EC341894}"
EndProject
Project("{2150E333-8FDC-42A3-9474-1A3956D46DE8}") = "S8：静态文件中间件", "S8：静态文件中间件", "{73AD4C78-F304-4720-9137-F314D718DD18}"
EndProject
Project("{9A19103F-16F7-4668-BE54-9A1E7A4F7556}") = "S8_WebApplication", "S8_WebApplication\S8_WebApplication.csproj", "{228B406C-46C6-48C1-A4EB-4393223D60D7}"
EndProject
Project("{2150E333-8FDC-42A3-9474-1A3956D46DE8}") = "S9：异常页面", "S9：异常页面", "{322A1F31-B19C-4896-A7AF-04F1D3F383BC}"
EndProject
Project("{FAE04EC0-301F-11D3-BF4B-00C04F79EFBC}") = "S9_WebApplication", "S9_WebApplication\S9_WebApplication.csproj", "{EC5C297E-5246-47A6-B6EE-DA568025AF42}"
EndProject
Project("{2150E333-8FDC-42A3-9474-1A3956D46DE8}") = "第1部分：基础知识", "第1部分：基础知识", "{26D29A85-01EC-4CB3-A174-5B716203598E}"
EndProject
Project("{2150E333-8FDC-42A3-9474-1A3956D46DE8}") = "第2部分：MVC模型及路由中间件", "第2部分：MVC模型及路由中间件", "{5A51759A-9CBC-4CD4-9015-3E2F28896A32}"
EndProject
Project("{2150E333-8FDC-42A3-9474-1A3956D46DE8}") = "第3部分：基础管理系统", "第3部分：基础管理系统", "{73EE9519-1AEB-40C3-A104-1D79AB934D91}"
EndProject
Project("{2150E333-8FDC-42A3-9474-1A3956D46DE8}") = "第4部分：架构的作用和意义", "第4部分：架构的作用和意义", "{2288574A-525B-4820-B76A-1BC71EAEBE40}"
EndProject
Project("{2150E333-8FDC-42A3-9474-1A3956D46DE8}") = "第5部分：Web API和部署", "第5部分：Web API和部署", "{446FAFD8-6EA6-4599-A980-825C3AE855D3}"
EndProject
Project("{FAE04EC0-301F-11D3-BF4B-00C04F79EFBC}") = "MVC_WebApplication", "MVC_WebApplication\MVC_WebApplication.csproj", "{C4094074-4CDC-42E7-9F12-EEC9063D810D}"
EndProject
Global
	GlobalSection(SolutionConfigurationPlatforms) = preSolution
		Debug|Any CPU = Debug|Any CPU
		Release|Any CPU = Release|Any CPU
	EndGlobalSection
	GlobalSection(ProjectConfigurationPlatforms) = postSolution
		{D2CB4B31-88A9-4CFF-87CE-B223F016AF80}.Debug|Any CPU.ActiveCfg = Debug|Any CPU
		{D2CB4B31-88A9-4CFF-87CE-B223F016AF80}.Debug|Any CPU.Build.0 = Debug|Any CPU
		{D2CB4B31-88A9-4CFF-87CE-B223F016AF80}.Release|Any CPU.ActiveCfg = Release|Any CPU
		{D2CB4B31-88A9-4CFF-87CE-B223F016AF80}.Release|Any CPU.Build.0 = Release|Any CPU
		{6E47D43D-A89B-42F8-994A-D7D2EC341894}.Debug|Any CPU.ActiveCfg = Debug|Any CPU
		{6E47D43D-A89B-42F8-994A-D7D2EC341894}.Debug|Any CPU.Build.0 = Debug|Any CPU
		{6E47D43D-A89B-42F8-994A-D7D2EC341894}.Release|Any CPU.ActiveCfg = Release|Any CPU
		{6E47D43D-A89B-42F8-994A-D7D2EC341894}.Release|Any CPU.Build.0 = Release|Any CPU
		{228B406C-46C6-48C1-A4EB-4393223D60D7}.Debug|Any CPU.ActiveCfg = Debug|Any CPU
		{228B406C-46C6-48C1-A4EB-4393223D60D7}.Debug|Any CPU.Build.0 = Debug|Any CPU
		{228B406C-46C6-48C1-A4EB-4393223D60D7}.Release|Any CPU.ActiveCfg = Release|Any CPU
		{228B406C-46C6-48C1-A4EB-4393223D60D7}.Release|Any CPU.Build.0 = Release|Any CPU
		{EC5C297E-5246-47A6-B6EE-DA568025AF42}.Debug|Any CPU.ActiveCfg = Debug|Any CPU
		{EC5C297E-5246-47A6-B6EE-DA568025AF42}.Debug|Any CPU.Build.0 = Debug|Any CPU
		{EC5C297E-5246-47A6-B6EE-DA568025AF42}.Release|Any CPU.ActiveCfg = Release|Any CPU
		{EC5C297E-5246-47A6-B6EE-DA568025AF42}.Release|Any CPU.Build.0 = Release|Any CPU
		{C4094074-4CDC-42E7-9F12-EEC9063D810D}.Debug|Any CPU.ActiveCfg = Debug|Any CPU
		{C4094074-4CDC-42E7-9F12-EEC9063D810D}.Debug|Any CPU.Build.0 = Debug|Any CPU
		{C4094074-4CDC-42E7-9F12-EEC9063D810D}.Release|Any CPU.ActiveCfg = Release|Any CPU
		{C4094074-4CDC-42E7-9F12-EEC9063D810D}.Release|Any CPU.Build.0 = Release|Any CPU
	EndGlobalSection
	GlobalSection(SolutionProperties) = preSolution
		HideSolutionNode = FALSE
	EndGlobalSection
	GlobalSection(NestedProjects) = preSolution
		{53F4A494-85F7-4D2D-904F-0884C034EEDE} = {26D29A85-01EC-4CB3-A174-5B716203598E}
		{D2CB4B31-88A9-4CFF-87CE-B223F016AF80} = {53F4A494-85F7-4D2D-904F-0884C034EEDE}
		{2E19B9F9-7B9C-4D49-91D5-E4F21B8E7051} = {26D29A85-01EC-4CB3-A174-5B716203598E}
		{6E47D43D-A89B-42F8-994A-D7D2EC341894} = {2E19B9F9-7B9C-4D49-91D5-E4F21B8E7051}
		{73AD4C78-F304-4720-9137-F314D718DD18} = {26D29A85-01EC-4CB3-A174-5B716203598E}
		{228B406C-46C6-48C1-A4EB-4393223D60D7} = {73AD4C78-F304-4720-9137-F314D718DD18}
		{322A1F31-B19C-4896-A7AF-04F1D3F383BC} = {26D29A85-01EC-4CB3-A174-5B716203598E}
		{EC5C297E-5246-47A6-B6EE-DA568025AF42} = {322A1F31-B19C-4896-A7AF-04F1D3F383BC}
		{C4094074-4CDC-42E7-9F12-EEC9063D810D} = {5A51759A-9CBC-4CD4-9015-3E2F28896A32}
	EndGlobalSection
	GlobalSection(ExtensibilityGlobals) = postSolution
		SolutionGuid = {50309024-D1CC-40FE-840B-E3D56F3AC6B0}
	EndGlobalSection
EndGlobal
