
Microsoft Visual Studio Solution File, Format Version 12.00
# Visual Studio Version 17
VisualStudioVersion = 17.13.36105.23
MinimumVisualStudioVersion = 10.0.40219.1
Project("{2150E333-8FDC-42A3-9474-1A3956D46DE8}") = "Modules", "Modules", "{02EA681E-C7D8-13C7-8484-4AC65E1B71E8}"
EndProject
Project("{2150E333-8FDC-42A3-9474-1A3956D46DE8}") = "Prism", "Prism", "{03C7C194-107E-4508-93AE-7B52BF0EADB7}"
EndProject
Project("{2150E333-8FDC-42A3-9474-1A3956D46DE8}") = "Toolkit", "Toolkit", "{110A6C73-D610-4807-B411-CE82572319DC}"
EndProject
Project("{2150E333-8FDC-42A3-9474-1A3956D46DE8}") = "1.Shell 展示层", "1.Shell 展示层", "{F06945E3-DB99-4C7F-90A6-C0257B13FB17}"
EndProject
Project("{2150E333-8FDC-42A3-9474-1A3956D46DE8}") = "Domain 领域（不引用任何其它层程序集）", "Domain 领域（不引用任何其它层程序集）", "{1D99A831-2D9F-49E4-A314-6A323722D698}"
EndProject
Project("{FAE04EC0-301F-11D3-BF4B-00C04F79EFBC}") = "AY.LearningTag.Domain.Abstractions", "AY.LearningTag.Domain\AY.LearningTag.Domain.Abstractions\AY.LearningTag.Domain.Abstractions.csproj", "{1456A959-8A14-49BB-90BD-E2D3D3D854C0}"
EndProject
Project("{2150E333-8FDC-42A3-9474-1A3956D46DE8}") = "Infrastructure 基础设施层", "Infrastructure 基础设施层", "{A82D2251-F42C-4A6D-8DC3-2D381B88C14C}"
EndProject
Project("{FAE04EC0-301F-11D3-BF4B-00C04F79EFBC}") = "AY.LearningTag.Utilities", "AY.LearningTag.Common\AY.LearningTag.Utilities\AY.LearningTag.Utilities.csproj", "{C4C180E2-992A-43A0-A512-D9C989583574}"
EndProject
Project("{FAE04EC0-301F-11D3-BF4B-00C04F79EFBC}") = "AY.LearningTag.ApplicationServices", "AY.LearningTag.ApplicationServices\AY.LearningTag.ApplicationServices.csproj", "{C5D893B4-F476-44DA-8440-2F31763E24B3}"
EndProject
Project("{FAE04EC0-301F-11D3-BF4B-00C04F79EFBC}") = "LearningTag.About", "AY.LearningTag.Shell\Prism\Modules\LearningTag.About\LearningTag.About.csproj", "{3AB4086D-86A4-A094-4131-3F6D7D7752F3}"
EndProject
Project("{FAE04EC0-301F-11D3-BF4B-00C04F79EFBC}") = "LearningTag.Setting", "AY.LearningTag.Shell\Prism\Modules\LearningTag.Setting\LearningTag.Setting.csproj", "{855515EA-FD68-6E0C-3F4F-B9C0F903281D}"
EndProject
Project("{FAE04EC0-301F-11D3-BF4B-00C04F79EFBC}") = "LearningTagApp", "AY.LearningTag.Shell\Prism\LearningTagApp\LearningTagApp.csproj", "{DCE950A0-1FE9-BD3A-AEBA-F1B58C0E46F4}"
EndProject
Project("{FAE04EC0-301F-11D3-BF4B-00C04F79EFBC}") = "LearningTag.PrismShared", "AY.LearningTag.Shell\Prism\LearningTag.PrismShared\LearningTag.PrismShared.csproj", "{535A28BE-7CA2-5466-4209-180D005605D5}"
EndProject
Project("{FAE04EC0-301F-11D3-BF4B-00C04F79EFBC}") = "AY.Shared", "AY.LearningTag.Shell\AY.Shared\AY.Shared.csproj", "{92AAFE82-8D07-1A02-2AD0-B3F4B90A2864}"
EndProject
Project("{FAE04EC0-301F-11D3-BF4B-00C04F79EFBC}") = "AY.Styles", "AY.LearningTag.Shell\AY.Styles\AY.Styles.csproj", "{255999BC-27A8-6390-CD6D-77340D600E9A}"
EndProject
Project("{FAE04EC0-301F-11D3-BF4B-00C04F79EFBC}") = "AY.LearningTag.App", "AY.LearningTag.Shell\Toolkit\AY.LearningTag.App\AY.LearningTag.App.csproj", "{5877AB2D-48D7-5D82-147A-EF1339C5FC33}"
EndProject
Project("{FAE04EC0-301F-11D3-BF4B-00C04F79EFBC}") = "AY.Themes", "AY.LearningTag.Shell\AY.Themes\AY.Themes.csproj", "{AD96FEAE-2969-4BC6-8F0E-A0727F307E92}"
EndProject
Project("{2150E333-8FDC-42A3-9474-1A3956D46DE8}") = "Application 层（只引用Domain层，不引用Infrastructure层）", "Application 层（只引用Domain层，不引用Infrastructure层）", "{C5BB4AF3-A92A-4E4F-8A40-3AAAC63BB120}"
EndProject
Project("{FAE04EC0-301F-11D3-BF4B-00C04F79EFBC}") = "AY.LearningTag.Domain.Entities", "AY.LearningTag.Domain\AY.LearningTag.Domain.Entities\AY.LearningTag.Domain.Entities.csproj", "{D457517D-F45F-473F-9FE2-6DD4B80EEA4B}"
EndProject
Project("{FAE04EC0-301F-11D3-BF4B-00C04F79EFBC}") = "AY.LearningTag.Domain.EFCore.Repositories", "AY.LearningTag.Domain\AY.LearningTag.Domain.EFCore.Repositories\AY.LearningTag.Domain.EFCore.Repositories.csproj", "{D759EC02-1105-4882-AF3E-049C440C92C3}"
EndProject
Project("{FAE04EC0-301F-11D3-BF4B-00C04F79EFBC}") = "AY.LearningTag.Infrastructure.EntityFrameworkCore", "AY.LearningTag.Infrastructure\AY.LearningTag.Infrastructure.EntityFrameworkCore\AY.LearningTag.Infrastructure.EntityFrameworkCore.csproj", "{C24AF09E-FBC2-47F3-959F-43E82791F1A8}"
EndProject
Project("{FAE04EC0-301F-11D3-BF4B-00C04F79EFBC}") = "AY.LearningTag.Infrastructure.Migrations.SQLite", "AY.LearningTag.Infrastructure\AY.LearningTag.Infrastructure.Migrations.SQLite\AY.LearningTag.Infrastructure.Migrations.SQLite.csproj", "{512EA7AB-3088-4815-8B39-0E32102F4481}"
EndProject
Project("{2150E333-8FDC-42A3-9474-1A3956D46DE8}") = "待整理", "待整理", "{BBFBB8D4-3D36-4E5E-8EBA-1C5B4DF0C870}"
EndProject
Global
	GlobalSection(SolutionConfigurationPlatforms) = preSolution
		Debug|Any CPU = Debug|Any CPU
		Release|Any CPU = Release|Any CPU
	EndGlobalSection
	GlobalSection(ProjectConfigurationPlatforms) = postSolution
		{1456A959-8A14-49BB-90BD-E2D3D3D854C0}.Debug|Any CPU.ActiveCfg = Debug|Any CPU
		{1456A959-8A14-49BB-90BD-E2D3D3D854C0}.Debug|Any CPU.Build.0 = Debug|Any CPU
		{1456A959-8A14-49BB-90BD-E2D3D3D854C0}.Release|Any CPU.ActiveCfg = Release|Any CPU
		{1456A959-8A14-49BB-90BD-E2D3D3D854C0}.Release|Any CPU.Build.0 = Release|Any CPU
		{C4C180E2-992A-43A0-A512-D9C989583574}.Debug|Any CPU.ActiveCfg = Debug|Any CPU
		{C4C180E2-992A-43A0-A512-D9C989583574}.Debug|Any CPU.Build.0 = Debug|Any CPU
		{C4C180E2-992A-43A0-A512-D9C989583574}.Release|Any CPU.ActiveCfg = Release|Any CPU
		{C4C180E2-992A-43A0-A512-D9C989583574}.Release|Any CPU.Build.0 = Release|Any CPU
		{C5D893B4-F476-44DA-8440-2F31763E24B3}.Debug|Any CPU.ActiveCfg = Debug|Any CPU
		{C5D893B4-F476-44DA-8440-2F31763E24B3}.Debug|Any CPU.Build.0 = Debug|Any CPU
		{C5D893B4-F476-44DA-8440-2F31763E24B3}.Release|Any CPU.ActiveCfg = Release|Any CPU
		{C5D893B4-F476-44DA-8440-2F31763E24B3}.Release|Any CPU.Build.0 = Release|Any CPU
		{3AB4086D-86A4-A094-4131-3F6D7D7752F3}.Debug|Any CPU.ActiveCfg = Debug|Any CPU
		{3AB4086D-86A4-A094-4131-3F6D7D7752F3}.Debug|Any CPU.Build.0 = Debug|Any CPU
		{3AB4086D-86A4-A094-4131-3F6D7D7752F3}.Release|Any CPU.ActiveCfg = Release|Any CPU
		{3AB4086D-86A4-A094-4131-3F6D7D7752F3}.Release|Any CPU.Build.0 = Release|Any CPU
		{855515EA-FD68-6E0C-3F4F-B9C0F903281D}.Debug|Any CPU.ActiveCfg = Debug|Any CPU
		{855515EA-FD68-6E0C-3F4F-B9C0F903281D}.Debug|Any CPU.Build.0 = Debug|Any CPU
		{855515EA-FD68-6E0C-3F4F-B9C0F903281D}.Release|Any CPU.ActiveCfg = Release|Any CPU
		{855515EA-FD68-6E0C-3F4F-B9C0F903281D}.Release|Any CPU.Build.0 = Release|Any CPU
		{DCE950A0-1FE9-BD3A-AEBA-F1B58C0E46F4}.Debug|Any CPU.ActiveCfg = Debug|Any CPU
		{DCE950A0-1FE9-BD3A-AEBA-F1B58C0E46F4}.Debug|Any CPU.Build.0 = Debug|Any CPU
		{DCE950A0-1FE9-BD3A-AEBA-F1B58C0E46F4}.Release|Any CPU.ActiveCfg = Release|Any CPU
		{DCE950A0-1FE9-BD3A-AEBA-F1B58C0E46F4}.Release|Any CPU.Build.0 = Release|Any CPU
		{535A28BE-7CA2-5466-4209-180D005605D5}.Debug|Any CPU.ActiveCfg = Debug|Any CPU
		{535A28BE-7CA2-5466-4209-180D005605D5}.Debug|Any CPU.Build.0 = Debug|Any CPU
		{535A28BE-7CA2-5466-4209-180D005605D5}.Release|Any CPU.ActiveCfg = Release|Any CPU
		{535A28BE-7CA2-5466-4209-180D005605D5}.Release|Any CPU.Build.0 = Release|Any CPU
		{92AAFE82-8D07-1A02-2AD0-B3F4B90A2864}.Debug|Any CPU.ActiveCfg = Debug|Any CPU
		{92AAFE82-8D07-1A02-2AD0-B3F4B90A2864}.Debug|Any CPU.Build.0 = Debug|Any CPU
		{92AAFE82-8D07-1A02-2AD0-B3F4B90A2864}.Release|Any CPU.ActiveCfg = Release|Any CPU
		{92AAFE82-8D07-1A02-2AD0-B3F4B90A2864}.Release|Any CPU.Build.0 = Release|Any CPU
		{255999BC-27A8-6390-CD6D-77340D600E9A}.Debug|Any CPU.ActiveCfg = Debug|Any CPU
		{255999BC-27A8-6390-CD6D-77340D600E9A}.Debug|Any CPU.Build.0 = Debug|Any CPU
		{255999BC-27A8-6390-CD6D-77340D600E9A}.Release|Any CPU.ActiveCfg = Release|Any CPU
		{255999BC-27A8-6390-CD6D-77340D600E9A}.Release|Any CPU.Build.0 = Release|Any CPU
		{5877AB2D-48D7-5D82-147A-EF1339C5FC33}.Debug|Any CPU.ActiveCfg = Debug|Any CPU
		{5877AB2D-48D7-5D82-147A-EF1339C5FC33}.Debug|Any CPU.Build.0 = Debug|Any CPU
		{5877AB2D-48D7-5D82-147A-EF1339C5FC33}.Release|Any CPU.ActiveCfg = Release|Any CPU
		{5877AB2D-48D7-5D82-147A-EF1339C5FC33}.Release|Any CPU.Build.0 = Release|Any CPU
		{AD96FEAE-2969-4BC6-8F0E-A0727F307E92}.Debug|Any CPU.ActiveCfg = Debug|Any CPU
		{AD96FEAE-2969-4BC6-8F0E-A0727F307E92}.Debug|Any CPU.Build.0 = Debug|Any CPU
		{AD96FEAE-2969-4BC6-8F0E-A0727F307E92}.Release|Any CPU.ActiveCfg = Release|Any CPU
		{AD96FEAE-2969-4BC6-8F0E-A0727F307E92}.Release|Any CPU.Build.0 = Release|Any CPU
		{D457517D-F45F-473F-9FE2-6DD4B80EEA4B}.Debug|Any CPU.ActiveCfg = Debug|Any CPU
		{D457517D-F45F-473F-9FE2-6DD4B80EEA4B}.Debug|Any CPU.Build.0 = Debug|Any CPU
		{D457517D-F45F-473F-9FE2-6DD4B80EEA4B}.Release|Any CPU.ActiveCfg = Release|Any CPU
		{D457517D-F45F-473F-9FE2-6DD4B80EEA4B}.Release|Any CPU.Build.0 = Release|Any CPU
		{D759EC02-1105-4882-AF3E-049C440C92C3}.Debug|Any CPU.ActiveCfg = Debug|Any CPU
		{D759EC02-1105-4882-AF3E-049C440C92C3}.Debug|Any CPU.Build.0 = Debug|Any CPU
		{D759EC02-1105-4882-AF3E-049C440C92C3}.Release|Any CPU.ActiveCfg = Release|Any CPU
		{D759EC02-1105-4882-AF3E-049C440C92C3}.Release|Any CPU.Build.0 = Release|Any CPU
		{C24AF09E-FBC2-47F3-959F-43E82791F1A8}.Debug|Any CPU.ActiveCfg = Debug|Any CPU
		{C24AF09E-FBC2-47F3-959F-43E82791F1A8}.Debug|Any CPU.Build.0 = Debug|Any CPU
		{C24AF09E-FBC2-47F3-959F-43E82791F1A8}.Release|Any CPU.ActiveCfg = Release|Any CPU
		{C24AF09E-FBC2-47F3-959F-43E82791F1A8}.Release|Any CPU.Build.0 = Release|Any CPU
		{512EA7AB-3088-4815-8B39-0E32102F4481}.Debug|Any CPU.ActiveCfg = Debug|Any CPU
		{512EA7AB-3088-4815-8B39-0E32102F4481}.Debug|Any CPU.Build.0 = Debug|Any CPU
		{512EA7AB-3088-4815-8B39-0E32102F4481}.Release|Any CPU.ActiveCfg = Release|Any CPU
		{512EA7AB-3088-4815-8B39-0E32102F4481}.Release|Any CPU.Build.0 = Release|Any CPU
	EndGlobalSection
	GlobalSection(SolutionProperties) = preSolution
		HideSolutionNode = FALSE
	EndGlobalSection
	GlobalSection(NestedProjects) = preSolution
		{02EA681E-C7D8-13C7-8484-4AC65E1B71E8} = {03C7C194-107E-4508-93AE-7B52BF0EADB7}
		{03C7C194-107E-4508-93AE-7B52BF0EADB7} = {F06945E3-DB99-4C7F-90A6-C0257B13FB17}
		{110A6C73-D610-4807-B411-CE82572319DC} = {F06945E3-DB99-4C7F-90A6-C0257B13FB17}
		{1456A959-8A14-49BB-90BD-E2D3D3D854C0} = {1D99A831-2D9F-49E4-A314-6A323722D698}
		{C5D893B4-F476-44DA-8440-2F31763E24B3} = {C5BB4AF3-A92A-4E4F-8A40-3AAAC63BB120}
		{3AB4086D-86A4-A094-4131-3F6D7D7752F3} = {02EA681E-C7D8-13C7-8484-4AC65E1B71E8}
		{855515EA-FD68-6E0C-3F4F-B9C0F903281D} = {02EA681E-C7D8-13C7-8484-4AC65E1B71E8}
		{DCE950A0-1FE9-BD3A-AEBA-F1B58C0E46F4} = {03C7C194-107E-4508-93AE-7B52BF0EADB7}
		{535A28BE-7CA2-5466-4209-180D005605D5} = {03C7C194-107E-4508-93AE-7B52BF0EADB7}
		{92AAFE82-8D07-1A02-2AD0-B3F4B90A2864} = {F06945E3-DB99-4C7F-90A6-C0257B13FB17}
		{255999BC-27A8-6390-CD6D-77340D600E9A} = {BBFBB8D4-3D36-4E5E-8EBA-1C5B4DF0C870}
		{5877AB2D-48D7-5D82-147A-EF1339C5FC33} = {110A6C73-D610-4807-B411-CE82572319DC}
		{AD96FEAE-2969-4BC6-8F0E-A0727F307E92} = {F06945E3-DB99-4C7F-90A6-C0257B13FB17}
		{D457517D-F45F-473F-9FE2-6DD4B80EEA4B} = {1D99A831-2D9F-49E4-A314-6A323722D698}
		{D759EC02-1105-4882-AF3E-049C440C92C3} = {1D99A831-2D9F-49E4-A314-6A323722D698}
		{C24AF09E-FBC2-47F3-959F-43E82791F1A8} = {A82D2251-F42C-4A6D-8DC3-2D381B88C14C}
		{512EA7AB-3088-4815-8B39-0E32102F4481} = {A82D2251-F42C-4A6D-8DC3-2D381B88C14C}
	EndGlobalSection
	GlobalSection(ExtensibilityGlobals) = postSolution
		SolutionGuid = {313FC583-E730-44BE-AA39-9B2A580339FC}
	EndGlobalSection
EndGlobal
