
Microsoft Visual Studio Solution File, Format Version 12.00
# Visual Studio Version 17
VisualStudioVersion = 17.13.36105.23
MinimumVisualStudioVersion = 10.0.40219.1
Project("{FAE04EC0-301F-11D3-BF4B-00C04F79EFBC}") = "LearningTag.Entity", "LearningTag.Entity\LearningTag.Entity.csproj", "{0D159D55-F514-43DA-9FD6-79E95C883D8C}"
EndProject
Project("{2150E333-8FDC-42A3-9474-1A3956D46DE8}") = "Modules", "Modules", "{02EA681E-C7D8-13C7-8484-4AC65E1B71E8}"
EndProject
Project("{FAE04EC0-301F-11D3-BF4B-00C04F79EFBC}") = "LearningTag.Utils", "LearningTag.Utils\LearningTag.Utils.csproj", "{14A224D0-B8BB-4032-A28B-16C39DCD75B4}"
EndProject
Project("{2150E333-8FDC-42A3-9474-1A3956D46DE8}") = "Prism", "Prism", "{03C7C194-107E-4508-93AE-7B52BF0EADB7}"
EndProject
Project("{2150E333-8FDC-42A3-9474-1A3956D46DE8}") = "Toolkit", "Toolkit", "{110A6C73-D610-4807-B411-CE82572319DC}"
EndProject
Project("{FAE04EC0-301F-11D3-BF4B-00C04F79EFBC}") = "AY.Shared", "AY.Shared\AY.Shared.csproj", "{F189AF94-AAE0-4BFC-8CA5-8097402BAE80}"
EndProject
Project("{FAE04EC0-301F-11D3-BF4B-00C04F79EFBC}") = "LearningTag.About", "Prism\Modules\LearningTag.About\LearningTag.About.csproj", "{04D28B76-F785-AC83-E982-F5181BBA9637}"
EndProject
Project("{FAE04EC0-301F-11D3-BF4B-00C04F79EFBC}") = "LearningTag.Setting", "Prism\Modules\LearningTag.Setting\LearningTag.Setting.csproj", "{5B59ED8E-5A90-16C5-F840-5D9B3E86D837}"
EndProject
Project("{FAE04EC0-301F-11D3-BF4B-00C04F79EFBC}") = "LearningTag.PrismShared", "Prism\LearningTag.PrismShared\LearningTag.PrismShared.csproj", "{A6167D5C-D106-7AEC-42BD-FC75F6A43428}"
EndProject
Project("{FAE04EC0-301F-11D3-BF4B-00C04F79EFBC}") = "LearningTagApp", "Prism\LearningTagApp\LearningTagApp.csproj", "{87D4B7EE-C2F0-69F8-6704-8F71A9A9C8C0}"
EndProject
Project("{FAE04EC0-301F-11D3-BF4B-00C04F79EFBC}") = "AY.LearningTag.ToolKitShared", "Toolkit\AY.LearningTag.ToolKitShared\AY.LearningTag.ToolKitShared.csproj", "{02D95E8A-CE3B-E19E-8BA6-B923950115EC}"
EndProject
Project("{FAE04EC0-301F-11D3-BF4B-00C04F79EFBC}") = "AY.LearningTag.App", "Toolkit\AY.LearningTag.App\AY.LearningTag.App.csproj", "{AD051FFD-9B50-D899-856A-050EBA466336}"
EndProject
Project("{FAE04EC0-301F-11D3-BF4B-00C04F79EFBC}") = "AY.Styles", "AY.Styles\AY.Styles.csproj", "{F92E8EAD-25F3-4447-8D47-8BA620E3514A}"
EndProject
Global
	GlobalSection(SolutionConfigurationPlatforms) = preSolution
		Debug|Any CPU = Debug|Any CPU
		Release|Any CPU = Release|Any CPU
	EndGlobalSection
	GlobalSection(ProjectConfigurationPlatforms) = postSolution
		{0D159D55-F514-43DA-9FD6-79E95C883D8C}.Debug|Any CPU.ActiveCfg = Debug|Any CPU
		{0D159D55-F514-43DA-9FD6-79E95C883D8C}.Debug|Any CPU.Build.0 = Debug|Any CPU
		{0D159D55-F514-43DA-9FD6-79E95C883D8C}.Release|Any CPU.ActiveCfg = Release|Any CPU
		{0D159D55-F514-43DA-9FD6-79E95C883D8C}.Release|Any CPU.Build.0 = Release|Any CPU
		{14A224D0-B8BB-4032-A28B-16C39DCD75B4}.Debug|Any CPU.ActiveCfg = Debug|Any CPU
		{14A224D0-B8BB-4032-A28B-16C39DCD75B4}.Debug|Any CPU.Build.0 = Debug|Any CPU
		{14A224D0-B8BB-4032-A28B-16C39DCD75B4}.Release|Any CPU.ActiveCfg = Release|Any CPU
		{14A224D0-B8BB-4032-A28B-16C39DCD75B4}.Release|Any CPU.Build.0 = Release|Any CPU
		{F189AF94-AAE0-4BFC-8CA5-8097402BAE80}.Debug|Any CPU.ActiveCfg = Debug|Any CPU
		{F189AF94-AAE0-4BFC-8CA5-8097402BAE80}.Debug|Any CPU.Build.0 = Debug|Any CPU
		{F189AF94-AAE0-4BFC-8CA5-8097402BAE80}.Release|Any CPU.ActiveCfg = Release|Any CPU
		{F189AF94-AAE0-4BFC-8CA5-8097402BAE80}.Release|Any CPU.Build.0 = Release|Any CPU
		{04D28B76-F785-AC83-E982-F5181BBA9637}.Debug|Any CPU.ActiveCfg = Debug|Any CPU
		{04D28B76-F785-AC83-E982-F5181BBA9637}.Debug|Any CPU.Build.0 = Debug|Any CPU
		{04D28B76-F785-AC83-E982-F5181BBA9637}.Release|Any CPU.ActiveCfg = Release|Any CPU
		{04D28B76-F785-AC83-E982-F5181BBA9637}.Release|Any CPU.Build.0 = Release|Any CPU
		{5B59ED8E-5A90-16C5-F840-5D9B3E86D837}.Debug|Any CPU.ActiveCfg = Debug|Any CPU
		{5B59ED8E-5A90-16C5-F840-5D9B3E86D837}.Debug|Any CPU.Build.0 = Debug|Any CPU
		{5B59ED8E-5A90-16C5-F840-5D9B3E86D837}.Release|Any CPU.ActiveCfg = Release|Any CPU
		{5B59ED8E-5A90-16C5-F840-5D9B3E86D837}.Release|Any CPU.Build.0 = Release|Any CPU
		{A6167D5C-D106-7AEC-42BD-FC75F6A43428}.Debug|Any CPU.ActiveCfg = Debug|Any CPU
		{A6167D5C-D106-7AEC-42BD-FC75F6A43428}.Debug|Any CPU.Build.0 = Debug|Any CPU
		{A6167D5C-D106-7AEC-42BD-FC75F6A43428}.Release|Any CPU.ActiveCfg = Release|Any CPU
		{A6167D5C-D106-7AEC-42BD-FC75F6A43428}.Release|Any CPU.Build.0 = Release|Any CPU
		{87D4B7EE-C2F0-69F8-6704-8F71A9A9C8C0}.Debug|Any CPU.ActiveCfg = Debug|Any CPU
		{87D4B7EE-C2F0-69F8-6704-8F71A9A9C8C0}.Debug|Any CPU.Build.0 = Debug|Any CPU
		{87D4B7EE-C2F0-69F8-6704-8F71A9A9C8C0}.Release|Any CPU.ActiveCfg = Release|Any CPU
		{87D4B7EE-C2F0-69F8-6704-8F71A9A9C8C0}.Release|Any CPU.Build.0 = Release|Any CPU
		{02D95E8A-CE3B-E19E-8BA6-B923950115EC}.Debug|Any CPU.ActiveCfg = Debug|Any CPU
		{02D95E8A-CE3B-E19E-8BA6-B923950115EC}.Debug|Any CPU.Build.0 = Debug|Any CPU
		{02D95E8A-CE3B-E19E-8BA6-B923950115EC}.Release|Any CPU.ActiveCfg = Release|Any CPU
		{02D95E8A-CE3B-E19E-8BA6-B923950115EC}.Release|Any CPU.Build.0 = Release|Any CPU
		{AD051FFD-9B50-D899-856A-050EBA466336}.Debug|Any CPU.ActiveCfg = Debug|Any CPU
		{AD051FFD-9B50-D899-856A-050EBA466336}.Debug|Any CPU.Build.0 = Debug|Any CPU
		{AD051FFD-9B50-D899-856A-050EBA466336}.Release|Any CPU.ActiveCfg = Release|Any CPU
		{AD051FFD-9B50-D899-856A-050EBA466336}.Release|Any CPU.Build.0 = Release|Any CPU
		{F92E8EAD-25F3-4447-8D47-8BA620E3514A}.Debug|Any CPU.ActiveCfg = Debug|Any CPU
		{F92E8EAD-25F3-4447-8D47-8BA620E3514A}.Debug|Any CPU.Build.0 = Debug|Any CPU
		{F92E8EAD-25F3-4447-8D47-8BA620E3514A}.Release|Any CPU.ActiveCfg = Release|Any CPU
		{F92E8EAD-25F3-4447-8D47-8BA620E3514A}.Release|Any CPU.Build.0 = Release|Any CPU
	EndGlobalSection
	GlobalSection(SolutionProperties) = preSolution
		HideSolutionNode = FALSE
	EndGlobalSection
	GlobalSection(NestedProjects) = preSolution
		{02EA681E-C7D8-13C7-8484-4AC65E1B71E8} = {03C7C194-107E-4508-93AE-7B52BF0EADB7}
		{04D28B76-F785-AC83-E982-F5181BBA9637} = {02EA681E-C7D8-13C7-8484-4AC65E1B71E8}
		{5B59ED8E-5A90-16C5-F840-5D9B3E86D837} = {02EA681E-C7D8-13C7-8484-4AC65E1B71E8}
		{A6167D5C-D106-7AEC-42BD-FC75F6A43428} = {03C7C194-107E-4508-93AE-7B52BF0EADB7}
		{87D4B7EE-C2F0-69F8-6704-8F71A9A9C8C0} = {03C7C194-107E-4508-93AE-7B52BF0EADB7}
		{02D95E8A-CE3B-E19E-8BA6-B923950115EC} = {110A6C73-D610-4807-B411-CE82572319DC}
		{AD051FFD-9B50-D899-856A-050EBA466336} = {110A6C73-D610-4807-B411-CE82572319DC}
	EndGlobalSection
	GlobalSection(ExtensibilityGlobals) = postSolution
		SolutionGuid = {313FC583-E730-44BE-AA39-9B2A580339FC}
	EndGlobalSection
EndGlobal
