
Microsoft Visual Studio Solution File, Format Version 12.00
# Visual Studio Version 17
VisualStudioVersion = 17.13.36105.23
MinimumVisualStudioVersion = 10.0.40219.1
Project("{FAE04EC0-301F-11D3-BF4B-00C04F79EFBC}") = "LearningTagApp", "LearningTagApp\LearningTagApp.csproj", "{1108FE2E-7B41-486A-A519-DD826BA5B5A3}"
EndProject
Project("{FAE04EC0-301F-11D3-BF4B-00C04F79EFBC}") = "LearningTag.Entity", "LearningTag.Entity\LearningTag.Entity.csproj", "{0D159D55-F514-43DA-9FD6-79E95C883D8C}"
EndProject
Project("{FAE04EC0-301F-11D3-BF4B-00C04F79EFBC}") = "LearningTag.Shared", "LearningTag.Shared\LearningTag.Shared.csproj", "{A49278F0-0575-41FE-8B86-BE5D2C9D81AD}"
EndProject
Global
	GlobalSection(SolutionConfigurationPlatforms) = preSolution
		Debug|Any CPU = Debug|Any CPU
		Release|Any CPU = Release|Any CPU
	EndGlobalSection
	GlobalSection(ProjectConfigurationPlatforms) = postSolution
		{1108FE2E-7B41-486A-A519-DD826BA5B5A3}.Debug|Any CPU.ActiveCfg = Debug|Any CPU
		{1108FE2E-7B41-486A-A519-DD826BA5B5A3}.Debug|Any CPU.Build.0 = Debug|Any CPU
		{1108FE2E-7B41-486A-A519-DD826BA5B5A3}.Release|Any CPU.ActiveCfg = Release|Any CPU
		{1108FE2E-7B41-486A-A519-DD826BA5B5A3}.Release|Any CPU.Build.0 = Release|Any CPU
		{0D159D55-F514-43DA-9FD6-79E95C883D8C}.Debug|Any CPU.ActiveCfg = Debug|Any CPU
		{0D159D55-F514-43DA-9FD6-79E95C883D8C}.Debug|Any CPU.Build.0 = Debug|Any CPU
		{0D159D55-F514-43DA-9FD6-79E95C883D8C}.Release|Any CPU.ActiveCfg = Release|Any CPU
		{0D159D55-F514-43DA-9FD6-79E95C883D8C}.Release|Any CPU.Build.0 = Release|Any CPU
		{A49278F0-0575-41FE-8B86-BE5D2C9D81AD}.Debug|Any CPU.ActiveCfg = Debug|Any CPU
		{A49278F0-0575-41FE-8B86-BE5D2C9D81AD}.Debug|Any CPU.Build.0 = Debug|Any CPU
		{A49278F0-0575-41FE-8B86-BE5D2C9D81AD}.Release|Any CPU.ActiveCfg = Release|Any CPU
		{A49278F0-0575-41FE-8B86-BE5D2C9D81AD}.Release|Any CPU.Build.0 = Release|Any CPU
	EndGlobalSection
	GlobalSection(SolutionProperties) = preSolution
		HideSolutionNode = FALSE
	EndGlobalSection
	GlobalSection(ExtensibilityGlobals) = postSolution
		SolutionGuid = {313FC583-E730-44BE-AA39-9B2A580339FC}
	EndGlobalSection
EndGlobal
