
Microsoft Visual Studio Solution File, Format Version 12.00
# Visual Studio Version 16
VisualStudioVersion = 16.0.34031.81
MinimumVisualStudioVersion = 10.0.40219.1
Project("{2150E333-8FDC-42A3-9474-1A3956D46DE8}") = "WpfApp", "WpfApp", "{23E4997A-F517-4224-955C-8E01A5C32565}"
EndProject
Project("{FAE04EC0-301F-11D3-BF4B-00C04F79EFBC}") = "S12_3", "WpfApp\S12_3\S12_3.csproj", "{355C95F6-9432-4FDB-8EA0-AE7C5B8A2E90}"
EndProject
Project("{2150E333-8FDC-42A3-9474-1A3956D46DE8}") = "1. 依赖项属性", "1. 依赖项属性", "{7B39439A-1C97-433B-9AF6-416E7AD3B110}"
EndProject
Project("{2150E333-8FDC-42A3-9474-1A3956D46DE8}") = "2. 路由事件", "2. 路由事件", "{95D393E0-106B-4260-A11C-4005F875E8FD}"
EndProject
Project("{FAE04EC0-301F-11D3-BF4B-00C04F79EFBC}") = "S12_4", "WpfApp\S12_4\S12_4.csproj", "{197A962B-F715-4217-A3E6-6CE524C63204}"
EndProject
Project("{2150E333-8FDC-42A3-9474-1A3956D46DE8}") = "3. 控件", "3. 控件", "{E2838EF7-9ECC-4789-9385-A19389291026}"
EndProject
Project("{FAE04EC0-301F-11D3-BF4B-00C04F79EFBC}") = "S12_5", "WpfApp\S12_5\S12_5.csproj", "{A5915E6E-B044-4F74-A33C-767761A2323E}"
EndProject
Project("{2150E333-8FDC-42A3-9474-1A3956D46DE8}") = "4. 数据绑定与视图呈现", "4. 数据绑定与视图呈现", "{1CC88F63-B9F0-4F29-A226-29927D5572E7}"
EndProject
Project("{FAE04EC0-301F-11D3-BF4B-00C04F79EFBC}") = "S12_6", "WpfApp\S12_6\S12_6.csproj", "{52DEB38C-58BA-421E-B09F-D830439F901E}"
EndProject
Project("{2150E333-8FDC-42A3-9474-1A3956D46DE8}") = "5. 布局", "5. 布局", "{FA032587-D93A-4AFD-A203-059360114E6E}"
EndProject
Project("{FAE04EC0-301F-11D3-BF4B-00C04F79EFBC}") = "S12_7", "WpfApp\S12_7\S12_7.csproj", "{A15FA36B-2763-4A47-9BE7-34F6ECCC73BE}"
EndProject
Project("{2150E333-8FDC-42A3-9474-1A3956D46DE8}") = "6. 用户控件与自定义控件", "6. 用户控件与自定义控件", "{FC27669A-B1A0-4F1D-BEBB-3D9CC000B9F6}"
EndProject
Project("{FAE04EC0-301F-11D3-BF4B-00C04F79EFBC}") = "S12_8", "WpfApp\S12_8\S12_8.csproj", "{EC063314-7721-43E9-9DEB-29E7B40699B5}"
EndProject
Project("{2150E333-8FDC-42A3-9474-1A3956D46DE8}") = "7. 样式与资源", "7. 样式与资源", "{49317B99-2FFC-4689-B215-056EFA9C12AE}"
EndProject
Project("{FAE04EC0-301F-11D3-BF4B-00C04F79EFBC}") = "S12_9", "WpfApp\S12_9\S12_9.csproj", "{55774E62-7BE8-420E-97B3-79B2FC490FF7}"
EndProject
Global
	GlobalSection(SolutionConfigurationPlatforms) = preSolution
		Debug|Any CPU = Debug|Any CPU
		Release|Any CPU = Release|Any CPU
	EndGlobalSection
	GlobalSection(ProjectConfigurationPlatforms) = postSolution
		{355C95F6-9432-4FDB-8EA0-AE7C5B8A2E90}.Debug|Any CPU.ActiveCfg = Debug|Any CPU
		{355C95F6-9432-4FDB-8EA0-AE7C5B8A2E90}.Debug|Any CPU.Build.0 = Debug|Any CPU
		{355C95F6-9432-4FDB-8EA0-AE7C5B8A2E90}.Release|Any CPU.ActiveCfg = Release|Any CPU
		{355C95F6-9432-4FDB-8EA0-AE7C5B8A2E90}.Release|Any CPU.Build.0 = Release|Any CPU
		{197A962B-F715-4217-A3E6-6CE524C63204}.Debug|Any CPU.ActiveCfg = Debug|Any CPU
		{197A962B-F715-4217-A3E6-6CE524C63204}.Debug|Any CPU.Build.0 = Debug|Any CPU
		{197A962B-F715-4217-A3E6-6CE524C63204}.Release|Any CPU.ActiveCfg = Release|Any CPU
		{197A962B-F715-4217-A3E6-6CE524C63204}.Release|Any CPU.Build.0 = Release|Any CPU
		{A5915E6E-B044-4F74-A33C-767761A2323E}.Debug|Any CPU.ActiveCfg = Debug|Any CPU
		{A5915E6E-B044-4F74-A33C-767761A2323E}.Debug|Any CPU.Build.0 = Debug|Any CPU
		{A5915E6E-B044-4F74-A33C-767761A2323E}.Release|Any CPU.ActiveCfg = Release|Any CPU
		{A5915E6E-B044-4F74-A33C-767761A2323E}.Release|Any CPU.Build.0 = Release|Any CPU
		{52DEB38C-58BA-421E-B09F-D830439F901E}.Debug|Any CPU.ActiveCfg = Debug|Any CPU
		{52DEB38C-58BA-421E-B09F-D830439F901E}.Debug|Any CPU.Build.0 = Debug|Any CPU
		{52DEB38C-58BA-421E-B09F-D830439F901E}.Release|Any CPU.ActiveCfg = Release|Any CPU
		{52DEB38C-58BA-421E-B09F-D830439F901E}.Release|Any CPU.Build.0 = Release|Any CPU
		{A15FA36B-2763-4A47-9BE7-34F6ECCC73BE}.Debug|Any CPU.ActiveCfg = Debug|Any CPU
		{A15FA36B-2763-4A47-9BE7-34F6ECCC73BE}.Debug|Any CPU.Build.0 = Debug|Any CPU
		{A15FA36B-2763-4A47-9BE7-34F6ECCC73BE}.Release|Any CPU.ActiveCfg = Release|Any CPU
		{A15FA36B-2763-4A47-9BE7-34F6ECCC73BE}.Release|Any CPU.Build.0 = Release|Any CPU
		{EC063314-7721-43E9-9DEB-29E7B40699B5}.Debug|Any CPU.ActiveCfg = Debug|Any CPU
		{EC063314-7721-43E9-9DEB-29E7B40699B5}.Debug|Any CPU.Build.0 = Debug|Any CPU
		{EC063314-7721-43E9-9DEB-29E7B40699B5}.Release|Any CPU.ActiveCfg = Release|Any CPU
		{EC063314-7721-43E9-9DEB-29E7B40699B5}.Release|Any CPU.Build.0 = Release|Any CPU
		{55774E62-7BE8-420E-97B3-79B2FC490FF7}.Debug|Any CPU.ActiveCfg = Debug|Any CPU
		{55774E62-7BE8-420E-97B3-79B2FC490FF7}.Debug|Any CPU.Build.0 = Debug|Any CPU
		{55774E62-7BE8-420E-97B3-79B2FC490FF7}.Release|Any CPU.ActiveCfg = Release|Any CPU
		{55774E62-7BE8-420E-97B3-79B2FC490FF7}.Release|Any CPU.Build.0 = Release|Any CPU
	EndGlobalSection
	GlobalSection(SolutionProperties) = preSolution
		HideSolutionNode = FALSE
	EndGlobalSection
	GlobalSection(NestedProjects) = preSolution
		{355C95F6-9432-4FDB-8EA0-AE7C5B8A2E90} = {7B39439A-1C97-433B-9AF6-416E7AD3B110}
		{7B39439A-1C97-433B-9AF6-416E7AD3B110} = {23E4997A-F517-4224-955C-8E01A5C32565}
		{95D393E0-106B-4260-A11C-4005F875E8FD} = {23E4997A-F517-4224-955C-8E01A5C32565}
		{197A962B-F715-4217-A3E6-6CE524C63204} = {95D393E0-106B-4260-A11C-4005F875E8FD}
		{E2838EF7-9ECC-4789-9385-A19389291026} = {23E4997A-F517-4224-955C-8E01A5C32565}
		{A5915E6E-B044-4F74-A33C-767761A2323E} = {E2838EF7-9ECC-4789-9385-A19389291026}
		{1CC88F63-B9F0-4F29-A226-29927D5572E7} = {23E4997A-F517-4224-955C-8E01A5C32565}
		{52DEB38C-58BA-421E-B09F-D830439F901E} = {1CC88F63-B9F0-4F29-A226-29927D5572E7}
		{FA032587-D93A-4AFD-A203-059360114E6E} = {23E4997A-F517-4224-955C-8E01A5C32565}
		{A15FA36B-2763-4A47-9BE7-34F6ECCC73BE} = {FA032587-D93A-4AFD-A203-059360114E6E}
		{FC27669A-B1A0-4F1D-BEBB-3D9CC000B9F6} = {23E4997A-F517-4224-955C-8E01A5C32565}
		{EC063314-7721-43E9-9DEB-29E7B40699B5} = {FC27669A-B1A0-4F1D-BEBB-3D9CC000B9F6}
		{49317B99-2FFC-4689-B215-056EFA9C12AE} = {23E4997A-F517-4224-955C-8E01A5C32565}
		{55774E62-7BE8-420E-97B3-79B2FC490FF7} = {49317B99-2FFC-4689-B215-056EFA9C12AE}
	EndGlobalSection
	GlobalSection(ExtensibilityGlobals) = postSolution
		SolutionGuid = {450C5CE6-F818-42E2-A60E-6BBEC4EE8032}
	EndGlobalSection
EndGlobal
