
Microsoft Visual Studio Solution File, Format Version 12.00
# Visual Studio Version 16
VisualStudioVersion = 16.0.34031.81
MinimumVisualStudioVersion = 10.0.40219.1
Project("{2150E333-8FDC-42A3-9474-1A3956D46DE8}") = "WpfApp", "WpfApp", "{23E4997A-F517-4224-955C-8E01A5C32565}"
EndProject
Project("{FAE04EC0-301F-11D3-BF4B-00C04F79EFBC}") = "S12_3", "WpfApp\S12_3\S12_3.csproj", "{355C95F6-9432-4FDB-8EA0-AE7C5B8A2E90}"
EndProject
Project("{2150E333-8FDC-42A3-9474-1A3956D46DE8}") = "1. 依赖项属性", "1. 依赖项属性", "{7B39439A-1C97-433B-9AF6-416E7AD3B110}"
EndProject
Project("{2150E333-8FDC-42A3-9474-1A3956D46DE8}") = "2. 路由事件", "2. 路由事件", "{95D393E0-106B-4260-A11C-4005F875E8FD}"
EndProject
Project("{FAE04EC0-301F-11D3-BF4B-00C04F79EFBC}") = "S12_4", "WpfApp\S12_4\S12_4.csproj", "{197A962B-F715-4217-A3E6-6CE524C63204}"
EndProject
Project("{2150E333-8FDC-42A3-9474-1A3956D46DE8}") = "3. 控件", "3. 控件", "{E2838EF7-9ECC-4789-9385-A19389291026}"
EndProject
Project("{FAE04EC0-301F-11D3-BF4B-00C04F79EFBC}") = "S12_5", "WpfApp\S12_5\S12_5.csproj", "{A5915E6E-B044-4F74-A33C-767761A2323E}"
EndProject
Global
	GlobalSection(SolutionConfigurationPlatforms) = preSolution
		Debug|Any CPU = Debug|Any CPU
		Release|Any CPU = Release|Any CPU
	EndGlobalSection
	GlobalSection(ProjectConfigurationPlatforms) = postSolution
		{355C95F6-9432-4FDB-8EA0-AE7C5B8A2E90}.Debug|Any CPU.ActiveCfg = Debug|Any CPU
		{355C95F6-9432-4FDB-8EA0-AE7C5B8A2E90}.Debug|Any CPU.Build.0 = Debug|Any CPU
		{355C95F6-9432-4FDB-8EA0-AE7C5B8A2E90}.Release|Any CPU.ActiveCfg = Release|Any CPU
		{355C95F6-9432-4FDB-8EA0-AE7C5B8A2E90}.Release|Any CPU.Build.0 = Release|Any CPU
		{197A962B-F715-4217-A3E6-6CE524C63204}.Debug|Any CPU.ActiveCfg = Debug|Any CPU
		{197A962B-F715-4217-A3E6-6CE524C63204}.Debug|Any CPU.Build.0 = Debug|Any CPU
		{197A962B-F715-4217-A3E6-6CE524C63204}.Release|Any CPU.ActiveCfg = Release|Any CPU
		{197A962B-F715-4217-A3E6-6CE524C63204}.Release|Any CPU.Build.0 = Release|Any CPU
		{A5915E6E-B044-4F74-A33C-767761A2323E}.Debug|Any CPU.ActiveCfg = Debug|Any CPU
		{A5915E6E-B044-4F74-A33C-767761A2323E}.Debug|Any CPU.Build.0 = Debug|Any CPU
		{A5915E6E-B044-4F74-A33C-767761A2323E}.Release|Any CPU.ActiveCfg = Release|Any CPU
		{A5915E6E-B044-4F74-A33C-767761A2323E}.Release|Any CPU.Build.0 = Release|Any CPU
	EndGlobalSection
	GlobalSection(SolutionProperties) = preSolution
		HideSolutionNode = FALSE
	EndGlobalSection
	GlobalSection(NestedProjects) = preSolution
		{355C95F6-9432-4FDB-8EA0-AE7C5B8A2E90} = {7B39439A-1C97-433B-9AF6-416E7AD3B110}
		{7B39439A-1C97-433B-9AF6-416E7AD3B110} = {23E4997A-F517-4224-955C-8E01A5C32565}
		{95D393E0-106B-4260-A11C-4005F875E8FD} = {23E4997A-F517-4224-955C-8E01A5C32565}
		{197A962B-F715-4217-A3E6-6CE524C63204} = {95D393E0-106B-4260-A11C-4005F875E8FD}
		{E2838EF7-9ECC-4789-9385-A19389291026} = {23E4997A-F517-4224-955C-8E01A5C32565}
		{A5915E6E-B044-4F74-A33C-767761A2323E} = {E2838EF7-9ECC-4789-9385-A19389291026}
	EndGlobalSection
	GlobalSection(ExtensibilityGlobals) = postSolution
		SolutionGuid = {450C5CE6-F818-42E2-A60E-6BBEC4EE8032}
	EndGlobalSection
EndGlobal
