
Microsoft Visual Studio Solution File, Format Version 12.00
# Visual Studio Version 16
VisualStudioVersion = 16.0.28803.156
MinimumVisualStudioVersion = 10.0.40219.1
Project("{2150E333-8FDC-42A3-9474-1A3956D46DE8}") = "Docs.Web", "Docs.Web", "{44A6CE2D-6381-49C8-B232-55FDC4D02025}"
EndProject
Project("{2150E333-8FDC-42A3-9474-1A3956D46DE8}") = "MVC", "MVC", "{E6016161-BB73-4749-BC24-7415B561DAB9}"
EndProject
Project("{2150E333-8FDC-42A3-9474-1A3956D46DE8}") = "WebAPI", "WebAPI", "{E234A812-20D3-436F-8330-3E70BBC73E6B}"
EndProject
Project("{2150E333-8FDC-42A3-9474-1A3956D46DE8}") = "Docs.Fundamentals", "Docs.Fundamentals", "{C0284FBA-F7EC-4548-A940-28E7C73CFA8B}"
EndProject
Project("{2150E333-8FDC-42A3-9474-1A3956D46DE8}") = "RazorPages", "RazorPages", "{22E8C9DB-0B5D-49EB-BC78-DD28F13EB5D1}"
EndProject
Project("{9A19103F-16F7-4668-BE54-9A1E7A4F7556}") = "Docs.MvcMovie.Sample", "Docs.MvcMovie.Sample\Docs.MvcMovie.Sample.csproj", "{E8A7F923-9164-4D0E-AB6F-FEB6472A25E8}"
EndProject
Project("{9A19103F-16F7-4668-BE54-9A1E7A4F7556}") = "My.MVC.Study", "My.MVC.Study\My.MVC.Study.csproj", "{27BE8981-2299-4673-B04F-FA615B186D32}"
EndProject
Project("{9A19103F-16F7-4668-BE54-9A1E7A4F7556}") = "Docs.RazorPagesMovie.Sample", "Docs.RazorPagesMovie.Sample\Docs.RazorPagesMovie.Sample.csproj", "{5C4C6B13-A291-4CE1-8BFC-34C35E48CBD5}"
EndProject
Project("{9A19103F-16F7-4668-BE54-9A1E7A4F7556}") = "My.Razor.Study", "My.Razor.Study\My.Razor.Study.csproj", "{A9E7F09D-1D12-448C-8540-5FBE70DA36EA}"
EndProject
Project("{9A19103F-16F7-4668-BE54-9A1E7A4F7556}") = "My.Filters.Study", "My.Filters.Study\My.Filters.Study.csproj", "{A0918CFD-564F-4598-97E0-AE19B4AEF058}"
EndProject
Project("{2150E333-8FDC-42A3-9474-1A3956D46DE8}") = "处理错误", "处理错误", "{242E553A-DB01-4557-A63C-8C6C5B375CF9}"
EndProject
Project("{2150E333-8FDC-42A3-9474-1A3956D46DE8}") = "服务器", "服务器", "{F341E271-73F3-4B56-A90F-15849968F2BB}"
EndProject
Project("{2150E333-8FDC-42A3-9474-1A3956D46DE8}") = "环境", "环境", "{C292CF41-BF17-44D2-B44D-968018A072ED}"
EndProject
Project("{2150E333-8FDC-42A3-9474-1A3956D46DE8}") = "路由", "路由", "{4ECA8300-DB8D-4AE8-9F17-238CE14B83AF}"
EndProject
Project("{2150E333-8FDC-42A3-9474-1A3956D46DE8}") = "启动HTTP请求", "启动HTTP请求", "{EB15CA41-DD12-4C10-B11A-20A5DFE68A2A}"
EndProject
Project("{2150E333-8FDC-42A3-9474-1A3956D46DE8}") = "日志记录", "日志记录", "{31015BA7-2EFE-4A5B-941C-C705BFA58414}"
EndProject
Project("{2150E333-8FDC-42A3-9474-1A3956D46DE8}") = "选项", "选项", "{9FE64A65-A145-4EA3-93C7-161F243D1772}"
EndProject
Project("{2150E333-8FDC-42A3-9474-1A3956D46DE8}") = "应用启动", "应用启动", "{C574A2E5-AA92-4349-B9CD-0DC6C0EBF910}"
EndProject
Project("{2150E333-8FDC-42A3-9474-1A3956D46DE8}") = "Filters ( 筛选器 )", "Filters ( 筛选器 )", "{3F0509D7-9D16-4E63-98D5-51CA3B01692E}"
EndProject
Project("{9A19103F-16F7-4668-BE54-9A1E7A4F7556}") = "My.RazorClassLib.Study", "My.RazorClassLib.Study\My.RazorClassLib.Study.csproj", "{29D08BD6-020D-4234-AA56-CA9556119754}"
EndProject
Project("{2150E333-8FDC-42A3-9474-1A3956D46DE8}") = "Razor类库", "Razor类库", "{E473FEE6-3540-4754-97DB-C3F28361682D}"
EndProject
Project("{9A19103F-16F7-4668-BE54-9A1E7A4F7556}") = "My.RazorClassLib.Import.Sample", "My.RazorClassLib.Import.Sample\My.RazorClassLib.Import.Sample.csproj", "{8ED65E47-7305-4E08-ABEF-68C750115300}"
	ProjectSection(ProjectDependencies) = postProject
		{29D08BD6-020D-4234-AA56-CA9556119754} = {29D08BD6-020D-4234-AA56-CA9556119754}
	EndProjectSection
EndProject
Project("{2150E333-8FDC-42A3-9474-1A3956D46DE8}") = "Razor页面路由", "Razor页面路由", "{3C8015D3-3BA9-4451-8E2B-66E2D72C0449}"
EndProject
Project("{2150E333-8FDC-42A3-9474-1A3956D46DE8}") = "Razor页面路由请参见Docs.Web目录中的RazorPages", "Razor页面路由请参见Docs.Web目录中的RazorPages", "{32B4A4EA-C7A5-4F45-939B-F15200A91D22}"
EndProject
Project("{9A19103F-16F7-4668-BE54-9A1E7A4F7556}") = "My.RazorRoute.Study", "My.RazorRoute.Study\My.RazorRoute.Study.csproj", "{C217ED6D-844C-4BC6-8D40-FD8E593A3627}"
EndProject
Project("{2150E333-8FDC-42A3-9474-1A3956D46DE8}") = "会话状态", "会话状态", "{D5B06432-AE03-4DAE-B931-E1541D9BE81D}"
EndProject
Project("{9A19103F-16F7-4668-BE54-9A1E7A4F7556}") = "My.SessionCookie.Study", "My.SessionCookie.Study\My.SessionCookie.Study.csproj", "{508426CE-AFB0-42F3-AADD-686C684FEC25}"
EndProject
Project("{2150E333-8FDC-42A3-9474-1A3956D46DE8}") = "标记帮助程序", "标记帮助程序", "{CFA04C79-79EF-4D09-8FE2-1F1ECCCA8BAF}"
EndProject
Project("{9A19103F-16F7-4668-BE54-9A1E7A4F7556}") = "My.TagHelpers.Study", "My.TagHelpers.Study\My.TagHelpers.Study.csproj", "{2E5D922E-9B41-4B22-A568-3F5C0C40A2A2}"
EndProject
Project("{2150E333-8FDC-42A3-9474-1A3956D46DE8}") = "Layout ( 布局 )", "Layout ( 布局 )", "{77BF9F4D-4BB1-44D9-B601-F39D66695472}"
EndProject
Project("{9A19103F-16F7-4668-BE54-9A1E7A4F7556}") = "My.Layout.Study", "My.Layout.Study\My.Layout.Study.csproj", "{20C40D56-77B0-425B-8701-00B9067B75E3}"
EndProject
Project("{2150E333-8FDC-42A3-9474-1A3956D46DE8}") = "Model Validation ( 模型验证 )", "Model Validation ( 模型验证 )", "{82F17BC5-CD00-484E-BA7B-79E974D931DA}"
EndProject
Project("{9A19103F-16F7-4668-BE54-9A1E7A4F7556}") = "My.ModelValidation.Study", "My.ModelValidation.Study\My.ModelValidation.Study.csproj", "{015711ED-EC35-479D-9208-5CE23F6CD109}"
EndProject
Project("{2150E333-8FDC-42A3-9474-1A3956D46DE8}") = "Razor语法", "Razor语法", "{390C0ED8-542F-4BD2-9AFE-EE5D5E6DE504}"
EndProject
Project("{9A19103F-16F7-4668-BE54-9A1E7A4F7556}") = "My.RazorSyntax.Study", "My.RazorSyntax.Study\My.RazorSyntax.Study.csproj", "{468FDAEE-4195-4F09-AD3F-CAEEF0B86B67}"
EndProject
Project("{2150E333-8FDC-42A3-9474-1A3956D46DE8}") = "视图组件", "视图组件", "{9C9B8409-4BE0-4269-86B6-003A5EF495EE}"
EndProject
Project("{9A19103F-16F7-4668-BE54-9A1E7A4F7556}") = "My.ViewComponents.Study", "My.ViewComponents.Study\My.ViewComponents.Study.csproj", "{D54FE37A-58C2-4B23-9EE4-B029A39D4E48}"
EndProject
Project("{2150E333-8FDC-42A3-9474-1A3956D46DE8}") = "应用程序模型（高级）", "应用程序模型（高级）", "{1140E444-BD80-4262-829D-1BF95EAEBE06}"
EndProject
Project("{9A19103F-16F7-4668-BE54-9A1E7A4F7556}") = "My.MvcApplicationModel.Study", "My.MvcApplicationModel.Study\My.MvcApplicationModel.Study.csproj", "{9E3CF56B-D007-4870-B16B-87AAE718F019}"
EndProject
Project("{9A19103F-16F7-4668-BE54-9A1E7A4F7556}") = "My.MvcFilters.Study", "My.MvcFilters.Study\My.MvcFilters.Study.csproj", "{BF6220E0-38B3-4229-ADC8-BEC16027B6EB}"
EndProject
Project("{2150E333-8FDC-42A3-9474-1A3956D46DE8}") = "Areas ( 区域 )", "Areas ( 区域 )", "{6078488F-3481-473C-9D22-8A0FC1F215EC}"
EndProject
Project("{9A19103F-16F7-4668-BE54-9A1E7A4F7556}") = "My.Area.Study", "My.Area.Study\My.Area.Study.csproj", "{37DCA9C6-F67D-4BE2-9CDF-E78E7542F746}"
EndProject
Project("{2150E333-8FDC-42A3-9474-1A3956D46DE8}") = "Application Parts ( 应用部件 )", "Application Parts ( 应用部件 )", "{7990E07F-997C-4219-AC3C-3E61E910A59B}"
EndProject
Project("{9A19103F-16F7-4668-BE54-9A1E7A4F7556}") = "My.ApplicationParts.Study", "My.ApplicationParts.Study\My.ApplicationParts.Study.csproj", "{3F112452-A52A-4227-AABA-E0F05A9A5D07}"
	ProjectSection(ProjectDependencies) = postProject
		{B3EB2FDB-830C-446A-BB19-37EC76273461} = {B3EB2FDB-830C-446A-BB19-37EC76273461}
	EndProjectSection
EndProject
Project("{9A19103F-16F7-4668-BE54-9A1E7A4F7556}") = "My.ApplicationPart.Wy.Study", "My.ApplicationPart.Wy.Study\My.ApplicationPart.Wy.Study.csproj", "{E163E3EB-4C2A-4E78-8273-147D39B6C279}"
EndProject
Project("{9A19103F-16F7-4668-BE54-9A1E7A4F7556}") = "My.ApplicationPart.SmallZ.Study", "My.ApplicationPart.SmallZ.Study\My.ApplicationPart.SmallZ.Study.csproj", "{1611DFC6-AEA7-43BA-8516-7308AB85EDE5}"
EndProject
Project("{9A19103F-16F7-4668-BE54-9A1E7A4F7556}") = "My.ApplicationPart.Test.Study", "My.ApplicationPart.Test.Study\My.ApplicationPart.Test.Study.csproj", "{B3EB2FDB-830C-446A-BB19-37EC76273461}"
EndProject
Project("{2150E333-8FDC-42A3-9474-1A3956D46DE8}") = "Model Binding ( 模型绑定 )", "Model Binding ( 模型绑定 )", "{055EC62D-7988-45FC-BB92-72C25B0D87D1}"
EndProject
Project("{9A19103F-16F7-4668-BE54-9A1E7A4F7556}") = "My.CustomModelBinding.Study", "My.CustomModelBinding.Study\My.CustomModelBinding.Study.csproj", "{DA0FA7C7-00F2-4ED0-922A-691BF139A480}"
EndProject
Project("{9A19103F-16F7-4668-BE54-9A1E7A4F7556}") = "Docs.TodoApi.Sample", "Docs.TodoApi.Sample\Docs.TodoApi.Sample.csproj", "{E415370E-854D-4B8A-B373-1B2034F6FEB6}"
EndProject
Global
	GlobalSection(SolutionConfigurationPlatforms) = preSolution
		Debug|Any CPU = Debug|Any CPU
		Release|Any CPU = Release|Any CPU
	EndGlobalSection
	GlobalSection(ProjectConfigurationPlatforms) = postSolution
		{E8A7F923-9164-4D0E-AB6F-FEB6472A25E8}.Debug|Any CPU.ActiveCfg = Debug|Any CPU
		{E8A7F923-9164-4D0E-AB6F-FEB6472A25E8}.Debug|Any CPU.Build.0 = Debug|Any CPU
		{E8A7F923-9164-4D0E-AB6F-FEB6472A25E8}.Release|Any CPU.ActiveCfg = Release|Any CPU
		{E8A7F923-9164-4D0E-AB6F-FEB6472A25E8}.Release|Any CPU.Build.0 = Release|Any CPU
		{27BE8981-2299-4673-B04F-FA615B186D32}.Debug|Any CPU.ActiveCfg = Debug|Any CPU
		{27BE8981-2299-4673-B04F-FA615B186D32}.Debug|Any CPU.Build.0 = Debug|Any CPU
		{27BE8981-2299-4673-B04F-FA615B186D32}.Release|Any CPU.ActiveCfg = Release|Any CPU
		{27BE8981-2299-4673-B04F-FA615B186D32}.Release|Any CPU.Build.0 = Release|Any CPU
		{5C4C6B13-A291-4CE1-8BFC-34C35E48CBD5}.Debug|Any CPU.ActiveCfg = Debug|Any CPU
		{5C4C6B13-A291-4CE1-8BFC-34C35E48CBD5}.Debug|Any CPU.Build.0 = Debug|Any CPU
		{5C4C6B13-A291-4CE1-8BFC-34C35E48CBD5}.Release|Any CPU.ActiveCfg = Release|Any CPU
		{5C4C6B13-A291-4CE1-8BFC-34C35E48CBD5}.Release|Any CPU.Build.0 = Release|Any CPU
		{A9E7F09D-1D12-448C-8540-5FBE70DA36EA}.Debug|Any CPU.ActiveCfg = Debug|Any CPU
		{A9E7F09D-1D12-448C-8540-5FBE70DA36EA}.Debug|Any CPU.Build.0 = Debug|Any CPU
		{A9E7F09D-1D12-448C-8540-5FBE70DA36EA}.Release|Any CPU.ActiveCfg = Release|Any CPU
		{A9E7F09D-1D12-448C-8540-5FBE70DA36EA}.Release|Any CPU.Build.0 = Release|Any CPU
		{A0918CFD-564F-4598-97E0-AE19B4AEF058}.Debug|Any CPU.ActiveCfg = Debug|Any CPU
		{A0918CFD-564F-4598-97E0-AE19B4AEF058}.Debug|Any CPU.Build.0 = Debug|Any CPU
		{A0918CFD-564F-4598-97E0-AE19B4AEF058}.Release|Any CPU.ActiveCfg = Release|Any CPU
		{A0918CFD-564F-4598-97E0-AE19B4AEF058}.Release|Any CPU.Build.0 = Release|Any CPU
		{29D08BD6-020D-4234-AA56-CA9556119754}.Debug|Any CPU.ActiveCfg = Debug|Any CPU
		{29D08BD6-020D-4234-AA56-CA9556119754}.Debug|Any CPU.Build.0 = Debug|Any CPU
		{29D08BD6-020D-4234-AA56-CA9556119754}.Release|Any CPU.ActiveCfg = Release|Any CPU
		{29D08BD6-020D-4234-AA56-CA9556119754}.Release|Any CPU.Build.0 = Release|Any CPU
		{8ED65E47-7305-4E08-ABEF-68C750115300}.Debug|Any CPU.ActiveCfg = Debug|Any CPU
		{8ED65E47-7305-4E08-ABEF-68C750115300}.Debug|Any CPU.Build.0 = Debug|Any CPU
		{8ED65E47-7305-4E08-ABEF-68C750115300}.Release|Any CPU.ActiveCfg = Release|Any CPU
		{8ED65E47-7305-4E08-ABEF-68C750115300}.Release|Any CPU.Build.0 = Release|Any CPU
		{C217ED6D-844C-4BC6-8D40-FD8E593A3627}.Debug|Any CPU.ActiveCfg = Debug|Any CPU
		{C217ED6D-844C-4BC6-8D40-FD8E593A3627}.Debug|Any CPU.Build.0 = Debug|Any CPU
		{C217ED6D-844C-4BC6-8D40-FD8E593A3627}.Release|Any CPU.ActiveCfg = Release|Any CPU
		{C217ED6D-844C-4BC6-8D40-FD8E593A3627}.Release|Any CPU.Build.0 = Release|Any CPU
		{508426CE-AFB0-42F3-AADD-686C684FEC25}.Debug|Any CPU.ActiveCfg = Debug|Any CPU
		{508426CE-AFB0-42F3-AADD-686C684FEC25}.Debug|Any CPU.Build.0 = Debug|Any CPU
		{508426CE-AFB0-42F3-AADD-686C684FEC25}.Release|Any CPU.ActiveCfg = Release|Any CPU
		{508426CE-AFB0-42F3-AADD-686C684FEC25}.Release|Any CPU.Build.0 = Release|Any CPU
		{2E5D922E-9B41-4B22-A568-3F5C0C40A2A2}.Debug|Any CPU.ActiveCfg = Debug|Any CPU
		{2E5D922E-9B41-4B22-A568-3F5C0C40A2A2}.Debug|Any CPU.Build.0 = Debug|Any CPU
		{2E5D922E-9B41-4B22-A568-3F5C0C40A2A2}.Release|Any CPU.ActiveCfg = Release|Any CPU
		{2E5D922E-9B41-4B22-A568-3F5C0C40A2A2}.Release|Any CPU.Build.0 = Release|Any CPU
		{20C40D56-77B0-425B-8701-00B9067B75E3}.Debug|Any CPU.ActiveCfg = Debug|Any CPU
		{20C40D56-77B0-425B-8701-00B9067B75E3}.Debug|Any CPU.Build.0 = Debug|Any CPU
		{20C40D56-77B0-425B-8701-00B9067B75E3}.Release|Any CPU.ActiveCfg = Release|Any CPU
		{20C40D56-77B0-425B-8701-00B9067B75E3}.Release|Any CPU.Build.0 = Release|Any CPU
		{015711ED-EC35-479D-9208-5CE23F6CD109}.Debug|Any CPU.ActiveCfg = Debug|Any CPU
		{015711ED-EC35-479D-9208-5CE23F6CD109}.Debug|Any CPU.Build.0 = Debug|Any CPU
		{015711ED-EC35-479D-9208-5CE23F6CD109}.Release|Any CPU.ActiveCfg = Release|Any CPU
		{015711ED-EC35-479D-9208-5CE23F6CD109}.Release|Any CPU.Build.0 = Release|Any CPU
		{468FDAEE-4195-4F09-AD3F-CAEEF0B86B67}.Debug|Any CPU.ActiveCfg = Debug|Any CPU
		{468FDAEE-4195-4F09-AD3F-CAEEF0B86B67}.Debug|Any CPU.Build.0 = Debug|Any CPU
		{468FDAEE-4195-4F09-AD3F-CAEEF0B86B67}.Release|Any CPU.ActiveCfg = Release|Any CPU
		{468FDAEE-4195-4F09-AD3F-CAEEF0B86B67}.Release|Any CPU.Build.0 = Release|Any CPU
		{D54FE37A-58C2-4B23-9EE4-B029A39D4E48}.Debug|Any CPU.ActiveCfg = Debug|Any CPU
		{D54FE37A-58C2-4B23-9EE4-B029A39D4E48}.Debug|Any CPU.Build.0 = Debug|Any CPU
		{D54FE37A-58C2-4B23-9EE4-B029A39D4E48}.Release|Any CPU.ActiveCfg = Release|Any CPU
		{D54FE37A-58C2-4B23-9EE4-B029A39D4E48}.Release|Any CPU.Build.0 = Release|Any CPU
		{9E3CF56B-D007-4870-B16B-87AAE718F019}.Debug|Any CPU.ActiveCfg = Debug|Any CPU
		{9E3CF56B-D007-4870-B16B-87AAE718F019}.Debug|Any CPU.Build.0 = Debug|Any CPU
		{9E3CF56B-D007-4870-B16B-87AAE718F019}.Release|Any CPU.ActiveCfg = Release|Any CPU
		{9E3CF56B-D007-4870-B16B-87AAE718F019}.Release|Any CPU.Build.0 = Release|Any CPU
		{BF6220E0-38B3-4229-ADC8-BEC16027B6EB}.Debug|Any CPU.ActiveCfg = Debug|Any CPU
		{BF6220E0-38B3-4229-ADC8-BEC16027B6EB}.Debug|Any CPU.Build.0 = Debug|Any CPU
		{BF6220E0-38B3-4229-ADC8-BEC16027B6EB}.Release|Any CPU.ActiveCfg = Release|Any CPU
		{BF6220E0-38B3-4229-ADC8-BEC16027B6EB}.Release|Any CPU.Build.0 = Release|Any CPU
		{37DCA9C6-F67D-4BE2-9CDF-E78E7542F746}.Debug|Any CPU.ActiveCfg = Debug|Any CPU
		{37DCA9C6-F67D-4BE2-9CDF-E78E7542F746}.Debug|Any CPU.Build.0 = Debug|Any CPU
		{37DCA9C6-F67D-4BE2-9CDF-E78E7542F746}.Release|Any CPU.ActiveCfg = Release|Any CPU
		{37DCA9C6-F67D-4BE2-9CDF-E78E7542F746}.Release|Any CPU.Build.0 = Release|Any CPU
		{3F112452-A52A-4227-AABA-E0F05A9A5D07}.Debug|Any CPU.ActiveCfg = Debug|Any CPU
		{3F112452-A52A-4227-AABA-E0F05A9A5D07}.Debug|Any CPU.Build.0 = Debug|Any CPU
		{3F112452-A52A-4227-AABA-E0F05A9A5D07}.Release|Any CPU.ActiveCfg = Release|Any CPU
		{3F112452-A52A-4227-AABA-E0F05A9A5D07}.Release|Any CPU.Build.0 = Release|Any CPU
		{E163E3EB-4C2A-4E78-8273-147D39B6C279}.Debug|Any CPU.ActiveCfg = Debug|Any CPU
		{E163E3EB-4C2A-4E78-8273-147D39B6C279}.Debug|Any CPU.Build.0 = Debug|Any CPU
		{E163E3EB-4C2A-4E78-8273-147D39B6C279}.Release|Any CPU.ActiveCfg = Release|Any CPU
		{E163E3EB-4C2A-4E78-8273-147D39B6C279}.Release|Any CPU.Build.0 = Release|Any CPU
		{1611DFC6-AEA7-43BA-8516-7308AB85EDE5}.Debug|Any CPU.ActiveCfg = Debug|Any CPU
		{1611DFC6-AEA7-43BA-8516-7308AB85EDE5}.Debug|Any CPU.Build.0 = Debug|Any CPU
		{1611DFC6-AEA7-43BA-8516-7308AB85EDE5}.Release|Any CPU.ActiveCfg = Release|Any CPU
		{1611DFC6-AEA7-43BA-8516-7308AB85EDE5}.Release|Any CPU.Build.0 = Release|Any CPU
		{B3EB2FDB-830C-446A-BB19-37EC76273461}.Debug|Any CPU.ActiveCfg = Debug|Any CPU
		{B3EB2FDB-830C-446A-BB19-37EC76273461}.Debug|Any CPU.Build.0 = Debug|Any CPU
		{B3EB2FDB-830C-446A-BB19-37EC76273461}.Release|Any CPU.ActiveCfg = Release|Any CPU
		{B3EB2FDB-830C-446A-BB19-37EC76273461}.Release|Any CPU.Build.0 = Release|Any CPU
		{DA0FA7C7-00F2-4ED0-922A-691BF139A480}.Debug|Any CPU.ActiveCfg = Debug|Any CPU
		{DA0FA7C7-00F2-4ED0-922A-691BF139A480}.Debug|Any CPU.Build.0 = Debug|Any CPU
		{DA0FA7C7-00F2-4ED0-922A-691BF139A480}.Release|Any CPU.ActiveCfg = Release|Any CPU
		{DA0FA7C7-00F2-4ED0-922A-691BF139A480}.Release|Any CPU.Build.0 = Release|Any CPU
		{E415370E-854D-4B8A-B373-1B2034F6FEB6}.Debug|Any CPU.ActiveCfg = Debug|Any CPU
		{E415370E-854D-4B8A-B373-1B2034F6FEB6}.Debug|Any CPU.Build.0 = Debug|Any CPU
		{E415370E-854D-4B8A-B373-1B2034F6FEB6}.Release|Any CPU.ActiveCfg = Release|Any CPU
		{E415370E-854D-4B8A-B373-1B2034F6FEB6}.Release|Any CPU.Build.0 = Release|Any CPU
	EndGlobalSection
	GlobalSection(SolutionProperties) = preSolution
		HideSolutionNode = FALSE
	EndGlobalSection
	GlobalSection(NestedProjects) = preSolution
		{E6016161-BB73-4749-BC24-7415B561DAB9} = {44A6CE2D-6381-49C8-B232-55FDC4D02025}
		{E234A812-20D3-436F-8330-3E70BBC73E6B} = {44A6CE2D-6381-49C8-B232-55FDC4D02025}
		{22E8C9DB-0B5D-49EB-BC78-DD28F13EB5D1} = {44A6CE2D-6381-49C8-B232-55FDC4D02025}
		{E8A7F923-9164-4D0E-AB6F-FEB6472A25E8} = {E6016161-BB73-4749-BC24-7415B561DAB9}
		{27BE8981-2299-4673-B04F-FA615B186D32} = {E6016161-BB73-4749-BC24-7415B561DAB9}
		{5C4C6B13-A291-4CE1-8BFC-34C35E48CBD5} = {22E8C9DB-0B5D-49EB-BC78-DD28F13EB5D1}
		{A9E7F09D-1D12-448C-8540-5FBE70DA36EA} = {22E8C9DB-0B5D-49EB-BC78-DD28F13EB5D1}
		{A0918CFD-564F-4598-97E0-AE19B4AEF058} = {3F0509D7-9D16-4E63-98D5-51CA3B01692E}
		{242E553A-DB01-4557-A63C-8C6C5B375CF9} = {C0284FBA-F7EC-4548-A940-28E7C73CFA8B}
		{F341E271-73F3-4B56-A90F-15849968F2BB} = {C0284FBA-F7EC-4548-A940-28E7C73CFA8B}
		{C292CF41-BF17-44D2-B44D-968018A072ED} = {C0284FBA-F7EC-4548-A940-28E7C73CFA8B}
		{4ECA8300-DB8D-4AE8-9F17-238CE14B83AF} = {C0284FBA-F7EC-4548-A940-28E7C73CFA8B}
		{EB15CA41-DD12-4C10-B11A-20A5DFE68A2A} = {C0284FBA-F7EC-4548-A940-28E7C73CFA8B}
		{31015BA7-2EFE-4A5B-941C-C705BFA58414} = {C0284FBA-F7EC-4548-A940-28E7C73CFA8B}
		{9FE64A65-A145-4EA3-93C7-161F243D1772} = {C0284FBA-F7EC-4548-A940-28E7C73CFA8B}
		{C574A2E5-AA92-4349-B9CD-0DC6C0EBF910} = {C0284FBA-F7EC-4548-A940-28E7C73CFA8B}
		{3F0509D7-9D16-4E63-98D5-51CA3B01692E} = {C0284FBA-F7EC-4548-A940-28E7C73CFA8B}
		{29D08BD6-020D-4234-AA56-CA9556119754} = {E473FEE6-3540-4754-97DB-C3F28361682D}
		{E473FEE6-3540-4754-97DB-C3F28361682D} = {22E8C9DB-0B5D-49EB-BC78-DD28F13EB5D1}
		{8ED65E47-7305-4E08-ABEF-68C750115300} = {E473FEE6-3540-4754-97DB-C3F28361682D}
		{3C8015D3-3BA9-4451-8E2B-66E2D72C0449} = {22E8C9DB-0B5D-49EB-BC78-DD28F13EB5D1}
		{32B4A4EA-C7A5-4F45-939B-F15200A91D22} = {4ECA8300-DB8D-4AE8-9F17-238CE14B83AF}
		{C217ED6D-844C-4BC6-8D40-FD8E593A3627} = {3C8015D3-3BA9-4451-8E2B-66E2D72C0449}
		{D5B06432-AE03-4DAE-B931-E1541D9BE81D} = {C0284FBA-F7EC-4548-A940-28E7C73CFA8B}
		{508426CE-AFB0-42F3-AADD-686C684FEC25} = {D5B06432-AE03-4DAE-B931-E1541D9BE81D}
		{CFA04C79-79EF-4D09-8FE2-1F1ECCCA8BAF} = {C0284FBA-F7EC-4548-A940-28E7C73CFA8B}
		{2E5D922E-9B41-4B22-A568-3F5C0C40A2A2} = {CFA04C79-79EF-4D09-8FE2-1F1ECCCA8BAF}
		{77BF9F4D-4BB1-44D9-B601-F39D66695472} = {C0284FBA-F7EC-4548-A940-28E7C73CFA8B}
		{20C40D56-77B0-425B-8701-00B9067B75E3} = {77BF9F4D-4BB1-44D9-B601-F39D66695472}
		{82F17BC5-CD00-484E-BA7B-79E974D931DA} = {C0284FBA-F7EC-4548-A940-28E7C73CFA8B}
		{015711ED-EC35-479D-9208-5CE23F6CD109} = {82F17BC5-CD00-484E-BA7B-79E974D931DA}
		{390C0ED8-542F-4BD2-9AFE-EE5D5E6DE504} = {22E8C9DB-0B5D-49EB-BC78-DD28F13EB5D1}
		{468FDAEE-4195-4F09-AD3F-CAEEF0B86B67} = {390C0ED8-542F-4BD2-9AFE-EE5D5E6DE504}
		{9C9B8409-4BE0-4269-86B6-003A5EF495EE} = {E6016161-BB73-4749-BC24-7415B561DAB9}
		{D54FE37A-58C2-4B23-9EE4-B029A39D4E48} = {9C9B8409-4BE0-4269-86B6-003A5EF495EE}
		{1140E444-BD80-4262-829D-1BF95EAEBE06} = {E6016161-BB73-4749-BC24-7415B561DAB9}
		{9E3CF56B-D007-4870-B16B-87AAE718F019} = {1140E444-BD80-4262-829D-1BF95EAEBE06}
		{BF6220E0-38B3-4229-ADC8-BEC16027B6EB} = {3F0509D7-9D16-4E63-98D5-51CA3B01692E}
		{6078488F-3481-473C-9D22-8A0FC1F215EC} = {C0284FBA-F7EC-4548-A940-28E7C73CFA8B}
		{37DCA9C6-F67D-4BE2-9CDF-E78E7542F746} = {6078488F-3481-473C-9D22-8A0FC1F215EC}
		{7990E07F-997C-4219-AC3C-3E61E910A59B} = {C0284FBA-F7EC-4548-A940-28E7C73CFA8B}
		{3F112452-A52A-4227-AABA-E0F05A9A5D07} = {7990E07F-997C-4219-AC3C-3E61E910A59B}
		{E163E3EB-4C2A-4E78-8273-147D39B6C279} = {7990E07F-997C-4219-AC3C-3E61E910A59B}
		{1611DFC6-AEA7-43BA-8516-7308AB85EDE5} = {7990E07F-997C-4219-AC3C-3E61E910A59B}
		{B3EB2FDB-830C-446A-BB19-37EC76273461} = {7990E07F-997C-4219-AC3C-3E61E910A59B}
		{055EC62D-7988-45FC-BB92-72C25B0D87D1} = {C0284FBA-F7EC-4548-A940-28E7C73CFA8B}
		{DA0FA7C7-00F2-4ED0-922A-691BF139A480} = {055EC62D-7988-45FC-BB92-72C25B0D87D1}
		{E415370E-854D-4B8A-B373-1B2034F6FEB6} = {E234A812-20D3-436F-8330-3E70BBC73E6B}
	EndGlobalSection
	GlobalSection(ExtensibilityGlobals) = postSolution
		SolutionGuid = {99CCB8A3-AB08-42F1-934C-B684FA6433FB}
	EndGlobalSection
EndGlobal
