
Microsoft Visual Studio Solution File, Format Version 12.00
# Visual Studio Version 17
VisualStudioVersion = 17.1.32210.238
MinimumVisualStudioVersion = 10.0.40219.1
Project("{9A19103F-16F7-4668-BE54-9A1E7A4F7556}") = "Yang.Explore", "Yang.Explore\Yang.Explore.csproj", "{A4E3290D-F914-4C7A-9018-32E4798890ED}"
EndProject
Project("{9A19103F-16F7-4668-BE54-9A1E7A4F7556}") = "Yang.API", "Yang.API\Yang.API.csproj", "{602E5E07-F6BC-48F7-9550-07C4ABD27CB2}"
EndProject
Project("{2150E333-8FDC-42A3-9474-1A3956D46DE8}") = "反射综合应用", "反射综合应用", "{78F1A32B-DF76-4927-8539-5DC18EDCBC84}"
EndProject
Project("{9A19103F-16F7-4668-BE54-9A1E7A4F7556}") = "ReflectionSample", "ReflectionSample\ReflectionSample.csproj", "{18F93644-3DE7-4898-996A-5421859A7E94}"
EndProject
Project("{2150E333-8FDC-42A3-9474-1A3956D46DE8}") = "Minimal API", "Minimal API", "{89755235-E2C8-4495-9291-DA5E47F5606E}"
EndProject
Project("{9A19103F-16F7-4668-BE54-9A1E7A4F7556}") = "Minimal.API", "Minimal.API\Minimal.API.csproj", "{5556D9A7-7767-4D19-BEB0-014C2E4293E9}"
EndProject
Project("{2150E333-8FDC-42A3-9474-1A3956D46DE8}") = "委托和匿名方法", "委托和匿名方法", "{0ACAA92E-0695-40C3-9EB4-5E7DF29221BF}"
EndProject
Project("{9A19103F-16F7-4668-BE54-9A1E7A4F7556}") = "WeiTuo.Sample", "WeiTuo.Sample\WeiTuo.Sample.csproj", "{2054CD0C-CF46-425C-86F7-FC748A7C7F82}"
EndProject
Project("{2150E333-8FDC-42A3-9474-1A3956D46DE8}") = "框架封装技巧", "框架封装技巧", "{6B4C1B02-7CBB-4EDD-B51F-C45B027F4838}"
EndProject
Project("{9A19103F-16F7-4668-BE54-9A1E7A4F7556}") = "Yang.Shape", "Yang.Shape\Yang.Shape.csproj", "{4C9C0BF4-6B1A-46F8-9C75-CB8F251D906C}"
EndProject
Project("{2150E333-8FDC-42A3-9474-1A3956D46DE8}") = "手写IOC容器", "手写IOC容器", "{28F2FFA5-E385-4920-B973-4074F2C2F963}"
EndProject
Project("{FAE04EC0-301F-11D3-BF4B-00C04F79EFBC}") = "IocDemo.Api", "IocDemo.Api\IocDemo.Api.csproj", "{FC446CE2-E12B-4F0C-AF59-71EAB8C3B8E8}"
EndProject
Project("{FAE04EC0-301F-11D3-BF4B-00C04F79EFBC}") = "IocDemo.Container", "IocDemo.Container\IocDemo.Container.csproj", "{2A662E70-16B5-4301-AE78-999611101D02}"
EndProject
Global
	GlobalSection(SolutionConfigurationPlatforms) = preSolution
		Debug|Any CPU = Debug|Any CPU
		Release|Any CPU = Release|Any CPU
	EndGlobalSection
	GlobalSection(ProjectConfigurationPlatforms) = postSolution
		{A4E3290D-F914-4C7A-9018-32E4798890ED}.Debug|Any CPU.ActiveCfg = Debug|Any CPU
		{A4E3290D-F914-4C7A-9018-32E4798890ED}.Debug|Any CPU.Build.0 = Debug|Any CPU
		{A4E3290D-F914-4C7A-9018-32E4798890ED}.Release|Any CPU.ActiveCfg = Release|Any CPU
		{A4E3290D-F914-4C7A-9018-32E4798890ED}.Release|Any CPU.Build.0 = Release|Any CPU
		{602E5E07-F6BC-48F7-9550-07C4ABD27CB2}.Debug|Any CPU.ActiveCfg = Debug|Any CPU
		{602E5E07-F6BC-48F7-9550-07C4ABD27CB2}.Debug|Any CPU.Build.0 = Debug|Any CPU
		{602E5E07-F6BC-48F7-9550-07C4ABD27CB2}.Release|Any CPU.ActiveCfg = Release|Any CPU
		{602E5E07-F6BC-48F7-9550-07C4ABD27CB2}.Release|Any CPU.Build.0 = Release|Any CPU
		{18F93644-3DE7-4898-996A-5421859A7E94}.Debug|Any CPU.ActiveCfg = Debug|Any CPU
		{18F93644-3DE7-4898-996A-5421859A7E94}.Debug|Any CPU.Build.0 = Debug|Any CPU
		{18F93644-3DE7-4898-996A-5421859A7E94}.Release|Any CPU.ActiveCfg = Release|Any CPU
		{18F93644-3DE7-4898-996A-5421859A7E94}.Release|Any CPU.Build.0 = Release|Any CPU
		{5556D9A7-7767-4D19-BEB0-014C2E4293E9}.Debug|Any CPU.ActiveCfg = Debug|Any CPU
		{5556D9A7-7767-4D19-BEB0-014C2E4293E9}.Debug|Any CPU.Build.0 = Debug|Any CPU
		{5556D9A7-7767-4D19-BEB0-014C2E4293E9}.Release|Any CPU.ActiveCfg = Release|Any CPU
		{5556D9A7-7767-4D19-BEB0-014C2E4293E9}.Release|Any CPU.Build.0 = Release|Any CPU
		{2054CD0C-CF46-425C-86F7-FC748A7C7F82}.Debug|Any CPU.ActiveCfg = Debug|Any CPU
		{2054CD0C-CF46-425C-86F7-FC748A7C7F82}.Debug|Any CPU.Build.0 = Debug|Any CPU
		{2054CD0C-CF46-425C-86F7-FC748A7C7F82}.Release|Any CPU.ActiveCfg = Release|Any CPU
		{2054CD0C-CF46-425C-86F7-FC748A7C7F82}.Release|Any CPU.Build.0 = Release|Any CPU
		{4C9C0BF4-6B1A-46F8-9C75-CB8F251D906C}.Debug|Any CPU.ActiveCfg = Debug|Any CPU
		{4C9C0BF4-6B1A-46F8-9C75-CB8F251D906C}.Debug|Any CPU.Build.0 = Debug|Any CPU
		{4C9C0BF4-6B1A-46F8-9C75-CB8F251D906C}.Release|Any CPU.ActiveCfg = Release|Any CPU
		{4C9C0BF4-6B1A-46F8-9C75-CB8F251D906C}.Release|Any CPU.Build.0 = Release|Any CPU
		{FC446CE2-E12B-4F0C-AF59-71EAB8C3B8E8}.Debug|Any CPU.ActiveCfg = Debug|Any CPU
		{FC446CE2-E12B-4F0C-AF59-71EAB8C3B8E8}.Debug|Any CPU.Build.0 = Debug|Any CPU
		{FC446CE2-E12B-4F0C-AF59-71EAB8C3B8E8}.Release|Any CPU.ActiveCfg = Release|Any CPU
		{FC446CE2-E12B-4F0C-AF59-71EAB8C3B8E8}.Release|Any CPU.Build.0 = Release|Any CPU
		{2A662E70-16B5-4301-AE78-999611101D02}.Debug|Any CPU.ActiveCfg = Debug|Any CPU
		{2A662E70-16B5-4301-AE78-999611101D02}.Debug|Any CPU.Build.0 = Debug|Any CPU
		{2A662E70-16B5-4301-AE78-999611101D02}.Release|Any CPU.ActiveCfg = Release|Any CPU
		{2A662E70-16B5-4301-AE78-999611101D02}.Release|Any CPU.Build.0 = Release|Any CPU
	EndGlobalSection
	GlobalSection(SolutionProperties) = preSolution
		HideSolutionNode = FALSE
	EndGlobalSection
	GlobalSection(NestedProjects) = preSolution
		{18F93644-3DE7-4898-996A-5421859A7E94} = {78F1A32B-DF76-4927-8539-5DC18EDCBC84}
		{5556D9A7-7767-4D19-BEB0-014C2E4293E9} = {89755235-E2C8-4495-9291-DA5E47F5606E}
		{2054CD0C-CF46-425C-86F7-FC748A7C7F82} = {0ACAA92E-0695-40C3-9EB4-5E7DF29221BF}
		{4C9C0BF4-6B1A-46F8-9C75-CB8F251D906C} = {6B4C1B02-7CBB-4EDD-B51F-C45B027F4838}
		{FC446CE2-E12B-4F0C-AF59-71EAB8C3B8E8} = {28F2FFA5-E385-4920-B973-4074F2C2F963}
		{2A662E70-16B5-4301-AE78-999611101D02} = {28F2FFA5-E385-4920-B973-4074F2C2F963}
	EndGlobalSection
	GlobalSection(ExtensibilityGlobals) = postSolution
		SolutionGuid = {AE2F8488-B230-4EA6-AF67-DB0B0585836E}
	EndGlobalSection
EndGlobal
