
Microsoft Visual Studio Solution File, Format Version 12.00
# Visual Studio Version 16
VisualStudioVersion = 16.0.32510.428
MinimumVisualStudioVersion = 10.0.40219.1
Project("{9A19103F-16F7-4668-BE54-9A1E7A4F7556}") = "Yang.API", "Yang.API\Yang.API.csproj", "{602E5E07-F6BC-48F7-9550-07C4ABD27CB2}"
EndProject
Project("{2150E333-8FDC-42A3-9474-1A3956D46DE8}") = "Minimal API", "Minimal API", "{89755235-E2C8-4495-9291-DA5E47F5606E}"
EndProject
Project("{2150E333-8FDC-42A3-9474-1A3956D46DE8}") = "框架封装技巧", "框架封装技巧", "{6B4C1B02-7CBB-4EDD-B51F-C45B027F4838}"
EndProject
Project("{2150E333-8FDC-42A3-9474-1A3956D46DE8}") = "IOC容器", "IOC容器", "{28F2FFA5-E385-4920-B973-4074F2C2F963}"
EndProject
Project("{2150E333-8FDC-42A3-9474-1A3956D46DE8}") = "Samples", "Samples", "{2B7F2FD7-6C49-4155-A883-144C01BB6A96}"
EndProject
Project("{2150E333-8FDC-42A3-9474-1A3956D46DE8}") = "FrameDesign", "FrameDesign", "{6A54B9DA-F77F-423B-BF19-2D1CE674F2E0}"
	ProjectSection(SolutionItems) = preProject
		FrameDesign\README.md = FrameDesign\README.md
	EndProjectSection
EndProject
Project("{9A19103F-16F7-4668-BE54-9A1E7A4F7556}") = "Yang.FrameDesign", "FrameDesign\Yang.FrameDesign\Yang.FrameDesign.csproj", "{EF137FD4-C7C4-4C8D-B576-1EC46C9D36EC}"
EndProject
Project("{2150E333-8FDC-42A3-9474-1A3956D46DE8}") = "Ioc.Sample", "Ioc.Sample", "{1EA99336-6A87-478F-8FEF-E6E547A87FC4}"
	ProjectSection(SolutionItems) = preProject
		Samples\Ioc.Sample\README.md = Samples\Ioc.Sample\README.md
	EndProjectSection
EndProject
Project("{9A19103F-16F7-4668-BE54-9A1E7A4F7556}") = "IocDemo.Api", "Samples\Ioc.Sample\IocDemo.Api\IocDemo.Api.csproj", "{5185C94C-2AD7-4892-A1C7-DB5ECF20A959}"
EndProject
Project("{9A19103F-16F7-4668-BE54-9A1E7A4F7556}") = "IocDemo.Container", "Samples\Ioc.Sample\IocDemo.Container\IocDemo.Container.csproj", "{43802712-0F10-4E5A-A196-63240567691B}"
EndProject
Project("{2150E333-8FDC-42A3-9474-1A3956D46DE8}") = "手写IOC容器实例", "手写IOC容器实例", "{DDF259BB-5DE4-495E-90AB-16E222A19D79}"
EndProject
Project("{2150E333-8FDC-42A3-9474-1A3956D46DE8}") = "过滤器", "过滤器", "{A6EF7187-5E4B-4173-A472-9E0F2CEF3B37}"
EndProject
Project("{9A19103F-16F7-4668-BE54-9A1E7A4F7556}") = "Filters.Sample", "Samples\Filters.Sample\Filters.Sample.csproj", "{6164F412-C4CF-4977-B6E8-E80767ABF97B}"
EndProject
Project("{9A19103F-16F7-4668-BE54-9A1E7A4F7556}") = "MinimalApi.Sample", "Samples\MinimalApi.Sample\MinimalApi.Sample.csproj", "{81FDACCF-FC6C-4ADC-AC99-6BCDD500A7D3}"
EndProject
Project("{2150E333-8FDC-42A3-9474-1A3956D46DE8}") = "中间件", "中间件", "{5E15F582-123C-4AD0-9352-6177129CD593}"
EndProject
Project("{9A19103F-16F7-4668-BE54-9A1E7A4F7556}") = "Middleware.Sample", "Samples\Middleware.Sample\Middleware.Sample.csproj", "{969E6BDD-A79A-4C7A-8622-D08D2CB3B37C}"
EndProject
Project("{2150E333-8FDC-42A3-9474-1A3956D46DE8}") = "认证授权", "认证授权", "{DD72EC59-FD77-4EF2-81FB-2DAE836EEE9E}"
EndProject
Project("{9A19103F-16F7-4668-BE54-9A1E7A4F7556}") = "Auth.Sample", "Samples\Auth.Sample\Auth.Sample.csproj", "{59185D09-C941-45C8-9320-DA6278887D45}"
EndProject
Global
	GlobalSection(SolutionConfigurationPlatforms) = preSolution
		Debug|Any CPU = Debug|Any CPU
		Release|Any CPU = Release|Any CPU
	EndGlobalSection
	GlobalSection(ProjectConfigurationPlatforms) = postSolution
		{602E5E07-F6BC-48F7-9550-07C4ABD27CB2}.Debug|Any CPU.ActiveCfg = Debug|Any CPU
		{602E5E07-F6BC-48F7-9550-07C4ABD27CB2}.Debug|Any CPU.Build.0 = Debug|Any CPU
		{602E5E07-F6BC-48F7-9550-07C4ABD27CB2}.Release|Any CPU.ActiveCfg = Release|Any CPU
		{602E5E07-F6BC-48F7-9550-07C4ABD27CB2}.Release|Any CPU.Build.0 = Release|Any CPU
		{EF137FD4-C7C4-4C8D-B576-1EC46C9D36EC}.Debug|Any CPU.ActiveCfg = Debug|Any CPU
		{EF137FD4-C7C4-4C8D-B576-1EC46C9D36EC}.Debug|Any CPU.Build.0 = Debug|Any CPU
		{EF137FD4-C7C4-4C8D-B576-1EC46C9D36EC}.Release|Any CPU.ActiveCfg = Release|Any CPU
		{EF137FD4-C7C4-4C8D-B576-1EC46C9D36EC}.Release|Any CPU.Build.0 = Release|Any CPU
		{5185C94C-2AD7-4892-A1C7-DB5ECF20A959}.Debug|Any CPU.ActiveCfg = Debug|Any CPU
		{5185C94C-2AD7-4892-A1C7-DB5ECF20A959}.Debug|Any CPU.Build.0 = Debug|Any CPU
		{5185C94C-2AD7-4892-A1C7-DB5ECF20A959}.Release|Any CPU.ActiveCfg = Release|Any CPU
		{5185C94C-2AD7-4892-A1C7-DB5ECF20A959}.Release|Any CPU.Build.0 = Release|Any CPU
		{43802712-0F10-4E5A-A196-63240567691B}.Debug|Any CPU.ActiveCfg = Debug|Any CPU
		{43802712-0F10-4E5A-A196-63240567691B}.Debug|Any CPU.Build.0 = Debug|Any CPU
		{43802712-0F10-4E5A-A196-63240567691B}.Release|Any CPU.ActiveCfg = Release|Any CPU
		{43802712-0F10-4E5A-A196-63240567691B}.Release|Any CPU.Build.0 = Release|Any CPU
		{6164F412-C4CF-4977-B6E8-E80767ABF97B}.Debug|Any CPU.ActiveCfg = Debug|Any CPU
		{6164F412-C4CF-4977-B6E8-E80767ABF97B}.Debug|Any CPU.Build.0 = Debug|Any CPU
		{6164F412-C4CF-4977-B6E8-E80767ABF97B}.Release|Any CPU.ActiveCfg = Release|Any CPU
		{6164F412-C4CF-4977-B6E8-E80767ABF97B}.Release|Any CPU.Build.0 = Release|Any CPU
		{81FDACCF-FC6C-4ADC-AC99-6BCDD500A7D3}.Debug|Any CPU.ActiveCfg = Debug|Any CPU
		{81FDACCF-FC6C-4ADC-AC99-6BCDD500A7D3}.Debug|Any CPU.Build.0 = Debug|Any CPU
		{81FDACCF-FC6C-4ADC-AC99-6BCDD500A7D3}.Release|Any CPU.ActiveCfg = Release|Any CPU
		{81FDACCF-FC6C-4ADC-AC99-6BCDD500A7D3}.Release|Any CPU.Build.0 = Release|Any CPU
		{969E6BDD-A79A-4C7A-8622-D08D2CB3B37C}.Debug|Any CPU.ActiveCfg = Debug|Any CPU
		{969E6BDD-A79A-4C7A-8622-D08D2CB3B37C}.Debug|Any CPU.Build.0 = Debug|Any CPU
		{969E6BDD-A79A-4C7A-8622-D08D2CB3B37C}.Release|Any CPU.ActiveCfg = Release|Any CPU
		{969E6BDD-A79A-4C7A-8622-D08D2CB3B37C}.Release|Any CPU.Build.0 = Release|Any CPU
		{59185D09-C941-45C8-9320-DA6278887D45}.Debug|Any CPU.ActiveCfg = Debug|Any CPU
		{59185D09-C941-45C8-9320-DA6278887D45}.Debug|Any CPU.Build.0 = Debug|Any CPU
		{59185D09-C941-45C8-9320-DA6278887D45}.Release|Any CPU.ActiveCfg = Release|Any CPU
		{59185D09-C941-45C8-9320-DA6278887D45}.Release|Any CPU.Build.0 = Release|Any CPU
	EndGlobalSection
	GlobalSection(SolutionProperties) = preSolution
		HideSolutionNode = FALSE
	EndGlobalSection
	GlobalSection(NestedProjects) = preSolution
		{89755235-E2C8-4495-9291-DA5E47F5606E} = {2B7F2FD7-6C49-4155-A883-144C01BB6A96}
		{6B4C1B02-7CBB-4EDD-B51F-C45B027F4838} = {6A54B9DA-F77F-423B-BF19-2D1CE674F2E0}
		{28F2FFA5-E385-4920-B973-4074F2C2F963} = {2B7F2FD7-6C49-4155-A883-144C01BB6A96}
		{EF137FD4-C7C4-4C8D-B576-1EC46C9D36EC} = {6B4C1B02-7CBB-4EDD-B51F-C45B027F4838}
		{1EA99336-6A87-478F-8FEF-E6E547A87FC4} = {28F2FFA5-E385-4920-B973-4074F2C2F963}
		{5185C94C-2AD7-4892-A1C7-DB5ECF20A959} = {1EA99336-6A87-478F-8FEF-E6E547A87FC4}
		{43802712-0F10-4E5A-A196-63240567691B} = {DDF259BB-5DE4-495E-90AB-16E222A19D79}
		{DDF259BB-5DE4-495E-90AB-16E222A19D79} = {1EA99336-6A87-478F-8FEF-E6E547A87FC4}
		{A6EF7187-5E4B-4173-A472-9E0F2CEF3B37} = {2B7F2FD7-6C49-4155-A883-144C01BB6A96}
		{6164F412-C4CF-4977-B6E8-E80767ABF97B} = {A6EF7187-5E4B-4173-A472-9E0F2CEF3B37}
		{81FDACCF-FC6C-4ADC-AC99-6BCDD500A7D3} = {89755235-E2C8-4495-9291-DA5E47F5606E}
		{5E15F582-123C-4AD0-9352-6177129CD593} = {2B7F2FD7-6C49-4155-A883-144C01BB6A96}
		{969E6BDD-A79A-4C7A-8622-D08D2CB3B37C} = {5E15F582-123C-4AD0-9352-6177129CD593}
		{DD72EC59-FD77-4EF2-81FB-2DAE836EEE9E} = {2B7F2FD7-6C49-4155-A883-144C01BB6A96}
		{59185D09-C941-45C8-9320-DA6278887D45} = {DD72EC59-FD77-4EF2-81FB-2DAE836EEE9E}
	EndGlobalSection
	GlobalSection(ExtensibilityGlobals) = postSolution
		SolutionGuid = {AE2F8488-B230-4EA6-AF67-DB0B0585836E}
	EndGlobalSection
EndGlobal
