<Solution>
  <Folder Name="/Samples/">
    <Project Path="Samples/AY.Samples.Common/AY.Samples.Common.csproj" Id="7226b8ac-6cfb-4cbf-9254-dd7b775a1216" />
    <Project Path="Samples/AY.Samples.Console01/AY.Samples.Console01.csproj" Id="8fc4c65f-f56c-4805-ae01-d3ac1b0acc33" />
  </Folder>
</Solution>
