
Microsoft Visual Studio Solution File, Format Version 12.00
# Visual Studio Version 17
VisualStudioVersion = 17.8.34601.278
MinimumVisualStudioVersion = 10.0.40219.1
Project("{2150E333-8FDC-42A3-9474-1A3956D46DE8}") = "《C#码农笔记》", "《C#码农笔记》", "{4E6E0A94-2AB8-4D45-9D5E-C27F4A114895}"
	ProjectSection(SolutionItems) = preProject
		Book\csharp_mnbj\README.md = Book\csharp_mnbj\README.md
	EndProjectSection
EndProject
Project("{FAE04EC0-301F-11D3-BF4B-00C04F79EFBC}") = "S12_3", "Book\csharp_mnbj\WpfApp\S12_3\S12_3.csproj", "{355C95F6-9432-4FDB-8EA0-AE7C5B8A2E90}"
EndProject
Project("{FAE04EC0-301F-11D3-BF4B-00C04F79EFBC}") = "S12_4", "Book\csharp_mnbj\WpfApp\S12_4\S12_4.csproj", "{197A962B-F715-4217-A3E6-6CE524C63204}"
EndProject
Project("{FAE04EC0-301F-11D3-BF4B-00C04F79EFBC}") = "S12_5", "Book\csharp_mnbj\WpfApp\S12_5\S12_5.csproj", "{A5915E6E-B044-4F74-A33C-767761A2323E}"
EndProject
Project("{FAE04EC0-301F-11D3-BF4B-00C04F79EFBC}") = "S12_6", "Book\csharp_mnbj\WpfApp\S12_6\S12_6.csproj", "{52DEB38C-58BA-421E-B09F-D830439F901E}"
EndProject
Project("{FAE04EC0-301F-11D3-BF4B-00C04F79EFBC}") = "S12_7", "Book\csharp_mnbj\WpfApp\S12_7\S12_7.csproj", "{A15FA36B-2763-4A47-9BE7-34F6ECCC73BE}"
EndProject
Project("{FAE04EC0-301F-11D3-BF4B-00C04F79EFBC}") = "S12_8", "Book\csharp_mnbj\WpfApp\S12_8\S12_8.csproj", "{EC063314-7721-43E9-9DEB-29E7B40699B5}"
EndProject
Project("{FAE04EC0-301F-11D3-BF4B-00C04F79EFBC}") = "S12_9", "Book\csharp_mnbj\WpfApp\S12_9\S12_9.csproj", "{55774E62-7BE8-420E-97B3-79B2FC490FF7}"
EndProject
Project("{FAE04EC0-301F-11D3-BF4B-00C04F79EFBC}") = "S12_10", "Book\csharp_mnbj\WpfApp\S12_10\S12_10.csproj", "{7AB2A603-9948-4D83-A030-4E5DC1F7DDD9}"
EndProject
Project("{FAE04EC0-301F-11D3-BF4B-00C04F79EFBC}") = "S12_11", "Book\csharp_mnbj\WpfApp\S12_11\S12_11.csproj", "{4A3922C8-3958-4807-90C9-F03AC1E96E25}"
EndProject
Project("{2150E333-8FDC-42A3-9474-1A3956D46DE8}") = "1. 依赖项属性", "1. 依赖项属性", "{F9017BDB-10D5-44DE-A0AA-69690AD711C4}"
EndProject
Project("{2150E333-8FDC-42A3-9474-1A3956D46DE8}") = "2. 路由事件", "2. 路由事件", "{6F334A25-5C00-4584-BE8B-24504BDCFD61}"
EndProject
Project("{2150E333-8FDC-42A3-9474-1A3956D46DE8}") = "3. 控件", "3. 控件", "{CBF23952-115D-457F-865B-30439720337D}"
EndProject
Project("{2150E333-8FDC-42A3-9474-1A3956D46DE8}") = "4. 数据绑定与视图呈现", "4. 数据绑定与视图呈现", "{3A636E0D-2FC6-417B-8C28-C068DD352540}"
EndProject
Project("{2150E333-8FDC-42A3-9474-1A3956D46DE8}") = "5. 布局", "5. 布局", "{E3FBFFD3-F86B-4162-9DA5-C49D36106E0C}"
EndProject
Project("{2150E333-8FDC-42A3-9474-1A3956D46DE8}") = "6. 用户控件与自定义控件", "6. 用户控件与自定义控件", "{F57A12E9-E18C-4E68-B451-C21E44ACABD2}"
EndProject
Project("{2150E333-8FDC-42A3-9474-1A3956D46DE8}") = "7. 样式与资源", "7. 样式与资源", "{D04A6FB7-3934-4ED5-A9AB-07168BB75BD8}"
EndProject
Project("{2150E333-8FDC-42A3-9474-1A3956D46DE8}") = "8. 图形", "8. 图形", "{AFFF314B-5B42-4F93-B720-FB30CB8DCAD1}"
EndProject
Project("{2150E333-8FDC-42A3-9474-1A3956D46DE8}") = "9. 动画", "9. 动画", "{714AE8CB-FF64-4F71-A50A-E60A09167A03}"
EndProject
Project("{2150E333-8FDC-42A3-9474-1A3956D46DE8}") = "书籍代码积累", "书籍代码积累", "{060053A3-57F1-4605-BD93-D904DBE695C0}"
EndProject
Project("{2150E333-8FDC-42A3-9474-1A3956D46DE8}") = "布局", "布局", "{586755FE-0457-434C-A592-95F449E37D4A}"
EndProject
Project("{FAE04EC0-301F-11D3-BF4B-00C04F79EFBC}") = "GridSample.Wpfapp", "Layout\Grid\GridSample.Wpfapp\GridSample.Wpfapp.csproj", "{59117AC9-0877-4AA6-A2C1-30F0E5474A4C}"
EndProject
Project("{2150E333-8FDC-42A3-9474-1A3956D46DE8}") = "Grid", "Grid", "{B09AB0A1-15E1-48A1-A8E3-8F689B53E8A6}"
EndProject
Project("{2150E333-8FDC-42A3-9474-1A3956D46DE8}") = "StackPanel", "StackPanel", "{2996CBC4-7C94-4D93-A23F-FFE3EF595C42}"
EndProject
Project("{FAE04EC0-301F-11D3-BF4B-00C04F79EFBC}") = "StackPanelSample.WpfApp", "Layout\StackPanel\StackPanelSample.WpfApp\StackPanelSample.WpfApp.csproj", "{07476577-937E-4DB1-B9B3-C1C49A735475}"
EndProject
Project("{2150E333-8FDC-42A3-9474-1A3956D46DE8}") = "DockPanel", "DockPanel", "{5EFA5B1C-5250-4375-BAC0-DD45664177D3}"
EndProject
Project("{FAE04EC0-301F-11D3-BF4B-00C04F79EFBC}") = "DockPanelSample.WpfApp", "Layout\DockPanel\DockPanelSample.WpfApp\DockPanelSample.WpfApp.csproj", "{D35AD652-D26D-479B-9D0D-3382B9D5643F}"
EndProject
Project("{2150E333-8FDC-42A3-9474-1A3956D46DE8}") = "UniformGrid", "UniformGrid", "{541B08D5-43CB-48CB-975D-0353C4B180F1}"
EndProject
Project("{FAE04EC0-301F-11D3-BF4B-00C04F79EFBC}") = "UniformGridSample.WpfApp", "Layout\UniformGrid\UniformGridSample.WpfApp\UniformGridSample.WpfApp.csproj", "{D047C84A-9786-41FF-A4DF-300785F9316A}"
EndProject
Project("{2150E333-8FDC-42A3-9474-1A3956D46DE8}") = "WrapPanel", "WrapPanel", "{953810CC-87B6-48C8-BD96-3AC1A1AA705B}"
EndProject
Project("{FAE04EC0-301F-11D3-BF4B-00C04F79EFBC}") = "WrapPanelSample.WpfApp", "Layout\WrapPanel\WrapPanelSample.WpfApp\WrapPanelSample.WpfApp.csproj", "{CEC63A30-BB26-4492-A277-2AC9F901149D}"
EndProject
Project("{FAE04EC0-301F-11D3-BF4B-00C04F79EFBC}") = "LayoutSample.WpfApp", "Layout\LayoutSample.WpfApp\LayoutSample.WpfApp.csproj", "{4BC9ECDD-A183-48DB-9685-C32CAF9A08F7}"
EndProject
Project("{2150E333-8FDC-42A3-9474-1A3956D46DE8}") = "样式与资源", "样式与资源", "{BA8A4D78-0549-47AA-92CB-1040D9098E33}"
EndProject
Project("{FAE04EC0-301F-11D3-BF4B-00C04F79EFBC}") = "StyleResourceSample.WpfApp", "StyleResource\StyleResourceSample.WpfApp\StyleResourceSample.WpfApp.csproj", "{BAF3D284-DB37-420B-BDF6-B2B65A6D991F}"
EndProject
Project("{2150E333-8FDC-42A3-9474-1A3956D46DE8}") = "模板", "模板", "{D93C7C3B-CA20-482A-89F4-4378291F6334}"
EndProject
Project("{2150E333-8FDC-42A3-9474-1A3956D46DE8}") = "控件模板", "控件模板", "{7EEFA30B-F818-4F6D-AB15-6F4C17A8E07F}"
EndProject
Project("{2150E333-8FDC-42A3-9474-1A3956D46DE8}") = "数据模板", "数据模板", "{E34C3D86-7C37-4F35-A322-F9B7A9846895}"
EndProject
Project("{FAE04EC0-301F-11D3-BF4B-00C04F79EFBC}") = "ControlTemplateSample.WpfApp", "Template\ControlTemplates\ControlTemplateSample.WpfApp\ControlTemplateSample.WpfApp.csproj", "{14B86A8F-481A-4FEE-9A81-794AF84DEDD8}"
EndProject
Project("{FAE04EC0-301F-11D3-BF4B-00C04F79EFBC}") = "DataTemplateSample.WpfApp", "Template\DataTemplates\DataTemplateSample.WpfApp\DataTemplateSample.WpfApp.csproj", "{5D239CC8-E2E5-48E9-8FD4-28D083A56103}"
EndProject
Project("{2150E333-8FDC-42A3-9474-1A3956D46DE8}") = "绑定", "绑定", "{FBE9A05E-8E2D-458D-9577-8C61F7E0EC87}"
EndProject
Project("{FAE04EC0-301F-11D3-BF4B-00C04F79EFBC}") = "BindingSample.WpfApp", "Binding\BindingSample.WpfApp\BindingSample.WpfApp.csproj", "{A3836972-D0BC-417D-B5B4-35996C6E5211}"
EndProject
Project("{2150E333-8FDC-42A3-9474-1A3956D46DE8}") = "动画", "动画", "{1139512E-D3F1-4606-A62E-86043861D38A}"
EndProject
Project("{FAE04EC0-301F-11D3-BF4B-00C04F79EFBC}") = "AnimationSample.WpfApp", "Animation\AnimationSample.WpfApp\AnimationSample.WpfApp.csproj", "{1AB13760-E339-46D0-A9BD-5254E6E29114}"
EndProject
Project("{2150E333-8FDC-42A3-9474-1A3956D46DE8}") = "《深入浅出WPF》", "《深入浅出WPF》", "{346FA807-8933-42AB-9A22-C7CC5D5DA502}"
EndProject
Project("{2150E333-8FDC-42A3-9474-1A3956D46DE8}") = "命令", "命令", "{90BA49BA-8413-4926-AD51-F7A2A6792346}"
EndProject
Project("{FAE04EC0-301F-11D3-BF4B-00C04F79EFBC}") = "CommandSample.WpfApp", "Command\CommandSample.WpfApp\CommandSample.WpfApp.csproj", "{879F1D84-0BB2-4891-9703-69B9330CA655}"
EndProject
Project("{2150E333-8FDC-42A3-9474-1A3956D46DE8}") = "资源", "资源", "{2EEA4B01-BED6-41FD-86DE-6BA2EFFE065D}"
EndProject
Project("{FAE04EC0-301F-11D3-BF4B-00C04F79EFBC}") = "ResourceSample.WpfApp", "Resource\ResourceSample.WpfApp\ResourceSample.WpfApp.csproj", "{DD27DBE9-E02A-47C1-AB6F-69DAC0640021}"
EndProject
Project("{2150E333-8FDC-42A3-9474-1A3956D46DE8}") = "《WPF编程宝典》", "《WPF编程宝典》", "{02EA681E-C7D8-13C7-8484-4AC65E1B71E8}"
EndProject
Project("{FAE04EC0-301F-11D3-BF4B-00C04F79EFBC}") = "S4_1", "Book\wpf_bcbd\WpfApp\S4_1\S4_1.csproj", "{F92CAF65-5ACD-4D67-9B3E-005AA53997D7}"
EndProject
Project("{FAE04EC0-301F-11D3-BF4B-00C04F79EFBC}") = "RoutedEventSample.WpfApp", "RoutedEvent\RoutedEventSample.WpfApp\RoutedEventSample.WpfApp.csproj", "{25CF9346-BD08-44FA-AC60-C67EC53059B7}"
EndProject
Project("{2150E333-8FDC-42A3-9474-1A3956D46DE8}") = "路由事件", "路由事件", "{97EBD46C-4747-40EE-BAC6-496BB11280A3}"
EndProject
Project("{2150E333-8FDC-42A3-9474-1A3956D46DE8}") = "图形绘画", "图形绘画", "{15E90B0E-5F31-4080-9E10-733AFDC50BC9}"
EndProject
Project("{FAE04EC0-301F-11D3-BF4B-00C04F79EFBC}") = "ShapeSample.WpfApp", "Shape\ShapeSample.WpfApp\ShapeSample.WpfApp.csproj", "{3C0DFF3C-7AC7-4644-AF17-743DA0D155C8}"
EndProject
Global
	GlobalSection(SolutionConfigurationPlatforms) = preSolution
		Debug|Any CPU = Debug|Any CPU
		Release|Any CPU = Release|Any CPU
	EndGlobalSection
	GlobalSection(ProjectConfigurationPlatforms) = postSolution
		{355C95F6-9432-4FDB-8EA0-AE7C5B8A2E90}.Debug|Any CPU.ActiveCfg = Debug|Any CPU
		{355C95F6-9432-4FDB-8EA0-AE7C5B8A2E90}.Debug|Any CPU.Build.0 = Debug|Any CPU
		{355C95F6-9432-4FDB-8EA0-AE7C5B8A2E90}.Release|Any CPU.ActiveCfg = Release|Any CPU
		{355C95F6-9432-4FDB-8EA0-AE7C5B8A2E90}.Release|Any CPU.Build.0 = Release|Any CPU
		{197A962B-F715-4217-A3E6-6CE524C63204}.Debug|Any CPU.ActiveCfg = Debug|Any CPU
		{197A962B-F715-4217-A3E6-6CE524C63204}.Debug|Any CPU.Build.0 = Debug|Any CPU
		{197A962B-F715-4217-A3E6-6CE524C63204}.Release|Any CPU.ActiveCfg = Release|Any CPU
		{197A962B-F715-4217-A3E6-6CE524C63204}.Release|Any CPU.Build.0 = Release|Any CPU
		{A5915E6E-B044-4F74-A33C-767761A2323E}.Debug|Any CPU.ActiveCfg = Debug|Any CPU
		{A5915E6E-B044-4F74-A33C-767761A2323E}.Debug|Any CPU.Build.0 = Debug|Any CPU
		{A5915E6E-B044-4F74-A33C-767761A2323E}.Release|Any CPU.ActiveCfg = Release|Any CPU
		{A5915E6E-B044-4F74-A33C-767761A2323E}.Release|Any CPU.Build.0 = Release|Any CPU
		{52DEB38C-58BA-421E-B09F-D830439F901E}.Debug|Any CPU.ActiveCfg = Debug|Any CPU
		{52DEB38C-58BA-421E-B09F-D830439F901E}.Debug|Any CPU.Build.0 = Debug|Any CPU
		{52DEB38C-58BA-421E-B09F-D830439F901E}.Release|Any CPU.ActiveCfg = Release|Any CPU
		{52DEB38C-58BA-421E-B09F-D830439F901E}.Release|Any CPU.Build.0 = Release|Any CPU
		{A15FA36B-2763-4A47-9BE7-34F6ECCC73BE}.Debug|Any CPU.ActiveCfg = Debug|Any CPU
		{A15FA36B-2763-4A47-9BE7-34F6ECCC73BE}.Debug|Any CPU.Build.0 = Debug|Any CPU
		{A15FA36B-2763-4A47-9BE7-34F6ECCC73BE}.Release|Any CPU.ActiveCfg = Release|Any CPU
		{A15FA36B-2763-4A47-9BE7-34F6ECCC73BE}.Release|Any CPU.Build.0 = Release|Any CPU
		{EC063314-7721-43E9-9DEB-29E7B40699B5}.Debug|Any CPU.ActiveCfg = Debug|Any CPU
		{EC063314-7721-43E9-9DEB-29E7B40699B5}.Debug|Any CPU.Build.0 = Debug|Any CPU
		{EC063314-7721-43E9-9DEB-29E7B40699B5}.Release|Any CPU.ActiveCfg = Release|Any CPU
		{EC063314-7721-43E9-9DEB-29E7B40699B5}.Release|Any CPU.Build.0 = Release|Any CPU
		{55774E62-7BE8-420E-97B3-79B2FC490FF7}.Debug|Any CPU.ActiveCfg = Debug|Any CPU
		{55774E62-7BE8-420E-97B3-79B2FC490FF7}.Debug|Any CPU.Build.0 = Debug|Any CPU
		{55774E62-7BE8-420E-97B3-79B2FC490FF7}.Release|Any CPU.ActiveCfg = Release|Any CPU
		{55774E62-7BE8-420E-97B3-79B2FC490FF7}.Release|Any CPU.Build.0 = Release|Any CPU
		{7AB2A603-9948-4D83-A030-4E5DC1F7DDD9}.Debug|Any CPU.ActiveCfg = Debug|Any CPU
		{7AB2A603-9948-4D83-A030-4E5DC1F7DDD9}.Debug|Any CPU.Build.0 = Debug|Any CPU
		{7AB2A603-9948-4D83-A030-4E5DC1F7DDD9}.Release|Any CPU.ActiveCfg = Release|Any CPU
		{7AB2A603-9948-4D83-A030-4E5DC1F7DDD9}.Release|Any CPU.Build.0 = Release|Any CPU
		{4A3922C8-3958-4807-90C9-F03AC1E96E25}.Debug|Any CPU.ActiveCfg = Debug|Any CPU
		{4A3922C8-3958-4807-90C9-F03AC1E96E25}.Debug|Any CPU.Build.0 = Debug|Any CPU
		{4A3922C8-3958-4807-90C9-F03AC1E96E25}.Release|Any CPU.ActiveCfg = Release|Any CPU
		{4A3922C8-3958-4807-90C9-F03AC1E96E25}.Release|Any CPU.Build.0 = Release|Any CPU
		{59117AC9-0877-4AA6-A2C1-30F0E5474A4C}.Debug|Any CPU.ActiveCfg = Debug|Any CPU
		{59117AC9-0877-4AA6-A2C1-30F0E5474A4C}.Debug|Any CPU.Build.0 = Debug|Any CPU
		{59117AC9-0877-4AA6-A2C1-30F0E5474A4C}.Release|Any CPU.ActiveCfg = Release|Any CPU
		{59117AC9-0877-4AA6-A2C1-30F0E5474A4C}.Release|Any CPU.Build.0 = Release|Any CPU
		{07476577-937E-4DB1-B9B3-C1C49A735475}.Debug|Any CPU.ActiveCfg = Debug|Any CPU
		{07476577-937E-4DB1-B9B3-C1C49A735475}.Debug|Any CPU.Build.0 = Debug|Any CPU
		{07476577-937E-4DB1-B9B3-C1C49A735475}.Release|Any CPU.ActiveCfg = Release|Any CPU
		{07476577-937E-4DB1-B9B3-C1C49A735475}.Release|Any CPU.Build.0 = Release|Any CPU
		{D35AD652-D26D-479B-9D0D-3382B9D5643F}.Debug|Any CPU.ActiveCfg = Debug|Any CPU
		{D35AD652-D26D-479B-9D0D-3382B9D5643F}.Debug|Any CPU.Build.0 = Debug|Any CPU
		{D35AD652-D26D-479B-9D0D-3382B9D5643F}.Release|Any CPU.ActiveCfg = Release|Any CPU
		{D35AD652-D26D-479B-9D0D-3382B9D5643F}.Release|Any CPU.Build.0 = Release|Any CPU
		{D047C84A-9786-41FF-A4DF-300785F9316A}.Debug|Any CPU.ActiveCfg = Debug|Any CPU
		{D047C84A-9786-41FF-A4DF-300785F9316A}.Debug|Any CPU.Build.0 = Debug|Any CPU
		{D047C84A-9786-41FF-A4DF-300785F9316A}.Release|Any CPU.ActiveCfg = Release|Any CPU
		{D047C84A-9786-41FF-A4DF-300785F9316A}.Release|Any CPU.Build.0 = Release|Any CPU
		{CEC63A30-BB26-4492-A277-2AC9F901149D}.Debug|Any CPU.ActiveCfg = Debug|Any CPU
		{CEC63A30-BB26-4492-A277-2AC9F901149D}.Debug|Any CPU.Build.0 = Debug|Any CPU
		{CEC63A30-BB26-4492-A277-2AC9F901149D}.Release|Any CPU.ActiveCfg = Release|Any CPU
		{CEC63A30-BB26-4492-A277-2AC9F901149D}.Release|Any CPU.Build.0 = Release|Any CPU
		{4BC9ECDD-A183-48DB-9685-C32CAF9A08F7}.Debug|Any CPU.ActiveCfg = Debug|Any CPU
		{4BC9ECDD-A183-48DB-9685-C32CAF9A08F7}.Debug|Any CPU.Build.0 = Debug|Any CPU
		{4BC9ECDD-A183-48DB-9685-C32CAF9A08F7}.Release|Any CPU.ActiveCfg = Release|Any CPU
		{4BC9ECDD-A183-48DB-9685-C32CAF9A08F7}.Release|Any CPU.Build.0 = Release|Any CPU
		{BAF3D284-DB37-420B-BDF6-B2B65A6D991F}.Debug|Any CPU.ActiveCfg = Debug|Any CPU
		{BAF3D284-DB37-420B-BDF6-B2B65A6D991F}.Debug|Any CPU.Build.0 = Debug|Any CPU
		{BAF3D284-DB37-420B-BDF6-B2B65A6D991F}.Release|Any CPU.ActiveCfg = Release|Any CPU
		{BAF3D284-DB37-420B-BDF6-B2B65A6D991F}.Release|Any CPU.Build.0 = Release|Any CPU
		{14B86A8F-481A-4FEE-9A81-794AF84DEDD8}.Debug|Any CPU.ActiveCfg = Debug|Any CPU
		{14B86A8F-481A-4FEE-9A81-794AF84DEDD8}.Debug|Any CPU.Build.0 = Debug|Any CPU
		{14B86A8F-481A-4FEE-9A81-794AF84DEDD8}.Release|Any CPU.ActiveCfg = Release|Any CPU
		{14B86A8F-481A-4FEE-9A81-794AF84DEDD8}.Release|Any CPU.Build.0 = Release|Any CPU
		{5D239CC8-E2E5-48E9-8FD4-28D083A56103}.Debug|Any CPU.ActiveCfg = Debug|Any CPU
		{5D239CC8-E2E5-48E9-8FD4-28D083A56103}.Debug|Any CPU.Build.0 = Debug|Any CPU
		{5D239CC8-E2E5-48E9-8FD4-28D083A56103}.Release|Any CPU.ActiveCfg = Release|Any CPU
		{5D239CC8-E2E5-48E9-8FD4-28D083A56103}.Release|Any CPU.Build.0 = Release|Any CPU
		{A3836972-D0BC-417D-B5B4-35996C6E5211}.Debug|Any CPU.ActiveCfg = Debug|Any CPU
		{A3836972-D0BC-417D-B5B4-35996C6E5211}.Debug|Any CPU.Build.0 = Debug|Any CPU
		{A3836972-D0BC-417D-B5B4-35996C6E5211}.Release|Any CPU.ActiveCfg = Release|Any CPU
		{A3836972-D0BC-417D-B5B4-35996C6E5211}.Release|Any CPU.Build.0 = Release|Any CPU
		{1AB13760-E339-46D0-A9BD-5254E6E29114}.Debug|Any CPU.ActiveCfg = Debug|Any CPU
		{1AB13760-E339-46D0-A9BD-5254E6E29114}.Debug|Any CPU.Build.0 = Debug|Any CPU
		{1AB13760-E339-46D0-A9BD-5254E6E29114}.Release|Any CPU.ActiveCfg = Release|Any CPU
		{1AB13760-E339-46D0-A9BD-5254E6E29114}.Release|Any CPU.Build.0 = Release|Any CPU
		{879F1D84-0BB2-4891-9703-69B9330CA655}.Debug|Any CPU.ActiveCfg = Debug|Any CPU
		{879F1D84-0BB2-4891-9703-69B9330CA655}.Debug|Any CPU.Build.0 = Debug|Any CPU
		{879F1D84-0BB2-4891-9703-69B9330CA655}.Release|Any CPU.ActiveCfg = Release|Any CPU
		{879F1D84-0BB2-4891-9703-69B9330CA655}.Release|Any CPU.Build.0 = Release|Any CPU
		{DD27DBE9-E02A-47C1-AB6F-69DAC0640021}.Debug|Any CPU.ActiveCfg = Debug|Any CPU
		{DD27DBE9-E02A-47C1-AB6F-69DAC0640021}.Debug|Any CPU.Build.0 = Debug|Any CPU
		{DD27DBE9-E02A-47C1-AB6F-69DAC0640021}.Release|Any CPU.ActiveCfg = Release|Any CPU
		{DD27DBE9-E02A-47C1-AB6F-69DAC0640021}.Release|Any CPU.Build.0 = Release|Any CPU
		{F92CAF65-5ACD-4D67-9B3E-005AA53997D7}.Debug|Any CPU.ActiveCfg = Debug|Any CPU
		{F92CAF65-5ACD-4D67-9B3E-005AA53997D7}.Debug|Any CPU.Build.0 = Debug|Any CPU
		{F92CAF65-5ACD-4D67-9B3E-005AA53997D7}.Release|Any CPU.ActiveCfg = Release|Any CPU
		{F92CAF65-5ACD-4D67-9B3E-005AA53997D7}.Release|Any CPU.Build.0 = Release|Any CPU
		{25CF9346-BD08-44FA-AC60-C67EC53059B7}.Debug|Any CPU.ActiveCfg = Debug|Any CPU
		{25CF9346-BD08-44FA-AC60-C67EC53059B7}.Debug|Any CPU.Build.0 = Debug|Any CPU
		{25CF9346-BD08-44FA-AC60-C67EC53059B7}.Release|Any CPU.ActiveCfg = Release|Any CPU
		{25CF9346-BD08-44FA-AC60-C67EC53059B7}.Release|Any CPU.Build.0 = Release|Any CPU
		{3C0DFF3C-7AC7-4644-AF17-743DA0D155C8}.Debug|Any CPU.ActiveCfg = Debug|Any CPU
		{3C0DFF3C-7AC7-4644-AF17-743DA0D155C8}.Debug|Any CPU.Build.0 = Debug|Any CPU
		{3C0DFF3C-7AC7-4644-AF17-743DA0D155C8}.Release|Any CPU.ActiveCfg = Release|Any CPU
		{3C0DFF3C-7AC7-4644-AF17-743DA0D155C8}.Release|Any CPU.Build.0 = Release|Any CPU
	EndGlobalSection
	GlobalSection(SolutionProperties) = preSolution
		HideSolutionNode = FALSE
	EndGlobalSection
	GlobalSection(NestedProjects) = preSolution
		{4E6E0A94-2AB8-4D45-9D5E-C27F4A114895} = {060053A3-57F1-4605-BD93-D904DBE695C0}
		{355C95F6-9432-4FDB-8EA0-AE7C5B8A2E90} = {F9017BDB-10D5-44DE-A0AA-69690AD711C4}
		{197A962B-F715-4217-A3E6-6CE524C63204} = {6F334A25-5C00-4584-BE8B-24504BDCFD61}
		{A5915E6E-B044-4F74-A33C-767761A2323E} = {CBF23952-115D-457F-865B-30439720337D}
		{52DEB38C-58BA-421E-B09F-D830439F901E} = {3A636E0D-2FC6-417B-8C28-C068DD352540}
		{A15FA36B-2763-4A47-9BE7-34F6ECCC73BE} = {E3FBFFD3-F86B-4162-9DA5-C49D36106E0C}
		{EC063314-7721-43E9-9DEB-29E7B40699B5} = {F57A12E9-E18C-4E68-B451-C21E44ACABD2}
		{55774E62-7BE8-420E-97B3-79B2FC490FF7} = {D04A6FB7-3934-4ED5-A9AB-07168BB75BD8}
		{7AB2A603-9948-4D83-A030-4E5DC1F7DDD9} = {AFFF314B-5B42-4F93-B720-FB30CB8DCAD1}
		{4A3922C8-3958-4807-90C9-F03AC1E96E25} = {714AE8CB-FF64-4F71-A50A-E60A09167A03}
		{F9017BDB-10D5-44DE-A0AA-69690AD711C4} = {4E6E0A94-2AB8-4D45-9D5E-C27F4A114895}
		{6F334A25-5C00-4584-BE8B-24504BDCFD61} = {4E6E0A94-2AB8-4D45-9D5E-C27F4A114895}
		{CBF23952-115D-457F-865B-30439720337D} = {4E6E0A94-2AB8-4D45-9D5E-C27F4A114895}
		{3A636E0D-2FC6-417B-8C28-C068DD352540} = {4E6E0A94-2AB8-4D45-9D5E-C27F4A114895}
		{E3FBFFD3-F86B-4162-9DA5-C49D36106E0C} = {4E6E0A94-2AB8-4D45-9D5E-C27F4A114895}
		{F57A12E9-E18C-4E68-B451-C21E44ACABD2} = {4E6E0A94-2AB8-4D45-9D5E-C27F4A114895}
		{D04A6FB7-3934-4ED5-A9AB-07168BB75BD8} = {4E6E0A94-2AB8-4D45-9D5E-C27F4A114895}
		{AFFF314B-5B42-4F93-B720-FB30CB8DCAD1} = {4E6E0A94-2AB8-4D45-9D5E-C27F4A114895}
		{714AE8CB-FF64-4F71-A50A-E60A09167A03} = {4E6E0A94-2AB8-4D45-9D5E-C27F4A114895}
		{59117AC9-0877-4AA6-A2C1-30F0E5474A4C} = {B09AB0A1-15E1-48A1-A8E3-8F689B53E8A6}
		{B09AB0A1-15E1-48A1-A8E3-8F689B53E8A6} = {586755FE-0457-434C-A592-95F449E37D4A}
		{2996CBC4-7C94-4D93-A23F-FFE3EF595C42} = {586755FE-0457-434C-A592-95F449E37D4A}
		{07476577-937E-4DB1-B9B3-C1C49A735475} = {2996CBC4-7C94-4D93-A23F-FFE3EF595C42}
		{5EFA5B1C-5250-4375-BAC0-DD45664177D3} = {586755FE-0457-434C-A592-95F449E37D4A}
		{D35AD652-D26D-479B-9D0D-3382B9D5643F} = {5EFA5B1C-5250-4375-BAC0-DD45664177D3}
		{541B08D5-43CB-48CB-975D-0353C4B180F1} = {586755FE-0457-434C-A592-95F449E37D4A}
		{D047C84A-9786-41FF-A4DF-300785F9316A} = {541B08D5-43CB-48CB-975D-0353C4B180F1}
		{953810CC-87B6-48C8-BD96-3AC1A1AA705B} = {586755FE-0457-434C-A592-95F449E37D4A}
		{CEC63A30-BB26-4492-A277-2AC9F901149D} = {953810CC-87B6-48C8-BD96-3AC1A1AA705B}
		{4BC9ECDD-A183-48DB-9685-C32CAF9A08F7} = {586755FE-0457-434C-A592-95F449E37D4A}
		{BAF3D284-DB37-420B-BDF6-B2B65A6D991F} = {BA8A4D78-0549-47AA-92CB-1040D9098E33}
		{7EEFA30B-F818-4F6D-AB15-6F4C17A8E07F} = {D93C7C3B-CA20-482A-89F4-4378291F6334}
		{E34C3D86-7C37-4F35-A322-F9B7A9846895} = {D93C7C3B-CA20-482A-89F4-4378291F6334}
		{14B86A8F-481A-4FEE-9A81-794AF84DEDD8} = {7EEFA30B-F818-4F6D-AB15-6F4C17A8E07F}
		{5D239CC8-E2E5-48E9-8FD4-28D083A56103} = {E34C3D86-7C37-4F35-A322-F9B7A9846895}
		{A3836972-D0BC-417D-B5B4-35996C6E5211} = {FBE9A05E-8E2D-458D-9577-8C61F7E0EC87}
		{1AB13760-E339-46D0-A9BD-5254E6E29114} = {1139512E-D3F1-4606-A62E-86043861D38A}
		{346FA807-8933-42AB-9A22-C7CC5D5DA502} = {060053A3-57F1-4605-BD93-D904DBE695C0}
		{879F1D84-0BB2-4891-9703-69B9330CA655} = {90BA49BA-8413-4926-AD51-F7A2A6792346}
		{DD27DBE9-E02A-47C1-AB6F-69DAC0640021} = {2EEA4B01-BED6-41FD-86DE-6BA2EFFE065D}
		{02EA681E-C7D8-13C7-8484-4AC65E1B71E8} = {060053A3-57F1-4605-BD93-D904DBE695C0}
		{F92CAF65-5ACD-4D67-9B3E-005AA53997D7} = {02EA681E-C7D8-13C7-8484-4AC65E1B71E8}
		{25CF9346-BD08-44FA-AC60-C67EC53059B7} = {97EBD46C-4747-40EE-BAC6-496BB11280A3}
		{3C0DFF3C-7AC7-4644-AF17-743DA0D155C8} = {15E90B0E-5F31-4080-9E10-733AFDC50BC9}
	EndGlobalSection
	GlobalSection(ExtensibilityGlobals) = postSolution
		SolutionGuid = {945CCE19-7FF0-47F2-8DA1-CE436BB7D010}
	EndGlobalSection
EndGlobal
