
Microsoft Visual Studio Solution File, Format Version 12.00
# Visual Studio Version 17
VisualStudioVersion = 17.8.34601.278
MinimumVisualStudioVersion = 10.0.40219.1
Project("{2150E333-8FDC-42A3-9474-1A3956D46DE8}") = "《C#码农笔记》", "《C#码农笔记》", "{4E6E0A94-2AB8-4D45-9D5E-C27F4A114895}"
	ProjectSection(SolutionItems) = preProject
		Book\csharp_mnbj\README.md = Book\csharp_mnbj\README.md
	EndProjectSection
EndProject
Project("{FAE04EC0-301F-11D3-BF4B-00C04F79EFBC}") = "S12_3", "Book\csharp_mnbj\WpfApp\S12_3\S12_3.csproj", "{355C95F6-9432-4FDB-8EA0-AE7C5B8A2E90}"
EndProject
Project("{FAE04EC0-301F-11D3-BF4B-00C04F79EFBC}") = "S12_4", "Book\csharp_mnbj\WpfApp\S12_4\S12_4.csproj", "{197A962B-F715-4217-A3E6-6CE524C63204}"
EndProject
Project("{FAE04EC0-301F-11D3-BF4B-00C04F79EFBC}") = "S12_5", "Book\csharp_mnbj\WpfApp\S12_5\S12_5.csproj", "{A5915E6E-B044-4F74-A33C-767761A2323E}"
EndProject
Project("{FAE04EC0-301F-11D3-BF4B-00C04F79EFBC}") = "S12_6", "Book\csharp_mnbj\WpfApp\S12_6\S12_6.csproj", "{52DEB38C-58BA-421E-B09F-D830439F901E}"
EndProject
Project("{FAE04EC0-301F-11D3-BF4B-00C04F79EFBC}") = "S12_7", "Book\csharp_mnbj\WpfApp\S12_7\S12_7.csproj", "{A15FA36B-2763-4A47-9BE7-34F6ECCC73BE}"
EndProject
Project("{FAE04EC0-301F-11D3-BF4B-00C04F79EFBC}") = "S12_8", "Book\csharp_mnbj\WpfApp\S12_8\S12_8.csproj", "{EC063314-7721-43E9-9DEB-29E7B40699B5}"
EndProject
Project("{FAE04EC0-301F-11D3-BF4B-00C04F79EFBC}") = "S12_9", "Book\csharp_mnbj\WpfApp\S12_9\S12_9.csproj", "{55774E62-7BE8-420E-97B3-79B2FC490FF7}"
EndProject
Project("{FAE04EC0-301F-11D3-BF4B-00C04F79EFBC}") = "S12_10", "Book\csharp_mnbj\WpfApp\S12_10\S12_10.csproj", "{7AB2A603-9948-4D83-A030-4E5DC1F7DDD9}"
EndProject
Project("{FAE04EC0-301F-11D3-BF4B-00C04F79EFBC}") = "S12_11", "Book\csharp_mnbj\WpfApp\S12_11\S12_11.csproj", "{4A3922C8-3958-4807-90C9-F03AC1E96E25}"
EndProject
Global
	GlobalSection(SolutionConfigurationPlatforms) = preSolution
		Debug|Any CPU = Debug|Any CPU
		Release|Any CPU = Release|Any CPU
	EndGlobalSection
	GlobalSection(ProjectConfigurationPlatforms) = postSolution
		{355C95F6-9432-4FDB-8EA0-AE7C5B8A2E90}.Debug|Any CPU.ActiveCfg = Debug|Any CPU
		{355C95F6-9432-4FDB-8EA0-AE7C5B8A2E90}.Debug|Any CPU.Build.0 = Debug|Any CPU
		{355C95F6-9432-4FDB-8EA0-AE7C5B8A2E90}.Release|Any CPU.ActiveCfg = Release|Any CPU
		{355C95F6-9432-4FDB-8EA0-AE7C5B8A2E90}.Release|Any CPU.Build.0 = Release|Any CPU
		{197A962B-F715-4217-A3E6-6CE524C63204}.Debug|Any CPU.ActiveCfg = Debug|Any CPU
		{197A962B-F715-4217-A3E6-6CE524C63204}.Debug|Any CPU.Build.0 = Debug|Any CPU
		{197A962B-F715-4217-A3E6-6CE524C63204}.Release|Any CPU.ActiveCfg = Release|Any CPU
		{197A962B-F715-4217-A3E6-6CE524C63204}.Release|Any CPU.Build.0 = Release|Any CPU
		{A5915E6E-B044-4F74-A33C-767761A2323E}.Debug|Any CPU.ActiveCfg = Debug|Any CPU
		{A5915E6E-B044-4F74-A33C-767761A2323E}.Debug|Any CPU.Build.0 = Debug|Any CPU
		{A5915E6E-B044-4F74-A33C-767761A2323E}.Release|Any CPU.ActiveCfg = Release|Any CPU
		{A5915E6E-B044-4F74-A33C-767761A2323E}.Release|Any CPU.Build.0 = Release|Any CPU
		{52DEB38C-58BA-421E-B09F-D830439F901E}.Debug|Any CPU.ActiveCfg = Debug|Any CPU
		{52DEB38C-58BA-421E-B09F-D830439F901E}.Debug|Any CPU.Build.0 = Debug|Any CPU
		{52DEB38C-58BA-421E-B09F-D830439F901E}.Release|Any CPU.ActiveCfg = Release|Any CPU
		{52DEB38C-58BA-421E-B09F-D830439F901E}.Release|Any CPU.Build.0 = Release|Any CPU
		{A15FA36B-2763-4A47-9BE7-34F6ECCC73BE}.Debug|Any CPU.ActiveCfg = Debug|Any CPU
		{A15FA36B-2763-4A47-9BE7-34F6ECCC73BE}.Debug|Any CPU.Build.0 = Debug|Any CPU
		{A15FA36B-2763-4A47-9BE7-34F6ECCC73BE}.Release|Any CPU.ActiveCfg = Release|Any CPU
		{A15FA36B-2763-4A47-9BE7-34F6ECCC73BE}.Release|Any CPU.Build.0 = Release|Any CPU
		{EC063314-7721-43E9-9DEB-29E7B40699B5}.Debug|Any CPU.ActiveCfg = Debug|Any CPU
		{EC063314-7721-43E9-9DEB-29E7B40699B5}.Debug|Any CPU.Build.0 = Debug|Any CPU
		{EC063314-7721-43E9-9DEB-29E7B40699B5}.Release|Any CPU.ActiveCfg = Release|Any CPU
		{EC063314-7721-43E9-9DEB-29E7B40699B5}.Release|Any CPU.Build.0 = Release|Any CPU
		{55774E62-7BE8-420E-97B3-79B2FC490FF7}.Debug|Any CPU.ActiveCfg = Debug|Any CPU
		{55774E62-7BE8-420E-97B3-79B2FC490FF7}.Debug|Any CPU.Build.0 = Debug|Any CPU
		{55774E62-7BE8-420E-97B3-79B2FC490FF7}.Release|Any CPU.ActiveCfg = Release|Any CPU
		{55774E62-7BE8-420E-97B3-79B2FC490FF7}.Release|Any CPU.Build.0 = Release|Any CPU
		{7AB2A603-9948-4D83-A030-4E5DC1F7DDD9}.Debug|Any CPU.ActiveCfg = Debug|Any CPU
		{7AB2A603-9948-4D83-A030-4E5DC1F7DDD9}.Debug|Any CPU.Build.0 = Debug|Any CPU
		{7AB2A603-9948-4D83-A030-4E5DC1F7DDD9}.Release|Any CPU.ActiveCfg = Release|Any CPU
		{7AB2A603-9948-4D83-A030-4E5DC1F7DDD9}.Release|Any CPU.Build.0 = Release|Any CPU
		{4A3922C8-3958-4807-90C9-F03AC1E96E25}.Debug|Any CPU.ActiveCfg = Debug|Any CPU
		{4A3922C8-3958-4807-90C9-F03AC1E96E25}.Debug|Any CPU.Build.0 = Debug|Any CPU
		{4A3922C8-3958-4807-90C9-F03AC1E96E25}.Release|Any CPU.ActiveCfg = Release|Any CPU
		{4A3922C8-3958-4807-90C9-F03AC1E96E25}.Release|Any CPU.Build.0 = Release|Any CPU
	EndGlobalSection
	GlobalSection(SolutionProperties) = preSolution
		HideSolutionNode = FALSE
	EndGlobalSection
	GlobalSection(NestedProjects) = preSolution
		{355C95F6-9432-4FDB-8EA0-AE7C5B8A2E90} = {4E6E0A94-2AB8-4D45-9D5E-C27F4A114895}
		{197A962B-F715-4217-A3E6-6CE524C63204} = {4E6E0A94-2AB8-4D45-9D5E-C27F4A114895}
		{A5915E6E-B044-4F74-A33C-767761A2323E} = {4E6E0A94-2AB8-4D45-9D5E-C27F4A114895}
		{52DEB38C-58BA-421E-B09F-D830439F901E} = {4E6E0A94-2AB8-4D45-9D5E-C27F4A114895}
		{A15FA36B-2763-4A47-9BE7-34F6ECCC73BE} = {4E6E0A94-2AB8-4D45-9D5E-C27F4A114895}
		{EC063314-7721-43E9-9DEB-29E7B40699B5} = {4E6E0A94-2AB8-4D45-9D5E-C27F4A114895}
		{55774E62-7BE8-420E-97B3-79B2FC490FF7} = {4E6E0A94-2AB8-4D45-9D5E-C27F4A114895}
		{7AB2A603-9948-4D83-A030-4E5DC1F7DDD9} = {4E6E0A94-2AB8-4D45-9D5E-C27F4A114895}
		{4A3922C8-3958-4807-90C9-F03AC1E96E25} = {4E6E0A94-2AB8-4D45-9D5E-C27F4A114895}
	EndGlobalSection
	GlobalSection(ExtensibilityGlobals) = postSolution
		SolutionGuid = {945CCE19-7FF0-47F2-8DA1-CE436BB7D010}
	EndGlobalSection
EndGlobal
