
Microsoft Visual Studio Solution File, Format Version 12.00
# Visual Studio Version 17
VisualStudioVersion = 17.8.34601.278
MinimumVisualStudioVersion = 10.0.40219.1
Project("{2150E333-8FDC-42A3-9474-1A3956D46DE8}") = "《C#码农笔记》", "《C#码农笔记》", "{4E6E0A94-2AB8-4D45-9D5E-C27F4A114895}"
	ProjectSection(SolutionItems) = preProject
		Book\csharp_mnbj\README.md = Book\csharp_mnbj\README.md
	EndProjectSection
EndProject
Project("{FAE04EC0-301F-11D3-BF4B-00C04F79EFBC}") = "S12_3", "Book\csharp_mnbj\WpfApp\S12_3\S12_3.csproj", "{355C95F6-9432-4FDB-8EA0-AE7C5B8A2E90}"
EndProject
Project("{FAE04EC0-301F-11D3-BF4B-00C04F79EFBC}") = "S12_4", "Book\csharp_mnbj\WpfApp\S12_4\S12_4.csproj", "{197A962B-F715-4217-A3E6-6CE524C63204}"
EndProject
Project("{FAE04EC0-301F-11D3-BF4B-00C04F79EFBC}") = "S12_5", "Book\csharp_mnbj\WpfApp\S12_5\S12_5.csproj", "{A5915E6E-B044-4F74-A33C-767761A2323E}"
EndProject
Project("{FAE04EC0-301F-11D3-BF4B-00C04F79EFBC}") = "S12_6", "Book\csharp_mnbj\WpfApp\S12_6\S12_6.csproj", "{52DEB38C-58BA-421E-B09F-D830439F901E}"
EndProject
Project("{FAE04EC0-301F-11D3-BF4B-00C04F79EFBC}") = "S12_7", "Book\csharp_mnbj\WpfApp\S12_7\S12_7.csproj", "{A15FA36B-2763-4A47-9BE7-34F6ECCC73BE}"
EndProject
Project("{FAE04EC0-301F-11D3-BF4B-00C04F79EFBC}") = "S12_8", "Book\csharp_mnbj\WpfApp\S12_8\S12_8.csproj", "{EC063314-7721-43E9-9DEB-29E7B40699B5}"
EndProject
Project("{FAE04EC0-301F-11D3-BF4B-00C04F79EFBC}") = "S12_9", "Book\csharp_mnbj\WpfApp\S12_9\S12_9.csproj", "{55774E62-7BE8-420E-97B3-79B2FC490FF7}"
EndProject
Project("{FAE04EC0-301F-11D3-BF4B-00C04F79EFBC}") = "S12_10", "Book\csharp_mnbj\WpfApp\S12_10\S12_10.csproj", "{7AB2A603-9948-4D83-A030-4E5DC1F7DDD9}"
EndProject
Project("{FAE04EC0-301F-11D3-BF4B-00C04F79EFBC}") = "S12_11", "Book\csharp_mnbj\WpfApp\S12_11\S12_11.csproj", "{4A3922C8-3958-4807-90C9-F03AC1E96E25}"
EndProject
Project("{2150E333-8FDC-42A3-9474-1A3956D46DE8}") = "1. 依赖项属性", "1. 依赖项属性", "{F9017BDB-10D5-44DE-A0AA-69690AD711C4}"
EndProject
Project("{2150E333-8FDC-42A3-9474-1A3956D46DE8}") = "2. 路由事件", "2. 路由事件", "{6F334A25-5C00-4584-BE8B-24504BDCFD61}"
EndProject
Project("{2150E333-8FDC-42A3-9474-1A3956D46DE8}") = "3. 控件", "3. 控件", "{CBF23952-115D-457F-865B-30439720337D}"
EndProject
Project("{2150E333-8FDC-42A3-9474-1A3956D46DE8}") = "4. 数据绑定与视图呈现", "4. 数据绑定与视图呈现", "{3A636E0D-2FC6-417B-8C28-C068DD352540}"
EndProject
Project("{2150E333-8FDC-42A3-9474-1A3956D46DE8}") = "5. 布局", "5. 布局", "{E3FBFFD3-F86B-4162-9DA5-C49D36106E0C}"
EndProject
Project("{2150E333-8FDC-42A3-9474-1A3956D46DE8}") = "6. 用户控件与自定义控件", "6. 用户控件与自定义控件", "{F57A12E9-E18C-4E68-B451-C21E44ACABD2}"
EndProject
Project("{2150E333-8FDC-42A3-9474-1A3956D46DE8}") = "7. 样式与资源", "7. 样式与资源", "{D04A6FB7-3934-4ED5-A9AB-07168BB75BD8}"
EndProject
Project("{2150E333-8FDC-42A3-9474-1A3956D46DE8}") = "8. 图形", "8. 图形", "{AFFF314B-5B42-4F93-B720-FB30CB8DCAD1}"
EndProject
Project("{2150E333-8FDC-42A3-9474-1A3956D46DE8}") = "9. 动画", "9. 动画", "{714AE8CB-FF64-4F71-A50A-E60A09167A03}"
EndProject
Project("{2150E333-8FDC-42A3-9474-1A3956D46DE8}") = "书籍代码积累", "书籍代码积累", "{060053A3-57F1-4605-BD93-D904DBE695C0}"
EndProject
Global
	GlobalSection(SolutionConfigurationPlatforms) = preSolution
		Debug|Any CPU = Debug|Any CPU
		Release|Any CPU = Release|Any CPU
	EndGlobalSection
	GlobalSection(ProjectConfigurationPlatforms) = postSolution
		{355C95F6-9432-4FDB-8EA0-AE7C5B8A2E90}.Debug|Any CPU.ActiveCfg = Debug|Any CPU
		{355C95F6-9432-4FDB-8EA0-AE7C5B8A2E90}.Debug|Any CPU.Build.0 = Debug|Any CPU
		{355C95F6-9432-4FDB-8EA0-AE7C5B8A2E90}.Release|Any CPU.ActiveCfg = Release|Any CPU
		{355C95F6-9432-4FDB-8EA0-AE7C5B8A2E90}.Release|Any CPU.Build.0 = Release|Any CPU
		{197A962B-F715-4217-A3E6-6CE524C63204}.Debug|Any CPU.ActiveCfg = Debug|Any CPU
		{197A962B-F715-4217-A3E6-6CE524C63204}.Debug|Any CPU.Build.0 = Debug|Any CPU
		{197A962B-F715-4217-A3E6-6CE524C63204}.Release|Any CPU.ActiveCfg = Release|Any CPU
		{197A962B-F715-4217-A3E6-6CE524C63204}.Release|Any CPU.Build.0 = Release|Any CPU
		{A5915E6E-B044-4F74-A33C-767761A2323E}.Debug|Any CPU.ActiveCfg = Debug|Any CPU
		{A5915E6E-B044-4F74-A33C-767761A2323E}.Debug|Any CPU.Build.0 = Debug|Any CPU
		{A5915E6E-B044-4F74-A33C-767761A2323E}.Release|Any CPU.ActiveCfg = Release|Any CPU
		{A5915E6E-B044-4F74-A33C-767761A2323E}.Release|Any CPU.Build.0 = Release|Any CPU
		{52DEB38C-58BA-421E-B09F-D830439F901E}.Debug|Any CPU.ActiveCfg = Debug|Any CPU
		{52DEB38C-58BA-421E-B09F-D830439F901E}.Debug|Any CPU.Build.0 = Debug|Any CPU
		{52DEB38C-58BA-421E-B09F-D830439F901E}.Release|Any CPU.ActiveCfg = Release|Any CPU
		{52DEB38C-58BA-421E-B09F-D830439F901E}.Release|Any CPU.Build.0 = Release|Any CPU
		{A15FA36B-2763-4A47-9BE7-34F6ECCC73BE}.Debug|Any CPU.ActiveCfg = Debug|Any CPU
		{A15FA36B-2763-4A47-9BE7-34F6ECCC73BE}.Debug|Any CPU.Build.0 = Debug|Any CPU
		{A15FA36B-2763-4A47-9BE7-34F6ECCC73BE}.Release|Any CPU.ActiveCfg = Release|Any CPU
		{A15FA36B-2763-4A47-9BE7-34F6ECCC73BE}.Release|Any CPU.Build.0 = Release|Any CPU
		{EC063314-7721-43E9-9DEB-29E7B40699B5}.Debug|Any CPU.ActiveCfg = Debug|Any CPU
		{EC063314-7721-43E9-9DEB-29E7B40699B5}.Debug|Any CPU.Build.0 = Debug|Any CPU
		{EC063314-7721-43E9-9DEB-29E7B40699B5}.Release|Any CPU.ActiveCfg = Release|Any CPU
		{EC063314-7721-43E9-9DEB-29E7B40699B5}.Release|Any CPU.Build.0 = Release|Any CPU
		{55774E62-7BE8-420E-97B3-79B2FC490FF7}.Debug|Any CPU.ActiveCfg = Debug|Any CPU
		{55774E62-7BE8-420E-97B3-79B2FC490FF7}.Debug|Any CPU.Build.0 = Debug|Any CPU
		{55774E62-7BE8-420E-97B3-79B2FC490FF7}.Release|Any CPU.ActiveCfg = Release|Any CPU
		{55774E62-7BE8-420E-97B3-79B2FC490FF7}.Release|Any CPU.Build.0 = Release|Any CPU
		{7AB2A603-9948-4D83-A030-4E5DC1F7DDD9}.Debug|Any CPU.ActiveCfg = Debug|Any CPU
		{7AB2A603-9948-4D83-A030-4E5DC1F7DDD9}.Debug|Any CPU.Build.0 = Debug|Any CPU
		{7AB2A603-9948-4D83-A030-4E5DC1F7DDD9}.Release|Any CPU.ActiveCfg = Release|Any CPU
		{7AB2A603-9948-4D83-A030-4E5DC1F7DDD9}.Release|Any CPU.Build.0 = Release|Any CPU
		{4A3922C8-3958-4807-90C9-F03AC1E96E25}.Debug|Any CPU.ActiveCfg = Debug|Any CPU
		{4A3922C8-3958-4807-90C9-F03AC1E96E25}.Debug|Any CPU.Build.0 = Debug|Any CPU
		{4A3922C8-3958-4807-90C9-F03AC1E96E25}.Release|Any CPU.ActiveCfg = Release|Any CPU
		{4A3922C8-3958-4807-90C9-F03AC1E96E25}.Release|Any CPU.Build.0 = Release|Any CPU
	EndGlobalSection
	GlobalSection(SolutionProperties) = preSolution
		HideSolutionNode = FALSE
	EndGlobalSection
	GlobalSection(NestedProjects) = preSolution
		{4E6E0A94-2AB8-4D45-9D5E-C27F4A114895} = {060053A3-57F1-4605-BD93-D904DBE695C0}
		{355C95F6-9432-4FDB-8EA0-AE7C5B8A2E90} = {F9017BDB-10D5-44DE-A0AA-69690AD711C4}
		{197A962B-F715-4217-A3E6-6CE524C63204} = {6F334A25-5C00-4584-BE8B-24504BDCFD61}
		{A5915E6E-B044-4F74-A33C-767761A2323E} = {CBF23952-115D-457F-865B-30439720337D}
		{52DEB38C-58BA-421E-B09F-D830439F901E} = {3A636E0D-2FC6-417B-8C28-C068DD352540}
		{A15FA36B-2763-4A47-9BE7-34F6ECCC73BE} = {E3FBFFD3-F86B-4162-9DA5-C49D36106E0C}
		{EC063314-7721-43E9-9DEB-29E7B40699B5} = {F57A12E9-E18C-4E68-B451-C21E44ACABD2}
		{55774E62-7BE8-420E-97B3-79B2FC490FF7} = {D04A6FB7-3934-4ED5-A9AB-07168BB75BD8}
		{7AB2A603-9948-4D83-A030-4E5DC1F7DDD9} = {AFFF314B-5B42-4F93-B720-FB30CB8DCAD1}
		{4A3922C8-3958-4807-90C9-F03AC1E96E25} = {714AE8CB-FF64-4F71-A50A-E60A09167A03}
		{F9017BDB-10D5-44DE-A0AA-69690AD711C4} = {4E6E0A94-2AB8-4D45-9D5E-C27F4A114895}
		{6F334A25-5C00-4584-BE8B-24504BDCFD61} = {4E6E0A94-2AB8-4D45-9D5E-C27F4A114895}
		{CBF23952-115D-457F-865B-30439720337D} = {4E6E0A94-2AB8-4D45-9D5E-C27F4A114895}
		{3A636E0D-2FC6-417B-8C28-C068DD352540} = {4E6E0A94-2AB8-4D45-9D5E-C27F4A114895}
		{E3FBFFD3-F86B-4162-9DA5-C49D36106E0C} = {4E6E0A94-2AB8-4D45-9D5E-C27F4A114895}
		{F57A12E9-E18C-4E68-B451-C21E44ACABD2} = {4E6E0A94-2AB8-4D45-9D5E-C27F4A114895}
		{D04A6FB7-3934-4ED5-A9AB-07168BB75BD8} = {4E6E0A94-2AB8-4D45-9D5E-C27F4A114895}
		{AFFF314B-5B42-4F93-B720-FB30CB8DCAD1} = {4E6E0A94-2AB8-4D45-9D5E-C27F4A114895}
		{714AE8CB-FF64-4F71-A50A-E60A09167A03} = {4E6E0A94-2AB8-4D45-9D5E-C27F4A114895}
	EndGlobalSection
	GlobalSection(ExtensibilityGlobals) = postSolution
		SolutionGuid = {945CCE19-7FF0-47F2-8DA1-CE436BB7D010}
	EndGlobalSection
EndGlobal
