
Microsoft Visual Studio Solution File, Format Version 12.00
# Visual Studio Version 16
VisualStudioVersion = 16.0.29009.5
MinimumVisualStudioVersion = 10.0.40219.1
Project("{2150E333-8FDC-42A3-9474-1A3956D46DE8}") = "第1章 Identity Server 4 准备", "第1章 Identity Server 4 准备", "{A25ABB4C-9441-44EE-A928-07C3496F1D6F}"
	ProjectSection(SolutionItems) = preProject
		Identity Server4 笔记.md = Identity Server4 笔记.md
	EndProjectSection
EndProject
Project("{2150E333-8FDC-42A3-9474-1A3956D46DE8}") = "第2章 Docker准备", "第2章 Docker准备", "{13CCF864-F8EE-4D1E-A1B2-F84265A2BF1A}"
EndProject
Project("{2150E333-8FDC-42A3-9474-1A3956D46DE8}") = "第3章 项目开发-用户服务", "第3章 项目开发-用户服务", "{3C0D6E04-945C-4917-BBCC-D9FDC1A12618}"
EndProject
Project("{2150E333-8FDC-42A3-9474-1A3956D46DE8}") = "第4章 项目开发-网关与认证", "第4章 项目开发-网关与认证", "{DF26F88C-0544-4523-BDDD-5C3A79B5C65B}"
EndProject
Project("{2150E333-8FDC-42A3-9474-1A3956D46DE8}") = "第5章 项目开发-通讯录服务", "第5章 项目开发-通讯录服务", "{62BB478F-1CA9-4E0C-8D63-EAEAF0B8A1E3}"
EndProject
Project("{2150E333-8FDC-42A3-9474-1A3956D46DE8}") = "第6章 项目开发-[项目][推荐]服务", "第6章 项目开发-[项目][推荐]服务", "{8987AFB9-0689-48DA-A385-68885AAADFF7}"
EndProject
Project("{2150E333-8FDC-42A3-9474-1A3956D46DE8}") = "第7章 微服务监控与部署", "第7章 微服务监控与部署", "{ED862876-18CC-4696-BB0B-03AC776D3AC0}"
EndProject
Project("{9A19103F-16F7-4668-BE54-9A1E7A4F7556}") = "IdentityServerCenter", "IdentityServerCenter\IdentityServerCenter.csproj", "{8716D57D-D691-4F20-BF94-82DC695A2663}"
EndProject
Project("{2150E333-8FDC-42A3-9474-1A3956D46DE8}") = "08 IdentityServer4登录中心", "08 IdentityServer4登录中心", "{DB88F249-501B-46A6-88C5-EC94245BE6DC}"
EndProject
Project("{9A19103F-16F7-4668-BE54-9A1E7A4F7556}") = "ClientCredentialApi", "ClientCredentialApi\ClientCredentialApi.csproj", "{94E37CF7-2350-4C54-BE5C-F7B0BFA72308}"
	ProjectSection(ProjectDependencies) = postProject
		{8716D57D-D691-4F20-BF94-82DC695A2663} = {8716D57D-D691-4F20-BF94-82DC695A2663}
	EndProjectSection
EndProject
Project("{2150E333-8FDC-42A3-9474-1A3956D46DE8}") = "09 客户端集成IdentityServer", "09 客户端集成IdentityServer", "{0F78FABD-4B96-4AC7-B089-389CFC647F2F}"
EndProject
Project("{2150E333-8FDC-42A3-9474-1A3956D46DE8}") = "10 第三方ClientCredential模式调用", "10 第三方ClientCredential模式调用", "{546BCB75-8C20-4E67-B987-F35F8B0C2914}"
EndProject
Project("{9A19103F-16F7-4668-BE54-9A1E7A4F7556}") = "ThirdPartyDemo", "ThirdPartyDemo\ThirdPartyDemo.csproj", "{F007EAA2-A9FA-4214-9A25-EAE45622940B}"
EndProject
Project("{2150E333-8FDC-42A3-9474-1A3956D46DE8}") = "12 oauth密码模式identity server4实现", "12 oauth密码模式identity server4实现", "{8E4B24B7-A8C0-4345-9B89-00B724E67CAD}"
EndProject
Project("{9A19103F-16F7-4668-BE54-9A1E7A4F7556}") = "PwdClient", "PwdClient\PwdClient.csproj", "{E1B4AE18-DD26-43AB-9106-BA0B81052DF2}"
EndProject
Project("{2150E333-8FDC-42A3-9474-1A3956D46DE8}") = "15 oauth2 + oidc 实现 server部分", "15 oauth2 + oidc 实现 server部分", "{A5E99A62-F70A-4FC5-8AF1-3FE651F5A8AE}"
EndProject
Project("{9A19103F-16F7-4668-BE54-9A1E7A4F7556}") = "MvcCookieAuthSample2", "MvcCookieAuthSample2\MvcCookieAuthSample2.csproj", "{0FAF28BE-EBC1-43A2-A241-F631075EBFD1}"
EndProject
Project("{FAE04EC0-301F-11D3-BF4B-00C04F79EFBC}") = "MvcClient", "MvcClient\MvcClient.csproj", "{9CE43068-FAB9-49D7-9DE7-53B3E97CE80C}"
EndProject
Global
	GlobalSection(SolutionConfigurationPlatforms) = preSolution
		Debug|Any CPU = Debug|Any CPU
		Release|Any CPU = Release|Any CPU
	EndGlobalSection
	GlobalSection(ProjectConfigurationPlatforms) = postSolution
		{8716D57D-D691-4F20-BF94-82DC695A2663}.Debug|Any CPU.ActiveCfg = Debug|Any CPU
		{8716D57D-D691-4F20-BF94-82DC695A2663}.Debug|Any CPU.Build.0 = Debug|Any CPU
		{8716D57D-D691-4F20-BF94-82DC695A2663}.Release|Any CPU.ActiveCfg = Release|Any CPU
		{8716D57D-D691-4F20-BF94-82DC695A2663}.Release|Any CPU.Build.0 = Release|Any CPU
		{94E37CF7-2350-4C54-BE5C-F7B0BFA72308}.Debug|Any CPU.ActiveCfg = Debug|Any CPU
		{94E37CF7-2350-4C54-BE5C-F7B0BFA72308}.Debug|Any CPU.Build.0 = Debug|Any CPU
		{94E37CF7-2350-4C54-BE5C-F7B0BFA72308}.Release|Any CPU.ActiveCfg = Release|Any CPU
		{94E37CF7-2350-4C54-BE5C-F7B0BFA72308}.Release|Any CPU.Build.0 = Release|Any CPU
		{F007EAA2-A9FA-4214-9A25-EAE45622940B}.Debug|Any CPU.ActiveCfg = Debug|Any CPU
		{F007EAA2-A9FA-4214-9A25-EAE45622940B}.Debug|Any CPU.Build.0 = Debug|Any CPU
		{F007EAA2-A9FA-4214-9A25-EAE45622940B}.Release|Any CPU.ActiveCfg = Release|Any CPU
		{F007EAA2-A9FA-4214-9A25-EAE45622940B}.Release|Any CPU.Build.0 = Release|Any CPU
		{E1B4AE18-DD26-43AB-9106-BA0B81052DF2}.Debug|Any CPU.ActiveCfg = Debug|Any CPU
		{E1B4AE18-DD26-43AB-9106-BA0B81052DF2}.Debug|Any CPU.Build.0 = Debug|Any CPU
		{E1B4AE18-DD26-43AB-9106-BA0B81052DF2}.Release|Any CPU.ActiveCfg = Release|Any CPU
		{E1B4AE18-DD26-43AB-9106-BA0B81052DF2}.Release|Any CPU.Build.0 = Release|Any CPU
		{0FAF28BE-EBC1-43A2-A241-F631075EBFD1}.Debug|Any CPU.ActiveCfg = Debug|Any CPU
		{0FAF28BE-EBC1-43A2-A241-F631075EBFD1}.Debug|Any CPU.Build.0 = Debug|Any CPU
		{0FAF28BE-EBC1-43A2-A241-F631075EBFD1}.Release|Any CPU.ActiveCfg = Release|Any CPU
		{0FAF28BE-EBC1-43A2-A241-F631075EBFD1}.Release|Any CPU.Build.0 = Release|Any CPU
		{9CE43068-FAB9-49D7-9DE7-53B3E97CE80C}.Debug|Any CPU.ActiveCfg = Debug|Any CPU
		{9CE43068-FAB9-49D7-9DE7-53B3E97CE80C}.Debug|Any CPU.Build.0 = Debug|Any CPU
		{9CE43068-FAB9-49D7-9DE7-53B3E97CE80C}.Release|Any CPU.ActiveCfg = Release|Any CPU
		{9CE43068-FAB9-49D7-9DE7-53B3E97CE80C}.Release|Any CPU.Build.0 = Release|Any CPU
	EndGlobalSection
	GlobalSection(SolutionProperties) = preSolution
		HideSolutionNode = FALSE
	EndGlobalSection
	GlobalSection(NestedProjects) = preSolution
		{8716D57D-D691-4F20-BF94-82DC695A2663} = {DB88F249-501B-46A6-88C5-EC94245BE6DC}
		{DB88F249-501B-46A6-88C5-EC94245BE6DC} = {A25ABB4C-9441-44EE-A928-07C3496F1D6F}
		{94E37CF7-2350-4C54-BE5C-F7B0BFA72308} = {0F78FABD-4B96-4AC7-B089-389CFC647F2F}
		{0F78FABD-4B96-4AC7-B089-389CFC647F2F} = {A25ABB4C-9441-44EE-A928-07C3496F1D6F}
		{546BCB75-8C20-4E67-B987-F35F8B0C2914} = {A25ABB4C-9441-44EE-A928-07C3496F1D6F}
		{F007EAA2-A9FA-4214-9A25-EAE45622940B} = {546BCB75-8C20-4E67-B987-F35F8B0C2914}
		{8E4B24B7-A8C0-4345-9B89-00B724E67CAD} = {A25ABB4C-9441-44EE-A928-07C3496F1D6F}
		{E1B4AE18-DD26-43AB-9106-BA0B81052DF2} = {8E4B24B7-A8C0-4345-9B89-00B724E67CAD}
		{A5E99A62-F70A-4FC5-8AF1-3FE651F5A8AE} = {A25ABB4C-9441-44EE-A928-07C3496F1D6F}
		{0FAF28BE-EBC1-43A2-A241-F631075EBFD1} = {A5E99A62-F70A-4FC5-8AF1-3FE651F5A8AE}
		{9CE43068-FAB9-49D7-9DE7-53B3E97CE80C} = {A5E99A62-F70A-4FC5-8AF1-3FE651F5A8AE}
	EndGlobalSection
	GlobalSection(ExtensibilityGlobals) = postSolution
		SolutionGuid = {BA35D3A3-A9A6-474A-BEC5-45DA1F7BD374}
	EndGlobalSection
EndGlobal
