
Microsoft Visual Studio Solution File, Format Version 12.00
# Visual Studio Version 17
VisualStudioVersion = 17.14.36310.24
MinimumVisualStudioVersion = 10.0.40219.1
Project("{FAE04EC0-301F-11D3-BF4B-00C04F79EFBC}") = "AY.WarehouseTHPro", "AY.WarehouseTHPro\AY.WarehouseTHPro.csproj", "{33AA289D-CB83-49F9-A897-710CA2EE1443}"
EndProject
Project("{FAE04EC0-301F-11D3-BF4B-00C04F79EFBC}") = "AY.WarehouseTH.BLL", "AY.WarehouseTH.BLL\AY.WarehouseTH.BLL.csproj", "{A7C0B238-9870-4D30-99C8-AE38AA7E09FA}"
EndProject
Project("{FAE04EC0-301F-11D3-BF4B-00C04F79EFBC}") = "AY.WarehouseTH.DAL", "AY.WarehouseTH.DAL\AY.WarehouseTH.DAL.csproj", "{951012EA-2602-4D80-A73C-67832926154E}"
EndProject
Project("{FAE04EC0-301F-11D3-BF4B-00C04F79EFBC}") = "AY.WarehouseTH.Entity", "AY.WarehouseTH.Entity\AY.WarehouseTH.Entity.csproj", "{A1420D39-A4BF-42BF-A69B-302AA4B94978}"
EndProject
Project("{FAE04EC0-301F-11D3-BF4B-00C04F79EFBC}") = "AY.Utils", "AY.Utils\AY.Utils.csproj", "{559E6A96-4368-4C81-9EAD-832CB109662C}"
EndProject
Project("{FAE04EC0-301F-11D3-BF4B-00C04F79EFBC}") = "xbd.ControlLib", "xbd.ControlLib\xbd.ControlLib.csproj", "{D95ED733-CF03-4636-A414-3882D3FA8CAB}"
EndProject
Project("{FAE04EC0-301F-11D3-BF4B-00C04F79EFBC}") = "AY.NodeSettings", "AY.NodeSettings\AY.NodeSettings.csproj", "{580FAEA8-017D-4FFB-A681-B457083A8EF2}"
EndProject
Project("{FAE04EC0-301F-11D3-BF4B-00C04F79EFBC}") = "xbd.DataConvertLib", "xbd.DataConvertLib\xbd.DataConvertLib.csproj", "{867237AD-51F4-4CA5-AD32-D68844CC9101}"
EndProject
Project("{FAE04EC0-301F-11D3-BF4B-00C04F79EFBC}") = "AY.CommunicationLib", "AY.CommunicationLib\AY.CommunicationLib.csproj", "{6E96F9B7-39F4-4F3D-B20E-83B9E0D22379}"
EndProject
Global
	GlobalSection(SolutionConfigurationPlatforms) = preSolution
		Debug|Any CPU = Debug|Any CPU
		Release|Any CPU = Release|Any CPU
	EndGlobalSection
	GlobalSection(ProjectConfigurationPlatforms) = postSolution
		{33AA289D-CB83-49F9-A897-710CA2EE1443}.Debug|Any CPU.ActiveCfg = Debug|Any CPU
		{33AA289D-CB83-49F9-A897-710CA2EE1443}.Debug|Any CPU.Build.0 = Debug|Any CPU
		{33AA289D-CB83-49F9-A897-710CA2EE1443}.Release|Any CPU.ActiveCfg = Release|Any CPU
		{33AA289D-CB83-49F9-A897-710CA2EE1443}.Release|Any CPU.Build.0 = Release|Any CPU
		{A7C0B238-9870-4D30-99C8-AE38AA7E09FA}.Debug|Any CPU.ActiveCfg = Debug|Any CPU
		{A7C0B238-9870-4D30-99C8-AE38AA7E09FA}.Debug|Any CPU.Build.0 = Debug|Any CPU
		{A7C0B238-9870-4D30-99C8-AE38AA7E09FA}.Release|Any CPU.ActiveCfg = Release|Any CPU
		{A7C0B238-9870-4D30-99C8-AE38AA7E09FA}.Release|Any CPU.Build.0 = Release|Any CPU
		{951012EA-2602-4D80-A73C-67832926154E}.Debug|Any CPU.ActiveCfg = Debug|Any CPU
		{951012EA-2602-4D80-A73C-67832926154E}.Debug|Any CPU.Build.0 = Debug|Any CPU
		{951012EA-2602-4D80-A73C-67832926154E}.Release|Any CPU.ActiveCfg = Release|Any CPU
		{951012EA-2602-4D80-A73C-67832926154E}.Release|Any CPU.Build.0 = Release|Any CPU
		{A1420D39-A4BF-42BF-A69B-302AA4B94978}.Debug|Any CPU.ActiveCfg = Debug|Any CPU
		{A1420D39-A4BF-42BF-A69B-302AA4B94978}.Debug|Any CPU.Build.0 = Debug|Any CPU
		{A1420D39-A4BF-42BF-A69B-302AA4B94978}.Release|Any CPU.ActiveCfg = Release|Any CPU
		{A1420D39-A4BF-42BF-A69B-302AA4B94978}.Release|Any CPU.Build.0 = Release|Any CPU
		{559E6A96-4368-4C81-9EAD-832CB109662C}.Debug|Any CPU.ActiveCfg = Debug|Any CPU
		{559E6A96-4368-4C81-9EAD-832CB109662C}.Debug|Any CPU.Build.0 = Debug|Any CPU
		{559E6A96-4368-4C81-9EAD-832CB109662C}.Release|Any CPU.ActiveCfg = Release|Any CPU
		{559E6A96-4368-4C81-9EAD-832CB109662C}.Release|Any CPU.Build.0 = Release|Any CPU
		{D95ED733-CF03-4636-A414-3882D3FA8CAB}.Debug|Any CPU.ActiveCfg = Debug|Any CPU
		{D95ED733-CF03-4636-A414-3882D3FA8CAB}.Debug|Any CPU.Build.0 = Debug|Any CPU
		{D95ED733-CF03-4636-A414-3882D3FA8CAB}.Release|Any CPU.ActiveCfg = Release|Any CPU
		{D95ED733-CF03-4636-A414-3882D3FA8CAB}.Release|Any CPU.Build.0 = Release|Any CPU
		{580FAEA8-017D-4FFB-A681-B457083A8EF2}.Debug|Any CPU.ActiveCfg = Debug|Any CPU
		{580FAEA8-017D-4FFB-A681-B457083A8EF2}.Debug|Any CPU.Build.0 = Debug|Any CPU
		{580FAEA8-017D-4FFB-A681-B457083A8EF2}.Release|Any CPU.ActiveCfg = Release|Any CPU
		{580FAEA8-017D-4FFB-A681-B457083A8EF2}.Release|Any CPU.Build.0 = Release|Any CPU
		{867237AD-51F4-4CA5-AD32-D68844CC9101}.Debug|Any CPU.ActiveCfg = Debug|Any CPU
		{867237AD-51F4-4CA5-AD32-D68844CC9101}.Debug|Any CPU.Build.0 = Debug|Any CPU
		{867237AD-51F4-4CA5-AD32-D68844CC9101}.Release|Any CPU.ActiveCfg = Release|Any CPU
		{867237AD-51F4-4CA5-AD32-D68844CC9101}.Release|Any CPU.Build.0 = Release|Any CPU
		{6E96F9B7-39F4-4F3D-B20E-83B9E0D22379}.Debug|Any CPU.ActiveCfg = Debug|Any CPU
		{6E96F9B7-39F4-4F3D-B20E-83B9E0D22379}.Debug|Any CPU.Build.0 = Debug|Any CPU
		{6E96F9B7-39F4-4F3D-B20E-83B9E0D22379}.Release|Any CPU.ActiveCfg = Release|Any CPU
		{6E96F9B7-39F4-4F3D-B20E-83B9E0D22379}.Release|Any CPU.Build.0 = Release|Any CPU
	EndGlobalSection
	GlobalSection(SolutionProperties) = preSolution
		HideSolutionNode = FALSE
	EndGlobalSection
	GlobalSection(ExtensibilityGlobals) = postSolution
		SolutionGuid = {655C2CF9-8038-4444-A2E7-39A6AE7788EB}
	EndGlobalSection
EndGlobal
