
Microsoft Visual Studio Solution File, Format Version 12.00
# Visual Studio Version 17
VisualStudioVersion = 17.9.34714.143
MinimumVisualStudioVersion = 10.0.40219.1
Project("{2150E333-8FDC-42A3-9474-1A3956D46DE8}") = "Tests", "Tests", "{3F6505BB-D343-4D7C-BA40-B7A55D2ECF64}"
EndProject
Project("{9A19103F-16F7-4668-BE54-9A1E7A4F7556}") = "PrismSample.FullApp.Modules.ModuleName.Tests", "PrismSample.FullApp\Tests\PrismSample.FullApp.Modules.ModuleName.Tests\PrismSample.FullApp.Modules.ModuleName.Tests.csproj", "{C417D8DC-0BBB-43CB-86C3-7B3646DACE86}"
EndProject
Project("{2150E333-8FDC-42A3-9474-1A3956D46DE8}") = "Modules", "Modules", "{611A39A3-645D-410F-8FA1-4E00116F7413}"
EndProject
Project("{9A19103F-16F7-4668-BE54-9A1E7A4F7556}") = "PrismSample.FullApp.Modules.ModuleName", "PrismSample.FullApp\Modules\PrismSample.FullApp.Modules.ModuleName\PrismSample.FullApp.Modules.ModuleName.csproj", "{5D682DC5-8FBF-4EDF-8402-7A539D3610D1}"
EndProject
Project("{2150E333-8FDC-42A3-9474-1A3956D46DE8}") = "Services", "Services", "{B3896056-8ECE-4B7D-B42F-54906537609B}"
EndProject
Project("{9A19103F-16F7-4668-BE54-9A1E7A4F7556}") = "PrismSample.FullApp.Services", "PrismSample.FullApp\Services\PrismSample.FullApp.Services\PrismSample.FullApp.Services.csproj", "{C9EE8122-11FC-467F-8A0D-C5D63FC76A38}"
EndProject
Project("{9A19103F-16F7-4668-BE54-9A1E7A4F7556}") = "PrismSample.FullApp.Services.Interfaces", "PrismSample.FullApp\Services\PrismSample.FullApp.Services.Interfaces\PrismSample.FullApp.Services.Interfaces.csproj", "{0DFC7CDA-C080-495A-9499-85F6CC5CA4A2}"
EndProject
Project("{9A19103F-16F7-4668-BE54-9A1E7A4F7556}") = "PrismSample.FullApp", "PrismSample.FullApp\PrismSample.FullApp\PrismSample.FullApp.csproj", "{50F2FB0C-BE79-4358-9E57-409F05F68C8A}"
EndProject
Project("{9A19103F-16F7-4668-BE54-9A1E7A4F7556}") = "PrismSample.FullApp.Core", "PrismSample.FullApp\PrismSample.FullApp.Core\PrismSample.FullApp.Core.csproj", "{9FCC0DF2-71DD-4882-979F-4B27E1805A3B}"
EndProject
Global
	GlobalSection(SolutionConfigurationPlatforms) = preSolution
		Debug|Any CPU = Debug|Any CPU
		Release|Any CPU = Release|Any CPU
	EndGlobalSection
	GlobalSection(ProjectConfigurationPlatforms) = postSolution
		{C417D8DC-0BBB-43CB-86C3-7B3646DACE86}.Debug|Any CPU.ActiveCfg = Debug|Any CPU
		{C417D8DC-0BBB-43CB-86C3-7B3646DACE86}.Debug|Any CPU.Build.0 = Debug|Any CPU
		{C417D8DC-0BBB-43CB-86C3-7B3646DACE86}.Release|Any CPU.ActiveCfg = Release|Any CPU
		{C417D8DC-0BBB-43CB-86C3-7B3646DACE86}.Release|Any CPU.Build.0 = Release|Any CPU
		{5D682DC5-8FBF-4EDF-8402-7A539D3610D1}.Debug|Any CPU.ActiveCfg = Debug|Any CPU
		{5D682DC5-8FBF-4EDF-8402-7A539D3610D1}.Debug|Any CPU.Build.0 = Debug|Any CPU
		{5D682DC5-8FBF-4EDF-8402-7A539D3610D1}.Release|Any CPU.ActiveCfg = Release|Any CPU
		{5D682DC5-8FBF-4EDF-8402-7A539D3610D1}.Release|Any CPU.Build.0 = Release|Any CPU
		{C9EE8122-11FC-467F-8A0D-C5D63FC76A38}.Debug|Any CPU.ActiveCfg = Debug|Any CPU
		{C9EE8122-11FC-467F-8A0D-C5D63FC76A38}.Debug|Any CPU.Build.0 = Debug|Any CPU
		{C9EE8122-11FC-467F-8A0D-C5D63FC76A38}.Release|Any CPU.ActiveCfg = Release|Any CPU
		{C9EE8122-11FC-467F-8A0D-C5D63FC76A38}.Release|Any CPU.Build.0 = Release|Any CPU
		{0DFC7CDA-C080-495A-9499-85F6CC5CA4A2}.Debug|Any CPU.ActiveCfg = Debug|Any CPU
		{0DFC7CDA-C080-495A-9499-85F6CC5CA4A2}.Debug|Any CPU.Build.0 = Debug|Any CPU
		{0DFC7CDA-C080-495A-9499-85F6CC5CA4A2}.Release|Any CPU.ActiveCfg = Release|Any CPU
		{0DFC7CDA-C080-495A-9499-85F6CC5CA4A2}.Release|Any CPU.Build.0 = Release|Any CPU
		{50F2FB0C-BE79-4358-9E57-409F05F68C8A}.Debug|Any CPU.ActiveCfg = Debug|Any CPU
		{50F2FB0C-BE79-4358-9E57-409F05F68C8A}.Debug|Any CPU.Build.0 = Debug|Any CPU
		{50F2FB0C-BE79-4358-9E57-409F05F68C8A}.Release|Any CPU.ActiveCfg = Release|Any CPU
		{50F2FB0C-BE79-4358-9E57-409F05F68C8A}.Release|Any CPU.Build.0 = Release|Any CPU
		{9FCC0DF2-71DD-4882-979F-4B27E1805A3B}.Debug|Any CPU.ActiveCfg = Debug|Any CPU
		{9FCC0DF2-71DD-4882-979F-4B27E1805A3B}.Debug|Any CPU.Build.0 = Debug|Any CPU
		{9FCC0DF2-71DD-4882-979F-4B27E1805A3B}.Release|Any CPU.ActiveCfg = Release|Any CPU
		{9FCC0DF2-71DD-4882-979F-4B27E1805A3B}.Release|Any CPU.Build.0 = Release|Any CPU
	EndGlobalSection
	GlobalSection(SolutionProperties) = preSolution
		HideSolutionNode = FALSE
	EndGlobalSection
	GlobalSection(NestedProjects) = preSolution
		{C417D8DC-0BBB-43CB-86C3-7B3646DACE86} = {3F6505BB-D343-4D7C-BA40-B7A55D2ECF64}
		{5D682DC5-8FBF-4EDF-8402-7A539D3610D1} = {611A39A3-645D-410F-8FA1-4E00116F7413}
		{C9EE8122-11FC-467F-8A0D-C5D63FC76A38} = {B3896056-8ECE-4B7D-B42F-54906537609B}
		{0DFC7CDA-C080-495A-9499-85F6CC5CA4A2} = {B3896056-8ECE-4B7D-B42F-54906537609B}
	EndGlobalSection
	GlobalSection(ExtensibilityGlobals) = postSolution
		SolutionGuid = {1C06C179-34D6-49BD-B1FB-09A22A4B2DF2}
	EndGlobalSection
EndGlobal
