
Microsoft Visual Studio Solution File, Format Version 12.00
# Visual Studio Version 16
VisualStudioVersion = 16.0.32106.194
MinimumVisualStudioVersion = 10.0.40219.1
Project("{FAE04EC0-301F-11D3-BF4B-00C04F79EFBC}") = "S02_Thread", "S02_Thread\S02_Thread.csproj", "{C5D06EF9-80EC-49DD-A516-ED50037CCABC}"
EndProject
Global
	GlobalSection(SolutionConfigurationPlatforms) = preSolution
		Debug|Any CPU = Debug|Any CPU
		Release|Any CPU = Release|Any CPU
	EndGlobalSection
	GlobalSection(ProjectConfigurationPlatforms) = postSolution
		{C5D06EF9-80EC-49DD-A516-ED50037CCABC}.Debug|Any CPU.ActiveCfg = Debug|Any CPU
		{C5D06EF9-80EC-49DD-A516-ED50037CCABC}.Debug|Any CPU.Build.0 = Debug|Any CPU
		{C5D06EF9-80EC-49DD-A516-ED50037CCABC}.Release|Any CPU.ActiveCfg = Release|Any CPU
		{C5D06EF9-80EC-49DD-A516-ED50037CCABC}.Release|Any CPU.Build.0 = Release|Any CPU
	EndGlobalSection
	GlobalSection(SolutionProperties) = preSolution
		HideSolutionNode = FALSE
	EndGlobalSection
	GlobalSection(ExtensibilityGlobals) = postSolution
		SolutionGuid = {BA97CDC1-98C3-432F-9BE1-DCAB96E084BC}
	EndGlobalSection
EndGlobal
