
Microsoft Visual Studio Solution File, Format Version 12.00
# Visual Studio Version 16
VisualStudioVersion = 16.0.32106.194
MinimumVisualStudioVersion = 10.0.40219.1
Project("{9A19103F-16F7-4668-BE54-9A1E7A4F7556}") = "S02_Thread", "S02_Thread\S02_Thread.csproj", "{C5D06EF9-80EC-49DD-A516-ED50037CCABC}"
EndProject
Project("{9A19103F-16F7-4668-BE54-9A1E7A4F7556}") = "S03_ThreadPool", "S03_ThreadPool\S03_ThreadPool.csproj", "{31E4D852-7EFA-4884-AB97-C695970C1424}"
EndProject
Project("{9A19103F-16F7-4668-BE54-9A1E7A4F7556}") = "S04_Task", "S04_Task\S04_Task.csproj", "{02FF9741-9C6D-4738-930D-ED01C3BFE13E}"
EndProject
Project("{9A19103F-16F7-4668-BE54-9A1E7A4F7556}") = "S05_TaskSharp", "S05_TaskSharp\S05_TaskSharp.csproj", "{296528E9-E933-4C5C-8248-A5A2AEF39BBC}"
EndProject
Project("{9A19103F-16F7-4668-BE54-9A1E7A4F7556}") = "S06_CTS", "S06_CTS\S06_CTS.csproj", "{983E5516-84DA-4FA2-A1B9-021ED0D3C34F}"
EndProject
Project("{9A19103F-16F7-4668-BE54-9A1E7A4F7556}") = "S07_TaskScheduler", "S07_TaskScheduler\S07_TaskScheduler.csproj", "{8C4ABDD9-AAC5-4FEF-82F3-CFC09FA5A217}"
EndProject
Project("{FAE04EC0-301F-11D3-BF4B-00C04F79EFBC}") = "S08_Parallel", "S08_Parallel\S08_Parallel.csproj", "{7CD03F8F-6EC6-4325-B928-3F13094E50D4}"
EndProject
Project("{FAE04EC0-301F-11D3-BF4B-00C04F79EFBC}") = "S09_APM_EAP", "S09_APM_EAP\S09_APM_EAP.csproj", "{46D61CDB-6B47-45B1-A200-4ACF4AEA92DB}"
EndProject
Project("{FAE04EC0-301F-11D3-BF4B-00C04F79EFBC}") = "S10_Async", "S10_Async\S10_Async.csproj", "{1FADA9C0-8A0F-46E4-9439-1BA224CFD94B}"
EndProject
Project("{FAE04EC0-301F-11D3-BF4B-00C04F79EFBC}") = "S11_AsyncPrinciple", "S11_AsyncPrinciple\S11_AsyncPrinciple.csproj", "{3165D5B2-8F35-4449-A06A-BF9705D7BC6D}"
EndProject
Global
	GlobalSection(SolutionConfigurationPlatforms) = preSolution
		Debug|Any CPU = Debug|Any CPU
		Release|Any CPU = Release|Any CPU
	EndGlobalSection
	GlobalSection(ProjectConfigurationPlatforms) = postSolution
		{C5D06EF9-80EC-49DD-A516-ED50037CCABC}.Debug|Any CPU.ActiveCfg = Debug|Any CPU
		{C5D06EF9-80EC-49DD-A516-ED50037CCABC}.Debug|Any CPU.Build.0 = Debug|Any CPU
		{C5D06EF9-80EC-49DD-A516-ED50037CCABC}.Release|Any CPU.ActiveCfg = Release|Any CPU
		{C5D06EF9-80EC-49DD-A516-ED50037CCABC}.Release|Any CPU.Build.0 = Release|Any CPU
		{31E4D852-7EFA-4884-AB97-C695970C1424}.Debug|Any CPU.ActiveCfg = Debug|Any CPU
		{31E4D852-7EFA-4884-AB97-C695970C1424}.Debug|Any CPU.Build.0 = Debug|Any CPU
		{31E4D852-7EFA-4884-AB97-C695970C1424}.Release|Any CPU.ActiveCfg = Release|Any CPU
		{31E4D852-7EFA-4884-AB97-C695970C1424}.Release|Any CPU.Build.0 = Release|Any CPU
		{02FF9741-9C6D-4738-930D-ED01C3BFE13E}.Debug|Any CPU.ActiveCfg = Debug|Any CPU
		{02FF9741-9C6D-4738-930D-ED01C3BFE13E}.Debug|Any CPU.Build.0 = Debug|Any CPU
		{02FF9741-9C6D-4738-930D-ED01C3BFE13E}.Release|Any CPU.ActiveCfg = Release|Any CPU
		{02FF9741-9C6D-4738-930D-ED01C3BFE13E}.Release|Any CPU.Build.0 = Release|Any CPU
		{296528E9-E933-4C5C-8248-A5A2AEF39BBC}.Debug|Any CPU.ActiveCfg = Debug|Any CPU
		{296528E9-E933-4C5C-8248-A5A2AEF39BBC}.Debug|Any CPU.Build.0 = Debug|Any CPU
		{296528E9-E933-4C5C-8248-A5A2AEF39BBC}.Release|Any CPU.ActiveCfg = Release|Any CPU
		{296528E9-E933-4C5C-8248-A5A2AEF39BBC}.Release|Any CPU.Build.0 = Release|Any CPU
		{983E5516-84DA-4FA2-A1B9-021ED0D3C34F}.Debug|Any CPU.ActiveCfg = Debug|Any CPU
		{983E5516-84DA-4FA2-A1B9-021ED0D3C34F}.Debug|Any CPU.Build.0 = Debug|Any CPU
		{983E5516-84DA-4FA2-A1B9-021ED0D3C34F}.Release|Any CPU.ActiveCfg = Release|Any CPU
		{983E5516-84DA-4FA2-A1B9-021ED0D3C34F}.Release|Any CPU.Build.0 = Release|Any CPU
		{8C4ABDD9-AAC5-4FEF-82F3-CFC09FA5A217}.Debug|Any CPU.ActiveCfg = Debug|Any CPU
		{8C4ABDD9-AAC5-4FEF-82F3-CFC09FA5A217}.Debug|Any CPU.Build.0 = Debug|Any CPU
		{8C4ABDD9-AAC5-4FEF-82F3-CFC09FA5A217}.Release|Any CPU.ActiveCfg = Release|Any CPU
		{8C4ABDD9-AAC5-4FEF-82F3-CFC09FA5A217}.Release|Any CPU.Build.0 = Release|Any CPU
		{7CD03F8F-6EC6-4325-B928-3F13094E50D4}.Debug|Any CPU.ActiveCfg = Debug|Any CPU
		{7CD03F8F-6EC6-4325-B928-3F13094E50D4}.Debug|Any CPU.Build.0 = Debug|Any CPU
		{7CD03F8F-6EC6-4325-B928-3F13094E50D4}.Release|Any CPU.ActiveCfg = Release|Any CPU
		{7CD03F8F-6EC6-4325-B928-3F13094E50D4}.Release|Any CPU.Build.0 = Release|Any CPU
		{46D61CDB-6B47-45B1-A200-4ACF4AEA92DB}.Debug|Any CPU.ActiveCfg = Debug|Any CPU
		{46D61CDB-6B47-45B1-A200-4ACF4AEA92DB}.Debug|Any CPU.Build.0 = Debug|Any CPU
		{46D61CDB-6B47-45B1-A200-4ACF4AEA92DB}.Release|Any CPU.ActiveCfg = Release|Any CPU
		{46D61CDB-6B47-45B1-A200-4ACF4AEA92DB}.Release|Any CPU.Build.0 = Release|Any CPU
		{1FADA9C0-8A0F-46E4-9439-1BA224CFD94B}.Debug|Any CPU.ActiveCfg = Debug|Any CPU
		{1FADA9C0-8A0F-46E4-9439-1BA224CFD94B}.Debug|Any CPU.Build.0 = Debug|Any CPU
		{1FADA9C0-8A0F-46E4-9439-1BA224CFD94B}.Release|Any CPU.ActiveCfg = Release|Any CPU
		{1FADA9C0-8A0F-46E4-9439-1BA224CFD94B}.Release|Any CPU.Build.0 = Release|Any CPU
		{3165D5B2-8F35-4449-A06A-BF9705D7BC6D}.Debug|Any CPU.ActiveCfg = Debug|Any CPU
		{3165D5B2-8F35-4449-A06A-BF9705D7BC6D}.Debug|Any CPU.Build.0 = Debug|Any CPU
		{3165D5B2-8F35-4449-A06A-BF9705D7BC6D}.Release|Any CPU.ActiveCfg = Release|Any CPU
		{3165D5B2-8F35-4449-A06A-BF9705D7BC6D}.Release|Any CPU.Build.0 = Release|Any CPU
	EndGlobalSection
	GlobalSection(SolutionProperties) = preSolution
		HideSolutionNode = FALSE
	EndGlobalSection
	GlobalSection(ExtensibilityGlobals) = postSolution
		SolutionGuid = {BA97CDC1-98C3-432F-9BE1-DCAB96E084BC}
	EndGlobalSection
EndGlobal
