
Microsoft Visual Studio Solution File, Format Version 12.00
# Visual Studio Version 17
VisualStudioVersion = 17.14.36429.23 d17.14
MinimumVisualStudioVersion = 10.0.40219.1
Project("{FAE04EC0-301F-11D3-BF4B-00C04F79EFBC}") = "PlaywrightSample01", "PlaywrightSample01\PlaywrightSample01.csproj", "{69428203-A130-4F10-8FC2-DE72784B56DC}"
EndProject
Global
	GlobalSection(SolutionConfigurationPlatforms) = preSolution
		Debug|Any CPU = Debug|Any CPU
		Release|Any CPU = Release|Any CPU
	EndGlobalSection
	GlobalSection(ProjectConfigurationPlatforms) = postSolution
		{69428203-A130-4F10-8FC2-DE72784B56DC}.Debug|Any CPU.ActiveCfg = Debug|Any CPU
		{69428203-A130-4F10-8FC2-DE72784B56DC}.Debug|Any CPU.Build.0 = Debug|Any CPU
		{69428203-A130-4F10-8FC2-DE72784B56DC}.Release|Any CPU.ActiveCfg = Release|Any CPU
		{69428203-A130-4F10-8FC2-DE72784B56DC}.Release|Any CPU.Build.0 = Release|Any CPU
	EndGlobalSection
	GlobalSection(SolutionProperties) = preSolution
		HideSolutionNode = FALSE
	EndGlobalSection
	GlobalSection(ExtensibilityGlobals) = postSolution
		SolutionGuid = {4E3DD3EE-EBED-4E15-A941-8822FDEF3872}
	EndGlobalSection
EndGlobal
